// !$*UTF8*$!
{
	archiveVersion = 1;
	classes = {
	};
	objectVersion = 56;
	objects = {

/* Begin PBXBuildFile section */
		2F8295D62AEC1C5500220402 /* AudioManager.swift in Sources */ = {isa = PBXBuildFile; fileRef = 2F8295D52AEC1C5500220402 /* AudioManager.swift */; };
		2FF694A12AE8B4740085393F /* RecordingManager.swift in Sources */ = {isa = PBXBuildFile; fileRef = 2FF694A02AE8B4740085393F /* RecordingManager.swift */; };
		2FF694A32AE8B8790085393F /* VoiceAudio.swift in Sources */ = {isa = PBXBuildFile; fileRef = 2FF694A22AE8B8790085393F /* VoiceAudio.swift */; };
		2FF694A72AE8C65D0085393F /* Date+Extension.swift in Sources */ = {isa = PBXBuildFile; fileRef = 2FF694A62AE8C65D0085393F /* Date+Extension.swift */; };
		3868C1592AE61C8E00E832B0 /* Quicksand-Bold.ttf in Resources */ = {isa = PBXBuildFile; fileRef = 3868C1542AE61C8E00E832B0 /* Quicksand-Bold.ttf */; };
		3868C15A2AE61C8E00E832B0 /* Quicksand-Medium.ttf in Resources */ = {isa = PBXBuildFile; fileRef = 3868C1552AE61C8E00E832B0 /* Quicksand-Medium.ttf */; };
		3868C15B2AE61C8E00E832B0 /* Quicksand-Regular.ttf in Resources */ = {isa = PBXBuildFile; fileRef = 3868C1562AE61C8E00E832B0 /* Quicksand-Regular.ttf */; };
		3868C15C2AE61C8E00E832B0 /* Quicksand-SemiBold.ttf in Resources */ = {isa = PBXBuildFile; fileRef = 3868C1572AE61C8E00E832B0 /* Quicksand-SemiBold.ttf */; };
		3868C15D2AE61C8E00E832B0 /* Quicksand-Light.ttf in Resources */ = {isa = PBXBuildFile; fileRef = 3868C1582AE61C8E00E832B0 /* Quicksand-Light.ttf */; };
		3868C15F2AE61ED100E832B0 /* ColorString.swift in Sources */ = {isa = PBXBuildFile; fileRef = 3868C15E2AE61ED100E832B0 /* ColorString.swift */; };
		3868C1612AE61FEF00E832B0 /* Color+Colors.swift in Sources */ = {isa = PBXBuildFile; fileRef = 3868C1602AE61FEF00E832B0 /* Color+Colors.swift */; };
		3868C1642AE621C900E832B0 /* CGFloat+Spacings.swift in Sources */ = {isa = PBXBuildFile; fileRef = 3868C1632AE621C900E832B0 /* CGFloat+Spacings.swift */; };
		3868C1662AE622B800E832B0 /* Typography.swift in Sources */ = {isa = PBXBuildFile; fileRef = 3868C1652AE622B800E832B0 /* Typography.swift */; };
		3868C1682AE6256900E832B0 /* View+Typography.swift in Sources */ = {isa = PBXBuildFile; fileRef = 3868C1672AE6256900E832B0 /* View+Typography.swift */; };
		3868C16C2AE6C5F900E832B0 /* Collection+Extension.swift in Sources */ = {isa = PBXBuildFile; fileRef = 3868C16B2AE6C5F900E832B0 /* Collection+Extension.swift */; };
		3868C1722AE777D900E832B0 /* StringResources.swift in Sources */ = {isa = PBXBuildFile; fileRef = 3868C1712AE777D900E832B0 /* StringResources.swift */; };
		3868C1772AE77AF700E832B0 /* OnboardingScreenView.swift in Sources */ = {isa = PBXBuildFile; fileRef = 3868C1762AE77AF700E832B0 /* OnboardingScreenView.swift */; };
		3868C17C2AE77B2000E832B0 /* HomeScreenView.swift in Sources */ = {isa = PBXBuildFile; fileRef = 3868C17B2AE77B2000E832B0 /* HomeScreenView.swift */; };
		3868C17E2AE77B5000E832B0 /* FlowScreenView.swift in Sources */ = {isa = PBXBuildFile; fileRef = 3868C17D2AE77B5000E832B0 /* FlowScreenView.swift */; };
		74FB08952AE9A1A3003CBE43 /* p.m4a in Resources */ = {isa = PBXBuildFile; fileRef = 74FB088A2AE9A1A3003CBE43 /* p.m4a */; };
		74FB08962AE9A1A3003CBE43 /* e.m4a in Resources */ = {isa = PBXBuildFile; fileRef = 74FB088B2AE9A1A3003CBE43 /* e.m4a */; };
		74FB08972AE9A1A3003CBE43 /* a.m4a in Resources */ = {isa = PBXBuildFile; fileRef = 74FB088C2AE9A1A3003CBE43 /* a.m4a */; };
		74FB08982AE9A1A3003CBE43 /* d.m4a in Resources */ = {isa = PBXBuildFile; fileRef = 74FB088D2AE9A1A3003CBE43 /* d.m4a */; };
		74FB08992AE9A1A3003CBE43 /* u.m4a in Resources */ = {isa = PBXBuildFile; fileRef = 74FB088E2AE9A1A3003CBE43 /* u.m4a */; };
		74FB089A2AE9A1A3003CBE43 /* b.m4a in Resources */ = {isa = PBXBuildFile; fileRef = 74FB088F2AE9A1A3003CBE43 /* b.m4a */; };
		74FB089B2AE9A1A3003CBE43 /* i.m4a in Resources */ = {isa = PBXBuildFile; fileRef = 74FB08902AE9A1A3003CBE43 /* i.m4a */; };
		74FB089C2AE9A1A3003CBE43 /* eh.m4a in Resources */ = {isa = PBXBuildFile; fileRef = 74FB08912AE9A1A3003CBE43 /* eh.m4a */; };
		74FB089D2AE9A1A3003CBE43 /* m.m4a in Resources */ = {isa = PBXBuildFile; fileRef = 74FB08922AE9A1A3003CBE43 /* m.m4a */; };
		74FB089E2AE9A1A3003CBE43 /* n.m4a in Resources */ = {isa = PBXBuildFile; fileRef = 74FB08932AE9A1A3003CBE43 /* n.m4a */; };
		74FB089F2AE9A1A3003CBE43 /* o.m4a in Resources */ = {isa = PBXBuildFile; fileRef = 74FB08942AE9A1A3003CBE43 /* o.m4a */; };
		74FB08B92AE9A1B8003CBE43 /* bu.m4a in Resources */ = {isa = PBXBuildFile; fileRef = 74FB08A02AE9A1B7003CBE43 /* bu.m4a */; };
		74FB08BA2AE9A1B8003CBE43 /* pu.m4a in Resources */ = {isa = PBXBuildFile; fileRef = 74FB08A12AE9A1B7003CBE43 /* pu.m4a */; };
		74FB08BB2AE9A1B8003CBE43 /* po.m4a in Resources */ = {isa = PBXBuildFile; fileRef = 74FB08A22AE9A1B7003CBE43 /* po.m4a */; };
		74FB08BC2AE9A1B8003CBE43 /* be.m4a in Resources */ = {isa = PBXBuildFile; fileRef = 74FB08A32AE9A1B7003CBE43 /* be.m4a */; };
		74FB08BD2AE9A1B8003CBE43 /* no.m4a in Resources */ = {isa = PBXBuildFile; fileRef = 74FB08A42AE9A1B7003CBE43 /* no.m4a */; };
		74FB08BE2AE9A1B8003CBE43 /* da.m4a in Resources */ = {isa = PBXBuildFile; fileRef = 74FB08A52AE9A1B7003CBE43 /* da.m4a */; };
		74FB08BF2AE9A1B8003CBE43 /* ni.m4a in Resources */ = {isa = PBXBuildFile; fileRef = 74FB08A62AE9A1B7003CBE43 /* ni.m4a */; };
		74FB08C02AE9A1B8003CBE43 /* me.m4a in Resources */ = {isa = PBXBuildFile; fileRef = 74FB08A72AE9A1B7003CBE43 /* me.m4a */; };
		74FB08C12AE9A1B8003CBE43 /* pe.m4a in Resources */ = {isa = PBXBuildFile; fileRef = 74FB08A82AE9A1B7003CBE43 /* pe.m4a */; };
		74FB08C22AE9A1B8003CBE43 /* nu.m4a in Resources */ = {isa = PBXBuildFile; fileRef = 74FB08A92AE9A1B7003CBE43 /* nu.m4a */; };
		74FB08C32AE9A1B8003CBE43 /* na.m4a in Resources */ = {isa = PBXBuildFile; fileRef = 74FB08AA2AE9A1B7003CBE43 /* na.m4a */; };
		74FB08C42AE9A1B8003CBE43 /* ma.m4a in Resources */ = {isa = PBXBuildFile; fileRef = 74FB08AB2AE9A1B7003CBE43 /* ma.m4a */; };
		74FB08C52AE9A1B8003CBE43 /* pi.m4a in Resources */ = {isa = PBXBuildFile; fileRef = 74FB08AC2AE9A1B7003CBE43 /* pi.m4a */; };
		74FB08C62AE9A1B8003CBE43 /* bi.m4a in Resources */ = {isa = PBXBuildFile; fileRef = 74FB08AD2AE9A1B7003CBE43 /* bi.m4a */; };
		74FB08C72AE9A1B8003CBE43 /* pa.m4a in Resources */ = {isa = PBXBuildFile; fileRef = 74FB08AE2AE9A1B7003CBE43 /* pa.m4a */; };
		74FB08C82AE9A1B8003CBE43 /* du.m4a in Resources */ = {isa = PBXBuildFile; fileRef = 74FB08AF2AE9A1B7003CBE43 /* du.m4a */; };
		74FB08C92AE9A1B8003CBE43 /* mi.m4a in Resources */ = {isa = PBXBuildFile; fileRef = 74FB08B02AE9A1B7003CBE43 /* mi.m4a */; };
		74FB08CA2AE9A1B8003CBE43 /* de.m4a in Resources */ = {isa = PBXBuildFile; fileRef = 74FB08B12AE9A1B7003CBE43 /* de.m4a */; };
		74FB08CB2AE9A1B8003CBE43 /* di.m4a in Resources */ = {isa = PBXBuildFile; fileRef = 74FB08B22AE9A1B7003CBE43 /* di.m4a */; };
		74FB08CC2AE9A1B8003CBE43 /* ba.m4a in Resources */ = {isa = PBXBuildFile; fileRef = 74FB08B32AE9A1B7003CBE43 /* ba.m4a */; };
		74FB08CD2AE9A1B8003CBE43 /* mo.m4a in Resources */ = {isa = PBXBuildFile; fileRef = 74FB08B42AE9A1B7003CBE43 /* mo.m4a */; };
		74FB08CE2AE9A1B8003CBE43 /* mu.m4a in Resources */ = {isa = PBXBuildFile; fileRef = 74FB08B52AE9A1B7003CBE43 /* mu.m4a */; };
		74FB08CF2AE9A1B8003CBE43 /* ne.m4a in Resources */ = {isa = PBXBuildFile; fileRef = 74FB08B62AE9A1B8003CBE43 /* ne.m4a */; };
		74FB08D02AE9A1B8003CBE43 /* do.m4a in Resources */ = {isa = PBXBuildFile; fileRef = 74FB08B72AE9A1B8003CBE43 /* do.m4a */; };
		74FB08D12AE9A1B8003CBE43 /* bo.m4a in Resources */ = {isa = PBXBuildFile; fileRef = 74FB08B82AE9A1B8003CBE43 /* bo.m4a */; };
		74FB08D32AE9A377003CBE43 /* QrScannerManager.swift in Sources */ = {isa = PBXBuildFile; fileRef = 74FB08D22AE9A377003CBE43 /* QrScannerManager.swift */; };
		74FB08D62AE9A9C6003CBE43 /* PermissionEnum.swift in Sources */ = {isa = PBXBuildFile; fileRef = 74FB08D52AE9A9C6003CBE43 /* PermissionEnum.swift */; };
		74FB08D82AE9AA50003CBE43 /* QrCameraView.swift in Sources */ = {isa = PBXBuildFile; fileRef = 74FB08D72AE9AA50003CBE43 /* QrCameraView.swift */; };
		74FB08DA2AE9AB04003CBE43 /* ScannerView.swift in Sources */ = {isa = PBXBuildFile; fileRef = 74FB08D92AE9AB04003CBE43 /* ScannerView.swift */; };
		74FB08DC2AE9AB8F003CBE43 /* ScannerViewModel.swift in Sources */ = {isa = PBXBuildFile; fileRef = 74FB08DB2AE9AB8F003CBE43 /* ScannerViewModel.swift */; };
		74FB08DF2AE9D2DA003CBE43 /* CardVowelStyleEnum.swift in Sources */ = {isa = PBXBuildFile; fileRef = 74FB08DE2AE9D2DA003CBE43 /* CardVowelStyleEnum.swift */; };
		74FB08E12AE9D351003CBE43 /* FrontCardView.swift in Sources */ = {isa = PBXBuildFile; fileRef = 74FB08E02AE9D351003CBE43 /* FrontCardView.swift */; };
		74FB08E32AE9D67B003CBE43 /* Color+Extension.swift in Sources */ = {isa = PBXBuildFile; fileRef = 74FB08E22AE9D67B003CBE43 /* Color+Extension.swift */; };
		74FB08E52AE9D9B4003CBE43 /* ColorConst.swift in Sources */ = {isa = PBXBuildFile; fileRef = 74FB08E42AE9D9B4003CBE43 /* ColorConst.swift */; };
		74FB08E72AE9E26B003CBE43 /* ImageConst.swift in Sources */ = {isa = PBXBuildFile; fileRef = 74FB08E62AE9E26B003CBE43 /* ImageConst.swift */; };
		74FB08E92AE9E94E003CBE43 /* BackCardView.swift in Sources */ = {isa = PBXBuildFile; fileRef = 74FB08E82AE9E94E003CBE43 /* BackCardView.swift */; };
		74FB08EB2AE9EC33003CBE43 /* FontConst.swift in Sources */ = {isa = PBXBuildFile; fileRef = 74FB08EA2AE9EC33003CBE43 /* FontConst.swift */; };
		74FB08ED2AEA2D43003CBE43 /* QrScannerDelegate.swift in Sources */ = {isa = PBXBuildFile; fileRef = 74FB08EC2AEA2D43003CBE43 /* QrScannerDelegate.swift */; };
		AC1FC1D22AE64C300078015B /* syllables.json in Resources */ = {isa = PBXBuildFile; fileRef = AC1FC1D12AE64C300078015B /* syllables.json */; };
		AC1FC1D82AE667C20078015B /* ContentManager.swift in Sources */ = {isa = PBXBuildFile; fileRef = AC1FC1D72AE667C20078015B /* ContentManager.swift */; };
		AC1FC1DC2AE668570078015B /* Syllable.swift in Sources */ = {isa = PBXBuildFile; fileRef = AC1FC1DB2AE668570078015B /* Syllable.swift */; };
		AC1FC1E02AE66D9C0078015B /* SyllableLabel.swift in Sources */ = {isa = PBXBuildFile; fileRef = AC1FC1DF2AE66D9C0078015B /* SyllableLabel.swift */; };
		AC1FC1E22AE672290078015B /* FlowScreenViewModel.swift in Sources */ = {isa = PBXBuildFile; fileRef = AC1FC1E12AE672290078015B /* FlowScreenViewModel.swift */; };
		AC1FC1E42AE675590078015B /* BreakWordActivity.swift in Sources */ = {isa = PBXBuildFile; fileRef = AC1FC1E32AE675590078015B /* BreakWordActivity.swift */; };
		AC1FC1E62AE67A810078015B /* Word.swift in Sources */ = {isa = PBXBuildFile; fileRef = AC1FC1E52AE67A810078015B /* Word.swift */; };
		AC1FC2DD2AEA6F160078015B /* before_card(2).m4a in Resources */ = {isa = PBXBuildFile; fileRef = AC1FC2CF2AEA6F160078015B /* before_card(2).m4a */; };
		AC1FC2DE2AEA6F160078015B /* before_blend-word.m4a in Resources */ = {isa = PBXBuildFile; fileRef = AC1FC2D02AEA6F160078015B /* before_blend-word.m4a */; };
		AC1FC2DF2AEA6F160078015B /* after_blend-word.m4a in Resources */ = {isa = PBXBuildFile; fileRef = AC1FC2D12AEA6F160078015B /* after_blend-word.m4a */; };
		AC1FC2E02AEA6F160078015B /* after_card(1).m4a in Resources */ = {isa = PBXBuildFile; fileRef = AC1FC2D22AEA6F160078015B /* after_card(1).m4a */; };
		AC1FC2E12AEA6F160078015B /* after_break-word(2).m4a in Resources */ = {isa = PBXBuildFile; fileRef = AC1FC2D32AEA6F160078015B /* after_break-word(2).m4a */; };
		AC1FC2E22AEA6F160078015B /* after_break-word(3).m4a in Resources */ = {isa = PBXBuildFile; fileRef = AC1FC2D42AEA6F160078015B /* after_break-word(3).m4a */; };
		AC1FC2E32AEA6F160078015B /* before_break-word(2).m4a in Resources */ = {isa = PBXBuildFile; fileRef = AC1FC2D52AEA6F160078015B /* before_break-word(2).m4a */; };
		AC1FC2E42AEA6F160078015B /* after_card(2-correct).m4a in Resources */ = {isa = PBXBuildFile; fileRef = AC1FC2D62AEA6F160078015B /* after_card(2-correct).m4a */; };
		AC1FC2E52AEA6F160078015B /* before_break-word(1).m4a in Resources */ = {isa = PBXBuildFile; fileRef = AC1FC2D72AEA6F160078015B /* before_break-word(1).m4a */; };
		AC1FC2E62AEA6F160078015B /* after_spelling.m4a in Resources */ = {isa = PBXBuildFile; fileRef = AC1FC2D82AEA6F160078015B /* after_spelling.m4a */; };
		AC1FC2E72AEA6F160078015B /* after_break-word(1).m4a in Resources */ = {isa = PBXBuildFile; fileRef = AC1FC2D92AEA6F160078015B /* after_break-word(1).m4a */; };
		AC1FC2E82AEA6F160078015B /* after_card(2-wrong).m4a in Resources */ = {isa = PBXBuildFile; fileRef = AC1FC2DA2AEA6F160078015B /* after_card(2-wrong).m4a */; };
		AC1FC2E92AEA6F160078015B /* before_spelling.m4a in Resources */ = {isa = PBXBuildFile; fileRef = AC1FC2DB2AEA6F160078015B /* before_spelling.m4a */; };
		AC1FC2EA2AEA6F160078015B /* before_card(1).m4a in Resources */ = {isa = PBXBuildFile; fileRef = AC1FC2DC2AEA6F160078015B /* before_card(1).m4a */; };
		AC50DC2C2ACE5CDF00B9FE1B /* macro_challengeApp.swift in Sources */ = {isa = PBXBuildFile; fileRef = AC50DC2B2ACE5CDF00B9FE1B /* macro_challengeApp.swift */; };
		AC50DC2E2ACE5CDF00B9FE1B /* ContentView.swift in Sources */ = {isa = PBXBuildFile; fileRef = AC50DC2D2ACE5CDF00B9FE1B /* ContentView.swift */; };
		AC50DC302ACE5CE100B9FE1B /* Assets.xcassets in Resources */ = {isa = PBXBuildFile; fileRef = AC50DC2F2ACE5CE100B9FE1B /* Assets.xcassets */; };
		AC50DC332ACE5CE100B9FE1B /* Preview Assets.xcassets in Resources */ = {isa = PBXBuildFile; fileRef = AC50DC322ACE5CE100B9FE1B /* Preview Assets.xcassets */; };
/* End PBXBuildFile section */

/* Begin PBXFileReference section */
		2F8295D52AEC1C5500220402 /* AudioManager.swift */ = {isa = PBXFileReference; lastKnownFileType = sourcecode.swift; path = AudioManager.swift; sourceTree = "<group>"; };
		2FF694A02AE8B4740085393F /* RecordingManager.swift */ = {isa = PBXFileReference; lastKnownFileType = sourcecode.swift; path = RecordingManager.swift; sourceTree = "<group>"; };
		2FF694A22AE8B8790085393F /* VoiceAudio.swift */ = {isa = PBXFileReference; lastKnownFileType = sourcecode.swift; path = VoiceAudio.swift; sourceTree = "<group>"; };
		2FF694A62AE8C65D0085393F /* Date+Extension.swift */ = {isa = PBXFileReference; lastKnownFileType = sourcecode.swift; path = "Date+Extension.swift"; sourceTree = "<group>"; };
		3868C1542AE61C8E00E832B0 /* Quicksand-Bold.ttf */ = {isa = PBXFileReference; lastKnownFileType = file; path = "Quicksand-Bold.ttf"; sourceTree = "<group>"; };
		3868C1552AE61C8E00E832B0 /* Quicksand-Medium.ttf */ = {isa = PBXFileReference; lastKnownFileType = file; path = "Quicksand-Medium.ttf"; sourceTree = "<group>"; };
		3868C1562AE61C8E00E832B0 /* Quicksand-Regular.ttf */ = {isa = PBXFileReference; lastKnownFileType = file; path = "Quicksand-Regular.ttf"; sourceTree = "<group>"; };
		3868C1572AE61C8E00E832B0 /* Quicksand-SemiBold.ttf */ = {isa = PBXFileReference; lastKnownFileType = file; path = "Quicksand-SemiBold.ttf"; sourceTree = "<group>"; };
		3868C1582AE61C8E00E832B0 /* Quicksand-Light.ttf */ = {isa = PBXFileReference; lastKnownFileType = file; path = "Quicksand-Light.ttf"; sourceTree = "<group>"; };
		3868C15E2AE61ED100E832B0 /* ColorString.swift */ = {isa = PBXFileReference; lastKnownFileType = sourcecode.swift; path = ColorString.swift; sourceTree = "<group>"; };
		3868C1602AE61FEF00E832B0 /* Color+Colors.swift */ = {isa = PBXFileReference; lastKnownFileType = sourcecode.swift; path = "Color+Colors.swift"; sourceTree = "<group>"; };
		3868C1632AE621C900E832B0 /* CGFloat+Spacings.swift */ = {isa = PBXFileReference; lastKnownFileType = sourcecode.swift; path = "CGFloat+Spacings.swift"; sourceTree = "<group>"; };
		3868C1652AE622B800E832B0 /* Typography.swift */ = {isa = PBXFileReference; lastKnownFileType = sourcecode.swift; path = Typography.swift; sourceTree = "<group>"; };
		3868C1672AE6256900E832B0 /* View+Typography.swift */ = {isa = PBXFileReference; lastKnownFileType = sourcecode.swift; path = "View+Typography.swift"; sourceTree = "<group>"; };
		3868C16B2AE6C5F900E832B0 /* Collection+Extension.swift */ = {isa = PBXFileReference; lastKnownFileType = sourcecode.swift; path = "Collection+Extension.swift"; sourceTree = "<group>"; };
		3868C1712AE777D900E832B0 /* StringResources.swift */ = {isa = PBXFileReference; lastKnownFileType = sourcecode.swift; path = StringResources.swift; sourceTree = "<group>"; };
		3868C1762AE77AF700E832B0 /* OnboardingScreenView.swift */ = {isa = PBXFileReference; lastKnownFileType = sourcecode.swift; path = OnboardingScreenView.swift; sourceTree = "<group>"; };
		3868C17B2AE77B2000E832B0 /* HomeScreenView.swift */ = {isa = PBXFileReference; lastKnownFileType = sourcecode.swift; path = HomeScreenView.swift; sourceTree = "<group>"; };
		3868C17D2AE77B5000E832B0 /* FlowScreenView.swift */ = {isa = PBXFileReference; lastKnownFileType = sourcecode.swift; path = FlowScreenView.swift; sourceTree = "<group>"; };
		74FB088A2AE9A1A3003CBE43 /* p.m4a */ = {isa = PBXFileReference; lastKnownFileType = file; path = p.m4a; sourceTree = "<group>"; };
		74FB088B2AE9A1A3003CBE43 /* e.m4a */ = {isa = PBXFileReference; lastKnownFileType = file; path = e.m4a; sourceTree = "<group>"; };
		74FB088C2AE9A1A3003CBE43 /* a.m4a */ = {isa = PBXFileReference; lastKnownFileType = file; path = a.m4a; sourceTree = "<group>"; };
		74FB088D2AE9A1A3003CBE43 /* d.m4a */ = {isa = PBXFileReference; lastKnownFileType = file; path = d.m4a; sourceTree = "<group>"; };
		74FB088E2AE9A1A3003CBE43 /* u.m4a */ = {isa = PBXFileReference; lastKnownFileType = file; path = u.m4a; sourceTree = "<group>"; };
		74FB088F2AE9A1A3003CBE43 /* b.m4a */ = {isa = PBXFileReference; lastKnownFileType = file; path = b.m4a; sourceTree = "<group>"; };
		74FB08902AE9A1A3003CBE43 /* i.m4a */ = {isa = PBXFileReference; lastKnownFileType = file; path = i.m4a; sourceTree = "<group>"; };
		74FB08912AE9A1A3003CBE43 /* eh.m4a */ = {isa = PBXFileReference; lastKnownFileType = file; path = eh.m4a; sourceTree = "<group>"; };
		74FB08922AE9A1A3003CBE43 /* m.m4a */ = {isa = PBXFileReference; lastKnownFileType = file; path = m.m4a; sourceTree = "<group>"; };
		74FB08932AE9A1A3003CBE43 /* n.m4a */ = {isa = PBXFileReference; lastKnownFileType = file; path = n.m4a; sourceTree = "<group>"; };
		74FB08942AE9A1A3003CBE43 /* o.m4a */ = {isa = PBXFileReference; lastKnownFileType = file; path = o.m4a; sourceTree = "<group>"; };
		74FB08A02AE9A1B7003CBE43 /* bu.m4a */ = {isa = PBXFileReference; lastKnownFileType = file; path = bu.m4a; sourceTree = "<group>"; };
		74FB08A12AE9A1B7003CBE43 /* pu.m4a */ = {isa = PBXFileReference; lastKnownFileType = file; path = pu.m4a; sourceTree = "<group>"; };
		74FB08A22AE9A1B7003CBE43 /* po.m4a */ = {isa = PBXFileReference; lastKnownFileType = file; path = po.m4a; sourceTree = "<group>"; };
		74FB08A32AE9A1B7003CBE43 /* be.m4a */ = {isa = PBXFileReference; lastKnownFileType = file; path = be.m4a; sourceTree = "<group>"; };
		74FB08A42AE9A1B7003CBE43 /* no.m4a */ = {isa = PBXFileReference; lastKnownFileType = file; path = no.m4a; sourceTree = "<group>"; };
		74FB08A52AE9A1B7003CBE43 /* da.m4a */ = {isa = PBXFileReference; lastKnownFileType = file; path = da.m4a; sourceTree = "<group>"; };
		74FB08A62AE9A1B7003CBE43 /* ni.m4a */ = {isa = PBXFileReference; lastKnownFileType = file; path = ni.m4a; sourceTree = "<group>"; };
		74FB08A72AE9A1B7003CBE43 /* me.m4a */ = {isa = PBXFileReference; lastKnownFileType = file; path = me.m4a; sourceTree = "<group>"; };
		74FB08A82AE9A1B7003CBE43 /* pe.m4a */ = {isa = PBXFileReference; lastKnownFileType = file; path = pe.m4a; sourceTree = "<group>"; };
		74FB08A92AE9A1B7003CBE43 /* nu.m4a */ = {isa = PBXFileReference; lastKnownFileType = file; path = nu.m4a; sourceTree = "<group>"; };
		74FB08AA2AE9A1B7003CBE43 /* na.m4a */ = {isa = PBXFileReference; lastKnownFileType = file; path = na.m4a; sourceTree = "<group>"; };
		74FB08AB2AE9A1B7003CBE43 /* ma.m4a */ = {isa = PBXFileReference; lastKnownFileType = file; path = ma.m4a; sourceTree = "<group>"; };
		74FB08AC2AE9A1B7003CBE43 /* pi.m4a */ = {isa = PBXFileReference; lastKnownFileType = file; path = pi.m4a; sourceTree = "<group>"; };
		74FB08AD2AE9A1B7003CBE43 /* bi.m4a */ = {isa = PBXFileReference; lastKnownFileType = file; path = bi.m4a; sourceTree = "<group>"; };
		74FB08AE2AE9A1B7003CBE43 /* pa.m4a */ = {isa = PBXFileReference; lastKnownFileType = file; path = pa.m4a; sourceTree = "<group>"; };
		74FB08AF2AE9A1B7003CBE43 /* du.m4a */ = {isa = PBXFileReference; lastKnownFileType = file; path = du.m4a; sourceTree = "<group>"; };
		74FB08B02AE9A1B7003CBE43 /* mi.m4a */ = {isa = PBXFileReference; lastKnownFileType = file; path = mi.m4a; sourceTree = "<group>"; };
		74FB08B12AE9A1B7003CBE43 /* de.m4a */ = {isa = PBXFileReference; lastKnownFileType = file; path = de.m4a; sourceTree = "<group>"; };
		74FB08B22AE9A1B7003CBE43 /* di.m4a */ = {isa = PBXFileReference; lastKnownFileType = file; path = di.m4a; sourceTree = "<group>"; };
		74FB08B32AE9A1B7003CBE43 /* ba.m4a */ = {isa = PBXFileReference; lastKnownFileType = file; path = ba.m4a; sourceTree = "<group>"; };
		74FB08B42AE9A1B7003CBE43 /* mo.m4a */ = {isa = PBXFileReference; lastKnownFileType = file; path = mo.m4a; sourceTree = "<group>"; };
		74FB08B52AE9A1B7003CBE43 /* mu.m4a */ = {isa = PBXFileReference; lastKnownFileType = file; path = mu.m4a; sourceTree = "<group>"; };
		74FB08B62AE9A1B8003CBE43 /* ne.m4a */ = {isa = PBXFileReference; lastKnownFileType = file; path = ne.m4a; sourceTree = "<group>"; };
		74FB08B72AE9A1B8003CBE43 /* do.m4a */ = {isa = PBXFileReference; lastKnownFileType = file; path = do.m4a; sourceTree = "<group>"; };
		74FB08B82AE9A1B8003CBE43 /* bo.m4a */ = {isa = PBXFileReference; lastKnownFileType = file; path = bo.m4a; sourceTree = "<group>"; };
		74FB08D22AE9A377003CBE43 /* QrScannerManager.swift */ = {isa = PBXFileReference; lastKnownFileType = sourcecode.swift; path = QrScannerManager.swift; sourceTree = "<group>"; };
		74FB08D52AE9A9C6003CBE43 /* PermissionEnum.swift */ = {isa = PBXFileReference; lastKnownFileType = sourcecode.swift; path = PermissionEnum.swift; sourceTree = "<group>"; };
		74FB08D72AE9AA50003CBE43 /* QrCameraView.swift */ = {isa = PBXFileReference; lastKnownFileType = sourcecode.swift; path = QrCameraView.swift; sourceTree = "<group>"; };
		74FB08D92AE9AB04003CBE43 /* ScannerView.swift */ = {isa = PBXFileReference; lastKnownFileType = sourcecode.swift; path = ScannerView.swift; sourceTree = "<group>"; };
		74FB08DB2AE9AB8F003CBE43 /* ScannerViewModel.swift */ = {isa = PBXFileReference; lastKnownFileType = sourcecode.swift; path = ScannerViewModel.swift; sourceTree = "<group>"; };
		74FB08DE2AE9D2DA003CBE43 /* CardVowelStyleEnum.swift */ = {isa = PBXFileReference; lastKnownFileType = sourcecode.swift; path = CardVowelStyleEnum.swift; sourceTree = "<group>"; };
		74FB08E02AE9D351003CBE43 /* FrontCardView.swift */ = {isa = PBXFileReference; lastKnownFileType = sourcecode.swift; path = FrontCardView.swift; sourceTree = "<group>"; };
		74FB08E22AE9D67B003CBE43 /* Color+Extension.swift */ = {isa = PBXFileReference; lastKnownFileType = sourcecode.swift; path = "Color+Extension.swift"; sourceTree = "<group>"; };
		74FB08E42AE9D9B4003CBE43 /* ColorConst.swift */ = {isa = PBXFileReference; lastKnownFileType = sourcecode.swift; path = ColorConst.swift; sourceTree = "<group>"; };
		74FB08E62AE9E26B003CBE43 /* ImageConst.swift */ = {isa = PBXFileReference; lastKnownFileType = sourcecode.swift; path = ImageConst.swift; sourceTree = "<group>"; };
		74FB08E82AE9E94E003CBE43 /* BackCardView.swift */ = {isa = PBXFileReference; lastKnownFileType = sourcecode.swift; path = BackCardView.swift; sourceTree = "<group>"; };
		74FB08EA2AE9EC33003CBE43 /* FontConst.swift */ = {isa = PBXFileReference; lastKnownFileType = sourcecode.swift; path = FontConst.swift; sourceTree = "<group>"; };
		74FB08EC2AEA2D43003CBE43 /* QrScannerDelegate.swift */ = {isa = PBXFileReference; lastKnownFileType = sourcecode.swift; path = QrScannerDelegate.swift; sourceTree = "<group>"; };
		AC1FC1D12AE64C300078015B /* syllables.json */ = {isa = PBXFileReference; lastKnownFileType = text.json; path = syllables.json; sourceTree = "<group>"; };
		AC1FC1D72AE667C20078015B /* ContentManager.swift */ = {isa = PBXFileReference; lastKnownFileType = sourcecode.swift; path = ContentManager.swift; sourceTree = "<group>"; };
		AC1FC1DB2AE668570078015B /* Syllable.swift */ = {isa = PBXFileReference; lastKnownFileType = sourcecode.swift; path = Syllable.swift; sourceTree = "<group>"; };
		AC1FC1DF2AE66D9C0078015B /* SyllableLabel.swift */ = {isa = PBXFileReference; lastKnownFileType = sourcecode.swift; path = SyllableLabel.swift; sourceTree = "<group>"; };
		AC1FC1E12AE672290078015B /* FlowScreenViewModel.swift */ = {isa = PBXFileReference; lastKnownFileType = sourcecode.swift; path = FlowScreenViewModel.swift; sourceTree = "<group>"; };
		AC1FC1E32AE675590078015B /* BreakWordActivity.swift */ = {isa = PBXFileReference; lastKnownFileType = sourcecode.swift; path = BreakWordActivity.swift; sourceTree = "<group>"; };
		AC1FC1E52AE67A810078015B /* Word.swift */ = {isa = PBXFileReference; lastKnownFileType = sourcecode.swift; path = Word.swift; sourceTree = "<group>"; };
		AC1FC2CF2AEA6F160078015B /* before_card(2).m4a */ = {isa = PBXFileReference; lastKnownFileType = file; path = "before_card(2).m4a"; sourceTree = "<group>"; };
		AC1FC2D02AEA6F160078015B /* before_blend-word.m4a */ = {isa = PBXFileReference; lastKnownFileType = file; path = "before_blend-word.m4a"; sourceTree = "<group>"; };
		AC1FC2D12AEA6F160078015B /* after_blend-word.m4a */ = {isa = PBXFileReference; lastKnownFileType = file; path = "after_blend-word.m4a"; sourceTree = "<group>"; };
		AC1FC2D22AEA6F160078015B /* after_card(1).m4a */ = {isa = PBXFileReference; lastKnownFileType = file; path = "after_card(1).m4a"; sourceTree = "<group>"; };
		AC1FC2D32AEA6F160078015B /* after_break-word(2).m4a */ = {isa = PBXFileReference; lastKnownFileType = file; path = "after_break-word(2).m4a"; sourceTree = "<group>"; };
		AC1FC2D42AEA6F160078015B /* after_break-word(3).m4a */ = {isa = PBXFileReference; lastKnownFileType = file; path = "after_break-word(3).m4a"; sourceTree = "<group>"; };
		AC1FC2D52AEA6F160078015B /* before_break-word(2).m4a */ = {isa = PBXFileReference; lastKnownFileType = file; path = "before_break-word(2).m4a"; sourceTree = "<group>"; };
		AC1FC2D62AEA6F160078015B /* after_card(2-correct).m4a */ = {isa = PBXFileReference; lastKnownFileType = file; path = "after_card(2-correct).m4a"; sourceTree = "<group>"; };
		AC1FC2D72AEA6F160078015B /* before_break-word(1).m4a */ = {isa = PBXFileReference; lastKnownFileType = file; path = "before_break-word(1).m4a"; sourceTree = "<group>"; };
		AC1FC2D82AEA6F160078015B /* after_spelling.m4a */ = {isa = PBXFileReference; lastKnownFileType = file; path = after_spelling.m4a; sourceTree = "<group>"; };
		AC1FC2D92AEA6F160078015B /* after_break-word(1).m4a */ = {isa = PBXFileReference; lastKnownFileType = file; path = "after_break-word(1).m4a"; sourceTree = "<group>"; };
		AC1FC2DA2AEA6F160078015B /* after_card(2-wrong).m4a */ = {isa = PBXFileReference; lastKnownFileType = file; path = "after_card(2-wrong).m4a"; sourceTree = "<group>"; };
		AC1FC2DB2AEA6F160078015B /* before_spelling.m4a */ = {isa = PBXFileReference; lastKnownFileType = file; path = before_spelling.m4a; sourceTree = "<group>"; };
		AC1FC2DC2AEA6F160078015B /* before_card(1).m4a */ = {isa = PBXFileReference; lastKnownFileType = file; path = "before_card(1).m4a"; sourceTree = "<group>"; };
		AC50DC282ACE5CDF00B9FE1B /* macro-challenge.app */ = {isa = PBXFileReference; explicitFileType = wrapper.application; includeInIndex = 0; path = "macro-challenge.app"; sourceTree = BUILT_PRODUCTS_DIR; };
		AC50DC2B2ACE5CDF00B9FE1B /* macro_challengeApp.swift */ = {isa = PBXFileReference; lastKnownFileType = sourcecode.swift; path = macro_challengeApp.swift; sourceTree = "<group>"; };
		AC50DC2D2ACE5CDF00B9FE1B /* ContentView.swift */ = {isa = PBXFileReference; lastKnownFileType = sourcecode.swift; path = ContentView.swift; sourceTree = "<group>"; };
		AC50DC2F2ACE5CE100B9FE1B /* Assets.xcassets */ = {isa = PBXFileReference; lastKnownFileType = folder.assetcatalog; path = Assets.xcassets; sourceTree = "<group>"; };
		AC50DC322ACE5CE100B9FE1B /* Preview Assets.xcassets */ = {isa = PBXFileReference; lastKnownFileType = folder.assetcatalog; path = "Preview Assets.xcassets"; sourceTree = "<group>"; };
/* End PBXFileReference section */

/* Begin PBXFrameworksBuildPhase section */
		AC50DC252ACE5CDF00B9FE1B /* Frameworks */ = {
			isa = PBXFrameworksBuildPhase;
			buildActionMask = 2147483647;
			files = (
			);
			runOnlyForDeploymentPostprocessing = 0;
		};
/* End PBXFrameworksBuildPhase section */

/* Begin PBXGroup section */
		3868C1522AE61C7100E832B0 /* Font */ = {
			isa = PBXGroup;
			children = (
				3868C1532AE61C8E00E832B0 /* Quicksand */,
			);
			path = Font;
			sourceTree = "<group>";
		};
		3868C1532AE61C8E00E832B0 /* Quicksand */ = {
			isa = PBXGroup;
			children = (
				3868C1542AE61C8E00E832B0 /* Quicksand-Bold.ttf */,
				3868C1552AE61C8E00E832B0 /* Quicksand-Medium.ttf */,
				3868C1562AE61C8E00E832B0 /* Quicksand-Regular.ttf */,
				3868C1572AE61C8E00E832B0 /* Quicksand-SemiBold.ttf */,
				3868C1582AE61C8E00E832B0 /* Quicksand-Light.ttf */,
			);
			path = Quicksand;
			sourceTree = "<group>";
		};
		3868C1622AE6216800E832B0 /* Design System */ = {
			isa = PBXGroup;
			children = (
				3868C15E2AE61ED100E832B0 /* ColorString.swift */,
				3868C1672AE6256900E832B0 /* View+Typography.swift */,
				3868C1602AE61FEF00E832B0 /* Color+Colors.swift */,
				3868C1632AE621C900E832B0 /* CGFloat+Spacings.swift */,
				3868C1652AE622B800E832B0 /* Typography.swift */,
			);
			path = "Design System";
			sourceTree = "<group>";
		};
		3868C1692AE625B600E832B0 /* Main */ = {
			isa = PBXGroup;
			children = (
				AC50DC2B2ACE5CDF00B9FE1B /* macro_challengeApp.swift */,
				AC50DC2D2ACE5CDF00B9FE1B /* ContentView.swift */,
			);
			path = Main;
			sourceTree = "<group>";
		};
		3868C16A2AE6C59A00E832B0 /* Data Manager */ = {
			isa = PBXGroup;
			children = (
				AC1FC1D02AE64C0B0078015B /* Data Resources */,
				AC1FC1D72AE667C20078015B /* ContentManager.swift */,
				2FF694A02AE8B4740085393F /* RecordingManager.swift */,
				74FB08EC2AEA2D43003CBE43 /* QrScannerDelegate.swift */,
				2F8295D52AEC1C5500220402 /* AudioManager.swift */,
			);
			path = "Data Manager";
			sourceTree = "<group>";
		};
		3868C1702AE7779E00E832B0 /* UI Resources */ = {
			isa = PBXGroup;
			children = (
				3868C1522AE61C7100E832B0 /* Font */,
				3868C1712AE777D900E832B0 /* StringResources.swift */,
				AC50DC2F2ACE5CE100B9FE1B /* Assets.xcassets */,
			);
			path = "UI Resources";
			sourceTree = "<group>";
		};
		3868C1732AE77ACB00E832B0 /* Modules */ = {
			isa = PBXGroup;
			children = (
				3868C1802AE77BD200E832B0 /* Break Word Activity */,
			);
			path = Modules;
			sourceTree = "<group>";
		};
		3868C1742AE77AD700E832B0 /* Components */ = {
			isa = PBXGroup;
			children = (
				74FB08DD2AE9D25D003CBE43 /* Card */,
				AC1FC1DE2AE66D250078015B /* Shared */,
			);
			path = Components;
			sourceTree = "<group>";
		};
		3868C1752AE77ADC00E832B0 /* Screens */ = {
			isa = PBXGroup;
			children = (
				3868C1782AE77AFC00E832B0 /* Onboarding */,
				3868C1792AE77B0400E832B0 /* Home */,
				3868C17A2AE77B0800E832B0 /* Flow */,
			);
			path = Screens;
			sourceTree = "<group>";
		};
		3868C1782AE77AFC00E832B0 /* Onboarding */ = {
			isa = PBXGroup;
			children = (
				3868C1762AE77AF700E832B0 /* OnboardingScreenView.swift */,
			);
			path = Onboarding;
			sourceTree = "<group>";
		};
		3868C1792AE77B0400E832B0 /* Home */ = {
			isa = PBXGroup;
			children = (
				3868C17B2AE77B2000E832B0 /* HomeScreenView.swift */,
			);
			path = Home;
			sourceTree = "<group>";
		};
		3868C17A2AE77B0800E832B0 /* Flow */ = {
			isa = PBXGroup;
			children = (
				3868C17D2AE77B5000E832B0 /* FlowScreenView.swift */,
				AC1FC1E12AE672290078015B /* FlowScreenViewModel.swift */,
			);
			path = Flow;
			sourceTree = "<group>";
		};
		3868C1802AE77BD200E832B0 /* Break Word Activity */ = {
			isa = PBXGroup;
			children = (
				AC1FC1E32AE675590078015B /* BreakWordActivity.swift */,
			);
			path = "Break Word Activity";
			sourceTree = "<group>";
		};
		74FB08872AE9A13D003CBE43 /* Voice */ = {
			isa = PBXGroup;
			children = (
				AC1FC2CE2AEA6F160078015B /* Activities */,
				74FB08892AE9A189003CBE43 /* Syllables */,
				74FB08882AE9A17A003CBE43 /* Letter */,
			);
			path = Voice;
			sourceTree = "<group>";
		};
		74FB08882AE9A17A003CBE43 /* Letter */ = {
			isa = PBXGroup;
			children = (
				74FB088C2AE9A1A3003CBE43 /* a.m4a */,
				74FB088F2AE9A1A3003CBE43 /* b.m4a */,
				74FB088D2AE9A1A3003CBE43 /* d.m4a */,
				74FB088B2AE9A1A3003CBE43 /* e.m4a */,
				74FB08912AE9A1A3003CBE43 /* eh.m4a */,
				74FB08902AE9A1A3003CBE43 /* i.m4a */,
				74FB08922AE9A1A3003CBE43 /* m.m4a */,
				74FB08932AE9A1A3003CBE43 /* n.m4a */,
				74FB08942AE9A1A3003CBE43 /* o.m4a */,
				74FB088A2AE9A1A3003CBE43 /* p.m4a */,
				74FB088E2AE9A1A3003CBE43 /* u.m4a */,
			);
			path = Letter;
			sourceTree = "<group>";
		};
		74FB08892AE9A189003CBE43 /* Syllables */ = {
			isa = PBXGroup;
			children = (
				74FB08B32AE9A1B7003CBE43 /* ba.m4a */,
				74FB08A32AE9A1B7003CBE43 /* be.m4a */,
				74FB08AD2AE9A1B7003CBE43 /* bi.m4a */,
				74FB08B82AE9A1B8003CBE43 /* bo.m4a */,
				74FB08A02AE9A1B7003CBE43 /* bu.m4a */,
				74FB08A52AE9A1B7003CBE43 /* da.m4a */,
				74FB08B12AE9A1B7003CBE43 /* de.m4a */,
				74FB08B22AE9A1B7003CBE43 /* di.m4a */,
				74FB08B72AE9A1B8003CBE43 /* do.m4a */,
				74FB08AF2AE9A1B7003CBE43 /* du.m4a */,
				74FB08AB2AE9A1B7003CBE43 /* ma.m4a */,
				74FB08A72AE9A1B7003CBE43 /* me.m4a */,
				74FB08B02AE9A1B7003CBE43 /* mi.m4a */,
				74FB08B42AE9A1B7003CBE43 /* mo.m4a */,
				74FB08B52AE9A1B7003CBE43 /* mu.m4a */,
				74FB08AA2AE9A1B7003CBE43 /* na.m4a */,
				74FB08B62AE9A1B8003CBE43 /* ne.m4a */,
				74FB08A62AE9A1B7003CBE43 /* ni.m4a */,
				74FB08A42AE9A1B7003CBE43 /* no.m4a */,
				74FB08A92AE9A1B7003CBE43 /* nu.m4a */,
				74FB08AE2AE9A1B7003CBE43 /* pa.m4a */,
				74FB08A82AE9A1B7003CBE43 /* pe.m4a */,
				74FB08AC2AE9A1B7003CBE43 /* pi.m4a */,
				74FB08A22AE9A1B7003CBE43 /* po.m4a */,
				74FB08A12AE9A1B7003CBE43 /* pu.m4a */,
			);
			path = Syllables;
			sourceTree = "<group>";
		};
		74FB08D42AE9A9B9003CBE43 /* enum */ = {
			isa = PBXGroup;
			children = (
				74FB08D52AE9A9C6003CBE43 /* PermissionEnum.swift */,
				74FB08E42AE9D9B4003CBE43 /* ColorConst.swift */,
				74FB08E62AE9E26B003CBE43 /* ImageConst.swift */,
				74FB08EA2AE9EC33003CBE43 /* FontConst.swift */,
			);
			path = enum;
			sourceTree = "<group>";
		};
		74FB08DD2AE9D25D003CBE43 /* Card */ = {
			isa = PBXGroup;
			children = (
				74FB08D92AE9AB04003CBE43 /* ScannerView.swift */,
				74FB08DB2AE9AB8F003CBE43 /* ScannerViewModel.swift */,
				74FB08DE2AE9D2DA003CBE43 /* CardVowelStyleEnum.swift */,
				74FB08E02AE9D351003CBE43 /* FrontCardView.swift */,
				74FB08E82AE9E94E003CBE43 /* BackCardView.swift */,
			);
			path = Card;
			sourceTree = "<group>";
		};
		AC1FC1D02AE64C0B0078015B /* Data Resources */ = {
			isa = PBXGroup;
			children = (
				74FB08872AE9A13D003CBE43 /* Voice */,
				AC1FC1D12AE64C300078015B /* syllables.json */,
				74FB08D22AE9A377003CBE43 /* QrScannerManager.swift */,
			);
			path = "Data Resources";
			sourceTree = "<group>";
		};
		AC1FC1D52AE667A70078015B /* Core */ = {
			isa = PBXGroup;
			children = (
				3868C1622AE6216800E832B0 /* Design System */,
				AC1FC1D62AE667AB0078015B /* Utilities */,
			);
			path = Core;
			sourceTree = "<group>";
		};
		AC1FC1D62AE667AB0078015B /* Utilities */ = {
			isa = PBXGroup;
			children = (
				74FB08D42AE9A9B9003CBE43 /* enum */,
				3868C16B2AE6C5F900E832B0 /* Collection+Extension.swift */,
				2FF694A62AE8C65D0085393F /* Date+Extension.swift */,
				74FB08E22AE9D67B003CBE43 /* Color+Extension.swift */,
			);
			path = Utilities;
			sourceTree = "<group>";
		};
		AC1FC1D92AE668400078015B /* Presentation */ = {
			isa = PBXGroup;
			children = (
				3868C1702AE7779E00E832B0 /* UI Resources */,
				3868C1742AE77AD700E832B0 /* Components */,
				3868C1732AE77ACB00E832B0 /* Modules */,
				3868C1752AE77ADC00E832B0 /* Screens */,
			);
			path = Presentation;
			sourceTree = "<group>";
		};
		AC1FC1DA2AE668480078015B /* Models */ = {
			isa = PBXGroup;
			children = (
				AC1FC1DB2AE668570078015B /* Syllable.swift */,
				AC1FC1E52AE67A810078015B /* Word.swift */,
				2FF694A22AE8B8790085393F /* VoiceAudio.swift */,
			);
			path = Models;
			sourceTree = "<group>";
		};
		AC1FC1DE2AE66D250078015B /* Shared */ = {
			isa = PBXGroup;
			children = (
				AC1FC1DF2AE66D9C0078015B /* SyllableLabel.swift */,
				74FB08D72AE9AA50003CBE43 /* QrCameraView.swift */,
			);
			path = Shared;
			sourceTree = "<group>";
		};
		AC1FC2CE2AEA6F160078015B /* Activities */ = {
			isa = PBXGroup;
			children = (
				AC1FC2EE2AEA6F660078015B /* Spelling */,
				AC1FC2ED2AEA6F5B0078015B /* Blend Word */,
				AC1FC2EC2AEA6F3E0078015B /* Break Word */,
				AC1FC2EB2AEA6F1C0078015B /* Card */,
			);
			path = Activities;
			sourceTree = "<group>";
		};
		AC1FC2EB2AEA6F1C0078015B /* Card */ = {
			isa = PBXGroup;
			children = (
				AC1FC2DC2AEA6F160078015B /* before_card(1).m4a */,
				AC1FC2CF2AEA6F160078015B /* before_card(2).m4a */,
				AC1FC2D22AEA6F160078015B /* after_card(1).m4a */,
				AC1FC2D62AEA6F160078015B /* after_card(2-correct).m4a */,
				AC1FC2DA2AEA6F160078015B /* after_card(2-wrong).m4a */,
			);
			path = Card;
			sourceTree = "<group>";
		};
		AC1FC2EC2AEA6F3E0078015B /* Break Word */ = {
			isa = PBXGroup;
			children = (
				AC1FC2D72AEA6F160078015B /* before_break-word(1).m4a */,
				AC1FC2D52AEA6F160078015B /* before_break-word(2).m4a */,
				AC1FC2D92AEA6F160078015B /* after_break-word(1).m4a */,
				AC1FC2D32AEA6F160078015B /* after_break-word(2).m4a */,
				AC1FC2D42AEA6F160078015B /* after_break-word(3).m4a */,
			);
			path = "Break Word";
			sourceTree = "<group>";
		};
		AC1FC2ED2AEA6F5B0078015B /* Blend Word */ = {
			isa = PBXGroup;
			children = (
				AC1FC2D02AEA6F160078015B /* before_blend-word.m4a */,
				AC1FC2D12AEA6F160078015B /* after_blend-word.m4a */,
			);
			path = "Blend Word";
			sourceTree = "<group>";
		};
		AC1FC2EE2AEA6F660078015B /* Spelling */ = {
			isa = PBXGroup;
			children = (
				AC1FC2D82AEA6F160078015B /* after_spelling.m4a */,
				AC1FC2DB2AEA6F160078015B /* before_spelling.m4a */,
			);
			path = Spelling;
			sourceTree = "<group>";
		};
		AC50DC1F2ACE5CDF00B9FE1B = {
			isa = PBXGroup;
			children = (
				AC50DC2A2ACE5CDF00B9FE1B /* macro-challenge */,
				AC50DC292ACE5CDF00B9FE1B /* Products */,
			);
			sourceTree = "<group>";
		};
		AC50DC292ACE5CDF00B9FE1B /* Products */ = {
			isa = PBXGroup;
			children = (
				AC50DC282ACE5CDF00B9FE1B /* macro-challenge.app */,
			);
			name = Products;
			sourceTree = "<group>";
		};
		AC50DC2A2ACE5CDF00B9FE1B /* macro-challenge */ = {
			isa = PBXGroup;
			children = (
				3868C1692AE625B600E832B0 /* Main */,
				AC1FC1D52AE667A70078015B /* Core */,
				3868C16A2AE6C59A00E832B0 /* Data Manager */,
				AC1FC1DA2AE668480078015B /* Models */,
				AC1FC1D92AE668400078015B /* Presentation */,
				AC50DC312ACE5CE100B9FE1B /* Preview Content */,
			);
			path = "macro-challenge";
			sourceTree = "<group>";
		};
		AC50DC312ACE5CE100B9FE1B /* Preview Content */ = {
			isa = PBXGroup;
			children = (
				AC50DC322ACE5CE100B9FE1B /* Preview Assets.xcassets */,
			);
			path = "Preview Content";
			sourceTree = "<group>";
		};
/* End PBXGroup section */

/* Begin PBXNativeTarget section */
		AC50DC272ACE5CDF00B9FE1B /* macro-challenge */ = {
			isa = PBXNativeTarget;
			buildConfigurationList = AC50DC362ACE5CE100B9FE1B /* Build configuration list for PBXNativeTarget "macro-challenge" */;
			buildPhases = (
				AC50DC242ACE5CDF00B9FE1B /* Sources */,
				AC50DC252ACE5CDF00B9FE1B /* Frameworks */,
				AC50DC262ACE5CDF00B9FE1B /* Resources */,
			);
			buildRules = (
			);
			dependencies = (
			);
			name = "macro-challenge";
			productName = "macro-challenge";
			productReference = AC50DC282ACE5CDF00B9FE1B /* macro-challenge.app */;
			productType = "com.apple.product-type.application";
		};
/* End PBXNativeTarget section */

/* Begin PBXProject section */
		AC50DC202ACE5CDF00B9FE1B /* Project object */ = {
			isa = PBXProject;
			attributes = {
				BuildIndependentTargetsInParallel = 1;
				LastSwiftUpdateCheck = 1430;
				LastUpgradeCheck = 1500;
				TargetAttributes = {
					AC50DC272ACE5CDF00B9FE1B = {
						CreatedOnToolsVersion = 14.3;
					};
				};
			};
			buildConfigurationList = AC50DC232ACE5CDF00B9FE1B /* Build configuration list for PBXProject "macro-challenge" */;
			compatibilityVersion = "Xcode 14.0";
			developmentRegion = en;
			hasScannedForEncodings = 0;
			knownRegions = (
				en,
				Base,
			);
			mainGroup = AC50DC1F2ACE5CDF00B9FE1B;
			productRefGroup = AC50DC292ACE5CDF00B9FE1B /* Products */;
			projectDirPath = "";
			projectRoot = "";
			targets = (
				AC50DC272ACE5CDF00B9FE1B /* macro-challenge */,
			);
		};
/* End PBXProject section */

/* Begin PBXResourcesBuildPhase section */
		AC50DC262ACE5CDF00B9FE1B /* Resources */ = {
			isa = PBXResourcesBuildPhase;
			buildActionMask = 2147483647;
			files = (
				74FB089B2AE9A1A3003CBE43 /* i.m4a in Resources */,
				AC1FC2E52AEA6F160078015B /* before_break-word(1).m4a in Resources */,
				74FB08972AE9A1A3003CBE43 /* a.m4a in Resources */,
				AC50DC332ACE5CE100B9FE1B /* Preview Assets.xcassets in Resources */,
				AC1FC2EA2AEA6F160078015B /* before_card(1).m4a in Resources */,
				74FB08C12AE9A1B8003CBE43 /* pe.m4a in Resources */,
				74FB08C92AE9A1B8003CBE43 /* mi.m4a in Resources */,
				74FB08CB2AE9A1B8003CBE43 /* di.m4a in Resources */,
				74FB089E2AE9A1A3003CBE43 /* n.m4a in Resources */,
				74FB08D12AE9A1B8003CBE43 /* bo.m4a in Resources */,
				74FB08BA2AE9A1B8003CBE43 /* pu.m4a in Resources */,
				74FB08BE2AE9A1B8003CBE43 /* da.m4a in Resources */,
				74FB089C2AE9A1A3003CBE43 /* eh.m4a in Resources */,
				AC1FC2DE2AEA6F160078015B /* before_blend-word.m4a in Resources */,
				74FB08CD2AE9A1B8003CBE43 /* mo.m4a in Resources */,
				74FB08B92AE9A1B8003CBE43 /* bu.m4a in Resources */,
				AC1FC2E72AEA6F160078015B /* after_break-word(1).m4a in Resources */,
				AC1FC2E02AEA6F160078015B /* after_card(1).m4a in Resources */,
				74FB08C42AE9A1B8003CBE43 /* ma.m4a in Resources */,
				74FB08C02AE9A1B8003CBE43 /* me.m4a in Resources */,
				74FB08CC2AE9A1B8003CBE43 /* ba.m4a in Resources */,
				74FB08992AE9A1A3003CBE43 /* u.m4a in Resources */,
				AC1FC2DD2AEA6F160078015B /* before_card(2).m4a in Resources */,
				AC1FC1D22AE64C300078015B /* syllables.json in Resources */,
				AC1FC2E12AEA6F160078015B /* after_break-word(2).m4a in Resources */,
				74FB08C72AE9A1B8003CBE43 /* pa.m4a in Resources */,
				3868C15A2AE61C8E00E832B0 /* Quicksand-Medium.ttf in Resources */,
				AC1FC2E62AEA6F160078015B /* after_spelling.m4a in Resources */,
				AC1FC2E92AEA6F160078015B /* before_spelling.m4a in Resources */,
				74FB08C62AE9A1B8003CBE43 /* bi.m4a in Resources */,
				3868C1592AE61C8E00E832B0 /* Quicksand-Bold.ttf in Resources */,
				AC1FC2E42AEA6F160078015B /* after_card(2-correct).m4a in Resources */,
				74FB08C52AE9A1B8003CBE43 /* pi.m4a in Resources */,
				AC1FC2E82AEA6F160078015B /* after_card(2-wrong).m4a in Resources */,
				74FB08BD2AE9A1B8003CBE43 /* no.m4a in Resources */,
				74FB08BF2AE9A1B8003CBE43 /* ni.m4a in Resources */,
				74FB089D2AE9A1A3003CBE43 /* m.m4a in Resources */,
				3868C15D2AE61C8E00E832B0 /* Quicksand-Light.ttf in Resources */,
				AC1FC2E32AEA6F160078015B /* before_break-word(2).m4a in Resources */,
				3868C15C2AE61C8E00E832B0 /* Quicksand-SemiBold.ttf in Resources */,
				74FB08952AE9A1A3003CBE43 /* p.m4a in Resources */,
				74FB08BB2AE9A1B8003CBE43 /* po.m4a in Resources */,
				74FB08BC2AE9A1B8003CBE43 /* be.m4a in Resources */,
				74FB08C22AE9A1B8003CBE43 /* nu.m4a in Resources */,
				74FB089F2AE9A1A3003CBE43 /* o.m4a in Resources */,
				AC1FC2DF2AEA6F160078015B /* after_blend-word.m4a in Resources */,
				74FB08CE2AE9A1B8003CBE43 /* mu.m4a in Resources */,
				74FB08CF2AE9A1B8003CBE43 /* ne.m4a in Resources */,
				AC1FC2E22AEA6F160078015B /* after_break-word(3).m4a in Resources */,
				AC50DC302ACE5CE100B9FE1B /* Assets.xcassets in Resources */,
				74FB08C32AE9A1B8003CBE43 /* na.m4a in Resources */,
				74FB08D02AE9A1B8003CBE43 /* do.m4a in Resources */,
				74FB08C82AE9A1B8003CBE43 /* du.m4a in Resources */,
				74FB08982AE9A1A3003CBE43 /* d.m4a in Resources */,
				74FB08962AE9A1A3003CBE43 /* e.m4a in Resources */,
				74FB08CA2AE9A1B8003CBE43 /* de.m4a in Resources */,
				3868C15B2AE61C8E00E832B0 /* Quicksand-Regular.ttf in Resources */,
				74FB089A2AE9A1A3003CBE43 /* b.m4a in Resources */,
			);
			runOnlyForDeploymentPostprocessing = 0;
		};
/* End PBXResourcesBuildPhase section */

/* Begin PBXSourcesBuildPhase section */
		AC50DC242ACE5CDF00B9FE1B /* Sources */ = {
			isa = PBXSourcesBuildPhase;
			buildActionMask = 2147483647;
			files = (
				3868C17E2AE77B5000E832B0 /* FlowScreenView.swift in Sources */,
				2FF694A72AE8C65D0085393F /* Date+Extension.swift in Sources */,
				AC1FC1E62AE67A810078015B /* Word.swift in Sources */,
				2FF694A12AE8B4740085393F /* RecordingManager.swift in Sources */,
				3868C16C2AE6C5F900E832B0 /* Collection+Extension.swift in Sources */,
				3868C15F2AE61ED100E832B0 /* ColorString.swift in Sources */,
				2F8295D62AEC1C5500220402 /* AudioManager.swift in Sources */,
				3868C1772AE77AF700E832B0 /* OnboardingScreenView.swift in Sources */,
				74FB08D62AE9A9C6003CBE43 /* PermissionEnum.swift in Sources */,
				3868C1722AE777D900E832B0 /* StringResources.swift in Sources */,
				AC1FC1D82AE667C20078015B /* ContentManager.swift in Sources */,
				74FB08EB2AE9EC33003CBE43 /* FontConst.swift in Sources */,
				AC1FC1E22AE672290078015B /* FlowScreenViewModel.swift in Sources */,
				74FB08DA2AE9AB04003CBE43 /* ScannerView.swift in Sources */,
				3868C17C2AE77B2000E832B0 /* HomeScreenView.swift in Sources */,
				74FB08DC2AE9AB8F003CBE43 /* ScannerViewModel.swift in Sources */,
				3868C1682AE6256900E832B0 /* View+Typography.swift in Sources */,
				74FB08E72AE9E26B003CBE43 /* ImageConst.swift in Sources */,
				74FB08D82AE9AA50003CBE43 /* QrCameraView.swift in Sources */,
				74FB08E12AE9D351003CBE43 /* FrontCardView.swift in Sources */,
				AC50DC2E2ACE5CDF00B9FE1B /* ContentView.swift in Sources */,
				AC50DC2C2ACE5CDF00B9FE1B /* macro_challengeApp.swift in Sources */,
				74FB08DF2AE9D2DA003CBE43 /* CardVowelStyleEnum.swift in Sources */,
				AC1FC1DC2AE668570078015B /* Syllable.swift in Sources */,
				74FB08D32AE9A377003CBE43 /* QrScannerManager.swift in Sources */,
				74FB08E92AE9E94E003CBE43 /* BackCardView.swift in Sources */,
				AC1FC1E42AE675590078015B /* BreakWordActivity.swift in Sources */,
				AC1FC1E02AE66D9C0078015B /* SyllableLabel.swift in Sources */,
				74FB08E52AE9D9B4003CBE43 /* ColorConst.swift in Sources */,
				3868C1612AE61FEF00E832B0 /* Color+Colors.swift in Sources */,
				74FB08ED2AEA2D43003CBE43 /* QrScannerDelegate.swift in Sources */,
				74FB08E32AE9D67B003CBE43 /* Color+Extension.swift in Sources */,
				3868C1662AE622B800E832B0 /* Typography.swift in Sources */,
				3868C1642AE621C900E832B0 /* CGFloat+Spacings.swift in Sources */,
				2FF694A32AE8B8790085393F /* VoiceAudio.swift in Sources */,
			);
			runOnlyForDeploymentPostprocessing = 0;
		};
/* End PBXSourcesBuildPhase section */

/* Begin XCBuildConfiguration section */
		AC50DC342ACE5CE100B9FE1B /* Debug */ = {
			isa = XCBuildConfiguration;
			buildSettings = {
				ALWAYS_SEARCH_USER_PATHS = NO;
				CLANG_ANALYZER_NONNULL = YES;
				CLANG_ANALYZER_NUMBER_OBJECT_CONVERSION = YES_AGGRESSIVE;
				CLANG_CXX_LANGUAGE_STANDARD = "gnu++20";
				CLANG_ENABLE_MODULES = YES;
				CLANG_ENABLE_OBJC_ARC = YES;
				CLANG_ENABLE_OBJC_WEAK = YES;
				CLANG_WARN_BLOCK_CAPTURE_AUTORELEASING = YES;
				CLANG_WARN_BOOL_CONVERSION = YES;
				CLANG_WARN_COMMA = YES;
				CLANG_WARN_CONSTANT_CONVERSION = YES;
				CLANG_WARN_DEPRECATED_OBJC_IMPLEMENTATIONS = YES;
				CLANG_WARN_DIRECT_OBJC_ISA_USAGE = YES_ERROR;
				CLANG_WARN_DOCUMENTATION_COMMENTS = YES;
				CLANG_WARN_EMPTY_BODY = YES;
				CLANG_WARN_ENUM_CONVERSION = YES;
				CLANG_WARN_INFINITE_RECURSION = YES;
				CLANG_WARN_INT_CONVERSION = YES;
				CLANG_WARN_NON_LITERAL_NULL_CONVERSION = YES;
				CLANG_WARN_OBJC_IMPLICIT_RETAIN_SELF = YES;
				CLANG_WARN_OBJC_LITERAL_CONVERSION = YES;
				CLANG_WARN_OBJC_ROOT_CLASS = YES_ERROR;
				CLANG_WARN_QUOTED_INCLUDE_IN_FRAMEWORK_HEADER = YES;
				CLANG_WARN_RANGE_LOOP_ANALYSIS = YES;
				CLANG_WARN_STRICT_PROTOTYPES = YES;
				CLANG_WARN_SUSPICIOUS_MOVE = YES;
				CLANG_WARN_UNGUARDED_AVAILABILITY = YES_AGGRESSIVE;
				CLANG_WARN_UNREACHABLE_CODE = YES;
				CLANG_WARN__DUPLICATE_METHOD_MATCH = YES;
				COPY_PHASE_STRIP = NO;
				DEBUG_INFORMATION_FORMAT = dwarf;
				ENABLE_STRICT_OBJC_MSGSEND = YES;
				ENABLE_TESTABILITY = YES;
				ENABLE_USER_SCRIPT_SANDBOXING = YES;
				GCC_C_LANGUAGE_STANDARD = gnu11;
				GCC_DYNAMIC_NO_PIC = NO;
				GCC_NO_COMMON_BLOCKS = YES;
				GCC_OPTIMIZATION_LEVEL = 0;
				GCC_PREPROCESSOR_DEFINITIONS = (
					"DEBUG=1",
					"$(inherited)",
				);
				GCC_WARN_64_TO_32_BIT_CONVERSION = YES;
				GCC_WARN_ABOUT_RETURN_TYPE = YES_ERROR;
				GCC_WARN_UNDECLARED_SELECTOR = YES;
				GCC_WARN_UNINITIALIZED_AUTOS = YES_AGGRESSIVE;
				GCC_WARN_UNUSED_FUNCTION = YES;
				GCC_WARN_UNUSED_VARIABLE = YES;
				IPHONEOS_DEPLOYMENT_TARGET = 16.4;
				MTL_ENABLE_DEBUG_INFO = INCLUDE_SOURCE;
				MTL_FAST_MATH = YES;
				ONLY_ACTIVE_ARCH = YES;
				SDKROOT = iphoneos;
				SWIFT_ACTIVE_COMPILATION_CONDITIONS = DEBUG;
				SWIFT_OPTIMIZATION_LEVEL = "-Onone";
			};
			name = Debug;
		};
		AC50DC352ACE5CE100B9FE1B /* Release */ = {
			isa = XCBuildConfiguration;
			buildSettings = {
				ALWAYS_SEARCH_USER_PATHS = NO;
				CLANG_ANALYZER_NONNULL = YES;
				CLANG_ANALYZER_NUMBER_OBJECT_CONVERSION = YES_AGGRESSIVE;
				CLANG_CXX_LANGUAGE_STANDARD = "gnu++20";
				CLANG_ENABLE_MODULES = YES;
				CLANG_ENABLE_OBJC_ARC = YES;
				CLANG_ENABLE_OBJC_WEAK = YES;
				CLANG_WARN_BLOCK_CAPTURE_AUTORELEASING = YES;
				CLANG_WARN_BOOL_CONVERSION = YES;
				CLANG_WARN_COMMA = YES;
				CLANG_WARN_CONSTANT_CONVERSION = YES;
				CLANG_WARN_DEPRECATED_OBJC_IMPLEMENTATIONS = YES;
				CLANG_WARN_DIRECT_OBJC_ISA_USAGE = YES_ERROR;
				CLANG_WARN_DOCUMENTATION_COMMENTS = YES;
				CLANG_WARN_EMPTY_BODY = YES;
				CLANG_WARN_ENUM_CONVERSION = YES;
				CLANG_WARN_INFINITE_RECURSION = YES;
				CLANG_WARN_INT_CONVERSION = YES;
				CLANG_WARN_NON_LITERAL_NULL_CONVERSION = YES;
				CLANG_WARN_OBJC_IMPLICIT_RETAIN_SELF = YES;
				CLANG_WARN_OBJC_LITERAL_CONVERSION = YES;
				CLANG_WARN_OBJC_ROOT_CLASS = YES_ERROR;
				CLANG_WARN_QUOTED_INCLUDE_IN_FRAMEWORK_HEADER = YES;
				CLANG_WARN_RANGE_LOOP_ANALYSIS = YES;
				CLANG_WARN_STRICT_PROTOTYPES = YES;
				CLANG_WARN_SUSPICIOUS_MOVE = YES;
				CLANG_WARN_UNGUARDED_AVAILABILITY = YES_AGGRESSIVE;
				CLANG_WARN_UNREACHABLE_CODE = YES;
				CLANG_WARN__DUPLICATE_METHOD_MATCH = YES;
				COPY_PHASE_STRIP = NO;
				DEBUG_INFORMATION_FORMAT = "dwarf-with-dsym";
				ENABLE_NS_ASSERTIONS = NO;
				ENABLE_STRICT_OBJC_MSGSEND = YES;
				ENABLE_USER_SCRIPT_SANDBOXING = YES;
				GCC_C_LANGUAGE_STANDARD = gnu11;
				GCC_NO_COMMON_BLOCKS = YES;
				GCC_WARN_64_TO_32_BIT_CONVERSION = YES;
				GCC_WARN_ABOUT_RETURN_TYPE = YES_ERROR;
				GCC_WARN_UNDECLARED_SELECTOR = YES;
				GCC_WARN_UNINITIALIZED_AUTOS = YES_AGGRESSIVE;
				GCC_WARN_UNUSED_FUNCTION = YES;
				GCC_WARN_UNUSED_VARIABLE = YES;
				IPHONEOS_DEPLOYMENT_TARGET = 16.4;
				MTL_ENABLE_DEBUG_INFO = NO;
				MTL_FAST_MATH = YES;
				SDKROOT = iphoneos;
				SWIFT_COMPILATION_MODE = wholemodule;
				SWIFT_OPTIMIZATION_LEVEL = "-O";
				VALIDATE_PRODUCT = YES;
			};
			name = Release;
		};
		AC50DC372ACE5CE100B9FE1B /* Debug */ = {
			isa = XCBuildConfiguration;
			buildSettings = {
				ASSETCATALOG_COMPILER_APPICON_NAME = AppIcon;
				ASSETCATALOG_COMPILER_GLOBAL_ACCENT_COLOR_NAME = AccentColor;
				CODE_SIGN_STYLE = Automatic;
				CURRENT_PROJECT_VERSION = 1;
				DEVELOPMENT_ASSET_PATHS = "\"macro-challenge/Preview Content\"";
				DEVELOPMENT_TEAM = A94C53K2J9;
				ENABLE_PREVIEWS = YES;
				GENERATE_INFOPLIST_FILE = YES;
				INFOPLIST_FILE = "macro-challenge/Info.plist";
				INFOPLIST_KEY_NSCameraUsageDescription = "";
				INFOPLIST_KEY_UIApplicationSceneManifest_Generation = YES;
				INFOPLIST_KEY_UIApplicationSupportsIndirectInputEvents = YES;
				INFOPLIST_KEY_UILaunchScreen_Generation = YES;
				INFOPLIST_KEY_UISupportedInterfaceOrientations_iPad = "UIInterfaceOrientationPortrait UIInterfaceOrientationPortraitUpsideDown UIInterfaceOrientationLandscapeLeft UIInterfaceOrientationLandscapeRight";
				INFOPLIST_KEY_UISupportedInterfaceOrientations_iPhone = "UIInterfaceOrientationPortrait UIInterfaceOrientationLandscapeLeft UIInterfaceOrientationLandscapeRight";
				LD_RUNPATH_SEARCH_PATHS = (
					"$(inherited)",
					"@executable_path/Frameworks",
				);
				MARKETING_VERSION = 1.0;
				PRODUCT_BUNDLE_IDENTIFIER = "keziaglr.macro-challenge";
				PRODUCT_NAME = "$(TARGET_NAME)";
				SWIFT_EMIT_LOC_STRINGS = YES;
				SWIFT_VERSION = 5.0;
				TARGETED_DEVICE_FAMILY = "1,2";
			};
			name = Debug;
		};
		AC50DC382ACE5CE100B9FE1B /* Release */ = {
			isa = XCBuildConfiguration;
			buildSettings = {
				ASSETCATALOG_COMPILER_APPICON_NAME = AppIcon;
				ASSETCATALOG_COMPILER_GLOBAL_ACCENT_COLOR_NAME = AccentColor;
				CODE_SIGN_STYLE = Automatic;
				CURRENT_PROJECT_VERSION = 1;
				DEVELOPMENT_ASSET_PATHS = "\"macro-challenge/Preview Content\"";
				DEVELOPMENT_TEAM = A94C53K2J9;
				ENABLE_PREVIEWS = YES;
				GENERATE_INFOPLIST_FILE = YES;
				INFOPLIST_FILE = "macro-challenge/Info.plist";
				INFOPLIST_KEY_NSCameraUsageDescription = "";
				INFOPLIST_KEY_UIApplicationSceneManifest_Generation = YES;
				INFOPLIST_KEY_UIApplicationSupportsIndirectInputEvents = YES;
				INFOPLIST_KEY_UILaunchScreen_Generation = YES;
				INFOPLIST_KEY_UISupportedInterfaceOrientations_iPad = "UIInterfaceOrientationPortrait UIInterfaceOrientationPortraitUpsideDown UIInterfaceOrientationLandscapeLeft UIInterfaceOrientationLandscapeRight";
				INFOPLIST_KEY_UISupportedInterfaceOrientations_iPhone = "UIInterfaceOrientationPortrait UIInterfaceOrientationLandscapeLeft UIInterfaceOrientationLandscapeRight";
				LD_RUNPATH_SEARCH_PATHS = (
					"$(inherited)",
					"@executable_path/Frameworks",
				);
				MARKETING_VERSION = 1.0;
				PRODUCT_BUNDLE_IDENTIFIER = "keziaglr.macro-challenge";
				PRODUCT_NAME = "$(TARGET_NAME)";
				SWIFT_EMIT_LOC_STRINGS = YES;
				SWIFT_VERSION = 5.0;
				TARGETED_DEVICE_FAMILY = "1,2";
			};
			name = Release;
		};
/* End XCBuildConfiguration section */

/* Begin XCConfigurationList section */
		AC50DC232ACE5CDF00B9FE1B /* Build configuration list for PBXProject "macro-challenge" */ = {
			isa = XCConfigurationList;
			buildConfigurations = (
				AC50DC342ACE5CE100B9FE1B /* Debug */,
				AC50DC352ACE5CE100B9FE1B /* Release */,
			);
			defaultConfigurationIsVisible = 0;
			defaultConfigurationName = Release;
		};
		AC50DC362ACE5CE100B9FE1B /* Build configuration list for PBXNativeTarget "macro-challenge" */ = {
			isa = XCConfigurationList;
			buildConfigurations = (
				AC50DC372ACE5CE100B9FE1B /* Debug */,
				AC50DC382ACE5CE100B9FE1B /* Release */,
			);
			defaultConfigurationIsVisible = 0;
			defaultConfigurationName = Release;
		};
/* End XCConfigurationList section */
	};
	rootObject = AC50DC202ACE5CDF00B9FE1B /* Project object */;
}
