// !$*UTF8*$!
{
	archiveVersion = 1;
	classes = {
	};
	objectVersion = 56;
	objects = {

/* Begin PBXBuildFile section */
		AC50DC2C2ACE5CDF00B9FE1B /* macro_challengeApp.swift in Sources */ = {isa = PBXBuildFile; fileRef = AC50DC2B2ACE5CDF00B9FE1B /* macro_challengeApp.swift */; };
		AC50DC2E2ACE5CDF00B9FE1B /* ContentView.swift in Sources */ = {isa = PBXBuildFile; fileRef = AC50DC2D2ACE5CDF00B9FE1B /* ContentView.swift */; };
		AC50DC302ACE5CE100B9FE1B /* Assets.xcassets in Resources */ = {isa = PBXBuildFile; fileRef = AC50DC2F2ACE5CE100B9FE1B /* Assets.xcassets */; };
		AC50DC332ACE5CE100B9FE1B /* Preview Assets.xcassets in Resources */ = {isa = PBXBuildFile; fileRef = AC50DC322ACE5CE100B9FE1B /* Preview Assets.xcassets */; };
		ACEEDE8A2AE22170008F93E8 /* Quicksand-Medium.ttf in Resources */ = {isa = PBXBuildFile; fileRef = ACEEDE852AE22170008F93E8 /* Quicksand-Medium.ttf */; };
		ACEEDE8B2AE22170008F93E8 /* Quicksand-Regular.ttf in Resources */ = {isa = PBXBuildFile; fileRef = ACEEDE862AE22170008F93E8 /* Quicksand-Regular.ttf */; };
		ACEEDE8C2AE22170008F93E8 /* Quicksand-SemiBold.ttf in Resources */ = {isa = PBXBuildFile; fileRef = ACEEDE872AE22170008F93E8 /* Quicksand-SemiBold.ttf */; };
		ACEEDE8D2AE22170008F93E8 /* Quicksand-Light.ttf in Resources */ = {isa = PBXBuildFile; fileRef = ACEEDE882AE22170008F93E8 /* Quicksand-Light.ttf */; };
		ACEEDE8E2AE22170008F93E8 /* Quicksand-Bold.ttf in Resources */ = {isa = PBXBuildFile; fileRef = ACEEDE892AE22170008F93E8 /* Quicksand-Bold.ttf */; };
/* End PBXBuildFile section */

/* Begin PBXFileReference section */
		AC50DC282ACE5CDF00B9FE1B /* macro-challenge.app */ = {isa = PBXFileReference; explicitFileType = wrapper.application; includeInIndex = 0; path = "macro-challenge.app"; sourceTree = BUILT_PRODUCTS_DIR; };
		AC50DC2B2ACE5CDF00B9FE1B /* macro_challengeApp.swift */ = {isa = PBXFileReference; lastKnownFileType = sourcecode.swift; path = macro_challengeApp.swift; sourceTree = "<group>"; };
		AC50DC2D2ACE5CDF00B9FE1B /* ContentView.swift */ = {isa = PBXFileReference; lastKnownFileType = sourcecode.swift; path = ContentView.swift; sourceTree = "<group>"; };
		AC50DC2F2ACE5CE100B9FE1B /* Assets.xcassets */ = {isa = PBXFileReference; lastKnownFileType = folder.assetcatalog; path = Assets.xcassets; sourceTree = "<group>"; };
		AC50DC322ACE5CE100B9FE1B /* Preview Assets.xcassets */ = {isa = PBXFileReference; lastKnownFileType = folder.assetcatalog; path = "Preview Assets.xcassets"; sourceTree = "<group>"; };
		ACEEDE852AE22170008F93E8 /* Quicksand-Medium.ttf */ = {isa = PBXFileReference; lastKnownFileType = file; name = "Quicksand-Medium.ttf"; path = "../../../../../../../../../Downloads/Quicksand/static/Quicksand-Medium.ttf"; sourceTree = "<group>"; };
		ACEEDE862AE22170008F93E8 /* Quicksand-Regular.ttf */ = {isa = PBXFileReference; lastKnownFileType = file; name = "Quicksand-Regular.ttf"; path = "../../../../../../../../../Downloads/Quicksand/static/Quicksand-Regular.ttf"; sourceTree = "<group>"; };
		ACEEDE872AE22170008F93E8 /* Quicksand-SemiBold.ttf */ = {isa = PBXFileReference; lastKnownFileType = file; name = "Quicksand-SemiBold.ttf"; path = "../../../../../../../../../Downloads/Quicksand/static/Quicksand-SemiBold.ttf"; sourceTree = "<group>"; };
		ACEEDE882AE22170008F93E8 /* Quicksand-Light.ttf */ = {isa = PBXFileReference; lastKnownFileType = file; name = "Quicksand-Light.ttf"; path = "../../../../../../../../../Downloads/Quicksand/static/Quicksand-Light.ttf"; sourceTree = "<group>"; };
		ACEEDE892AE22170008F93E8 /* Quicksand-Bold.ttf */ = {isa = PBXFileReference; lastKnownFileType = file; name = "Quicksand-Bold.ttf"; path = "../../../../../../../../../Downloads/Quicksand/static/Quicksand-Bold.ttf"; sourceTree = "<group>"; };
		ACEEDE8F2AE22210008F93E8 /* Info.plist */ = {isa = PBXFileReference; lastKnownFileType = text.plist; path = Info.plist; sourceTree = "<group>"; };
/* End PBXFileReference section */

/* Begin PBXFrameworksBuildPhase section */
		AC50DC252ACE5CDF00B9FE1B /* Frameworks */ = {
			isa = PBXFrameworksBuildPhase;
			buildActionMask = 2147483647;
			files = (
			);
			runOnlyForDeploymentPostprocessing = 0;
		};
/* End PBXFrameworksBuildPhase section */

/* Begin PBXGroup section */
		AC50DC1F2ACE5CDF00B9FE1B = {
			isa = PBXGroup;
			children = (
				AC50DC2A2ACE5CDF00B9FE1B /* macro-challenge */,
				AC50DC292ACE5CDF00B9FE1B /* Products */,
			);
			sourceTree = "<group>";
		};
		AC50DC292ACE5CDF00B9FE1B /* Products */ = {
			isa = PBXGroup;
			children = (
				AC50DC282ACE5CDF00B9FE1B /* macro-challenge.app */,
			);
			name = Products;
			sourceTree = "<group>";
		};
		AC50DC2A2ACE5CDF00B9FE1B /* macro-challenge */ = {
			isa = PBXGroup;
			children = (
				ACEEDE8F2AE22210008F93E8 /* Info.plist */,
				ACEEDE822AE22140008F93E8 /* Resources */,
				AC50DC2B2ACE5CDF00B9FE1B /* macro_challengeApp.swift */,
				AC50DC2D2ACE5CDF00B9FE1B /* ContentView.swift */,
				AC50DC312ACE5CE100B9FE1B /* Preview Content */,
			);
			path = "macro-challenge";
			sourceTree = "<group>";
		};
		AC50DC312ACE5CE100B9FE1B /* Preview Content */ = {
			isa = PBXGroup;
			children = (
				AC50DC322ACE5CE100B9FE1B /* Preview Assets.xcassets */,
			);
			path = "Preview Content";
			sourceTree = "<group>";
		};
		ACEEDE822AE22140008F93E8 /* Resources */ = {
			isa = PBXGroup;
			children = (
				ACEEDE832AE22154008F93E8 /* Font */,
				AC50DC2F2ACE5CE100B9FE1B /* Assets.xcassets */,
			);
			path = Resources;
			sourceTree = "<group>";
		};
		ACEEDE832AE22154008F93E8 /* Font */ = {
			isa = PBXGroup;
			children = (
				ACEEDE842AE22167008F93E8 /* Quicksand */,
			);
			path = Font;
			sourceTree = "<group>";
		};
		ACEEDE842AE22167008F93E8 /* Quicksand */ = {
			isa = PBXGroup;
			children = (
				ACEEDE892AE22170008F93E8 /* Quicksand-Bold.ttf */,
				ACEEDE882AE22170008F93E8 /* Quicksand-Light.ttf */,
				ACEEDE852AE22170008F93E8 /* Quicksand-Medium.ttf */,
				ACEEDE862AE22170008F93E8 /* Quicksand-Regular.ttf */,
				ACEEDE872AE22170008F93E8 /* Quicksand-SemiBold.ttf */,
			);
			path = Quicksand;
			sourceTree = "<group>";
		};
/* End PBXGroup section */

/* Begin PBXNativeTarget section */
		AC50DC272ACE5CDF00B9FE1B /* macro-challenge */ = {
			isa = PBXNativeTarget;
			buildConfigurationList = AC50DC362ACE5CE100B9FE1B /* Build configuration list for PBXNativeTarget "macro-challenge" */;
			buildPhases = (
				AC50DC242ACE5CDF00B9FE1B /* Sources */,
				AC50DC252ACE5CDF00B9FE1B /* Frameworks */,
				AC50DC262ACE5CDF00B9FE1B /* Resources */,
			);
			buildRules = (
			);
			dependencies = (
			);
			name = "macro-challenge";
			productName = "macro-challenge";
			productReference = AC50DC282ACE5CDF00B9FE1B /* macro-challenge.app */;
			productType = "com.apple.product-type.application";
		};
/* End PBXNativeTarget section */

/* Begin PBXProject section */
		AC50DC202ACE5CDF00B9FE1B /* Project object */ = {
			isa = PBXProject;
			attributes = {
				BuildIndependentTargetsInParallel = 1;
				LastSwiftUpdateCheck = 1430;
				LastUpgradeCheck = 1430;
				TargetAttributes = {
					AC50DC272ACE5CDF00B9FE1B = {
						CreatedOnToolsVersion = 14.3;
					};
				};
			};
			buildConfigurationList = AC50DC232ACE5CDF00B9FE1B /* Build configuration list for PBXProject "macro-challenge" */;
			compatibilityVersion = "Xcode 14.0";
			developmentRegion = en;
			hasScannedForEncodings = 0;
			knownRegions = (
				en,
				Base,
			);
			mainGroup = AC50DC1F2ACE5CDF00B9FE1B;
			productRefGroup = AC50DC292ACE5CDF00B9FE1B /* Products */;
			projectDirPath = "";
			projectRoot = "";
			targets = (
				AC50DC272ACE5CDF00B9FE1B /* macro-challenge */,
			);
		};
/* End PBXProject section */

/* Begin PBXResourcesBuildPhase section */
		AC50DC262ACE5CDF00B9FE1B /* Resources */ = {
			isa = PBXResourcesBuildPhase;
			buildActionMask = 2147483647;
			files = (
				ACEEDE8E2AE22170008F93E8 /* Quicksand-Bold.ttf in Resources */,
				AC50DC332ACE5CE100B9FE1B /* Preview Assets.xcassets in Resources */,
				ACEEDE8C2AE22170008F93E8 /* Quicksand-SemiBold.ttf in Resources */,
				AC50DC302ACE5CE100B9FE1B /* Assets.xcassets in Resources */,
				ACEEDE8D2AE22170008F93E8 /* Quicksand-Light.ttf in Resources */,
				ACEEDE8A2AE22170008F93E8 /* Quicksand-Medium.ttf in Resources */,
				ACEEDE8B2AE22170008F93E8 /* Quicksand-Regular.ttf in Resources */,
			);
			runOnlyForDeploymentPostprocessing = 0;
		};
/* End PBXResourcesBuildPhase section */

/* Begin PBXSourcesBuildPhase section */
		AC50DC242ACE5CDF00B9FE1B /* Sources */ = {
			isa = PBXSourcesBuildPhase;
			buildActionMask = 2147483647;
			files = (
				AC50DC2E2ACE5CDF00B9FE1B /* ContentView.swift in Sources */,
				AC50DC2C2ACE5CDF00B9FE1B /* macro_challengeApp.swift in Sources */,
			);
			runOnlyForDeploymentPostprocessing = 0;
		};
/* End PBXSourcesBuildPhase section */

/* Begin XCBuildConfiguration section */
		AC50DC342ACE5CE100B9FE1B /* Debug */ = {
			isa = XCBuildConfiguration;
			buildSettings = {
				ALWAYS_SEARCH_USER_PATHS = NO;
				CLANG_ANALYZER_NONNULL = YES;
				CLANG_ANALYZER_NUMBER_OBJECT_CONVERSION = YES_AGGRESSIVE;
				CLANG_CXX_LANGUAGE_STANDARD = "gnu++20";
				CLANG_ENABLE_MODULES = YES;
				CLANG_ENABLE_OBJC_ARC = YES;
				CLANG_ENABLE_OBJC_WEAK = YES;
				CLANG_WARN_BLOCK_CAPTURE_AUTORELEASING = YES;
				CLANG_WARN_BOOL_CONVERSION = YES;
				CLANG_WARN_COMMA = YES;
				CLANG_WARN_CONSTANT_CONVERSION = YES;
				CLANG_WARN_DEPRECATED_OBJC_IMPLEMENTATIONS = YES;
				CLANG_WARN_DIRECT_OBJC_ISA_USAGE = YES_ERROR;
				CLANG_WARN_DOCUMENTATION_COMMENTS = YES;
				CLANG_WARN_EMPTY_BODY = YES;
				CLANG_WARN_ENUM_CONVERSION = YES;
				CLANG_WARN_INFINITE_RECURSION = YES;
				CLANG_WARN_INT_CONVERSION = YES;
				CLANG_WARN_NON_LITERAL_NULL_CONVERSION = YES;
				CLANG_WARN_OBJC_IMPLICIT_RETAIN_SELF = YES;
				CLANG_WARN_OBJC_LITERAL_CONVERSION = YES;
				CLANG_WARN_OBJC_ROOT_CLASS = YES_ERROR;
				CLANG_WARN_QUOTED_INCLUDE_IN_FRAMEWORK_HEADER = YES;
				CLANG_WARN_RANGE_LOOP_ANALYSIS = YES;
				CLANG_WARN_STRICT_PROTOTYPES = YES;
				CLANG_WARN_SUSPICIOUS_MOVE = YES;
				CLANG_WARN_UNGUARDED_AVAILABILITY = YES_AGGRESSIVE;
				CLANG_WARN_UNREACHABLE_CODE = YES;
				CLANG_WARN__DUPLICATE_METHOD_MATCH = YES;
				COPY_PHASE_STRIP = NO;
				DEBUG_INFORMATION_FORMAT = dwarf;
				ENABLE_STRICT_OBJC_MSGSEND = YES;
				ENABLE_TESTABILITY = YES;
				GCC_C_LANGUAGE_STANDARD = gnu11;
				GCC_DYNAMIC_NO_PIC = NO;
				GCC_NO_COMMON_BLOCKS = YES;
				GCC_OPTIMIZATION_LEVEL = 0;
				GCC_PREPROCESSOR_DEFINITIONS = (
					"DEBUG=1",
					"$(inherited)",
				);
				GCC_WARN_64_TO_32_BIT_CONVERSION = YES;
				GCC_WARN_ABOUT_RETURN_TYPE = YES_ERROR;
				GCC_WARN_UNDECLARED_SELECTOR = YES;
				GCC_WARN_UNINITIALIZED_AUTOS = YES_AGGRESSIVE;
				GCC_WARN_UNUSED_FUNCTION = YES;
				GCC_WARN_UNUSED_VARIABLE = YES;
				IPHONEOS_DEPLOYMENT_TARGET = 16.4;
				MTL_ENABLE_DEBUG_INFO = INCLUDE_SOURCE;
				MTL_FAST_MATH = YES;
				ONLY_ACTIVE_ARCH = YES;
				SDKROOT = iphoneos;
				SWIFT_ACTIVE_COMPILATION_CONDITIONS = DEBUG;
				SWIFT_OPTIMIZATION_LEVEL = "-Onone";
			};
			name = Debug;
		};
		AC50DC352ACE5CE100B9FE1B /* Release */ = {
			isa = XCBuildConfiguration;
			buildSettings = {
				ALWAYS_SEARCH_USER_PATHS = NO;
				CLANG_ANALYZER_NONNULL = YES;
				CLANG_ANALYZER_NUMBER_OBJECT_CONVERSION = YES_AGGRESSIVE;
				CLANG_CXX_LANGUAGE_STANDARD = "gnu++20";
				CLANG_ENABLE_MODULES = YES;
				CLANG_ENABLE_OBJC_ARC = YES;
				CLANG_ENABLE_OBJC_WEAK = YES;
				CLANG_WARN_BLOCK_CAPTURE_AUTORELEASING = YES;
				CLANG_WARN_BOOL_CONVERSION = YES;
				CLANG_WARN_COMMA = YES;
				CLANG_WARN_CONSTANT_CONVERSION = YES;
				CLANG_WARN_DEPRECATED_OBJC_IMPLEMENTATIONS = YES;
				CLANG_WARN_DIRECT_OBJC_ISA_USAGE = YES_ERROR;
				CLANG_WARN_DOCUMENTATION_COMMENTS = YES;
				CLANG_WARN_EMPTY_BODY = YES;
				CLANG_WARN_ENUM_CONVERSION = YES;
				CLANG_WARN_INFINITE_RECURSION = YES;
				CLANG_WARN_INT_CONVERSION = YES;
				CLANG_WARN_NON_LITERAL_NULL_CONVERSION = YES;
				CLANG_WARN_OBJC_IMPLICIT_RETAIN_SELF = YES;
				CLANG_WARN_OBJC_LITERAL_CONVERSION = YES;
				CLANG_WARN_OBJC_ROOT_CLASS = YES_ERROR;
				CLANG_WARN_QUOTED_INCLUDE_IN_FRAMEWORK_HEADER = YES;
				CLANG_WARN_RANGE_LOOP_ANALYSIS = YES;
				CLANG_WARN_STRICT_PROTOTYPES = YES;
				CLANG_WARN_SUSPICIOUS_MOVE = YES;
				CLANG_WARN_UNGUARDED_AVAILABILITY = YES_AGGRESSIVE;
				CLANG_WARN_UNREACHABLE_CODE = YES;
				CLANG_WARN__DUPLICATE_METHOD_MATCH = YES;
				COPY_PHASE_STRIP = NO;
				DEBUG_INFORMATION_FORMAT = "dwarf-with-dsym";
				ENABLE_NS_ASSERTIONS = NO;
				ENABLE_STRICT_OBJC_MSGSEND = YES;
				GCC_C_LANGUAGE_STANDARD = gnu11;
				GCC_NO_COMMON_BLOCKS = YES;
				GCC_WARN_64_TO_32_BIT_CONVERSION = YES;
				GCC_WARN_ABOUT_RETURN_TYPE = YES_ERROR;
				GCC_WARN_UNDECLARED_SELECTOR = YES;
				GCC_WARN_UNINITIALIZED_AUTOS = YES_AGGRESSIVE;
				GCC_WARN_UNUSED_FUNCTION = YES;
				GCC_WARN_UNUSED_VARIABLE = YES;
				IPHONEOS_DEPLOYMENT_TARGET = 16.4;
				MTL_ENABLE_DEBUG_INFO = NO;
				MTL_FAST_MATH = YES;
				SDKROOT = iphoneos;
				SWIFT_COMPILATION_MODE = wholemodule;
				SWIFT_OPTIMIZATION_LEVEL = "-O";
				VALIDATE_PRODUCT = YES;
			};
			name = Release;
		};
		AC50DC372ACE5CE100B9FE1B /* Debug */ = {
			isa = XCBuildConfiguration;
			buildSettings = {
				ASSETCATALOG_COMPILER_APPICON_NAME = AppIcon;
				ASSETCATALOG_COMPILER_GLOBAL_ACCENT_COLOR_NAME = AccentColor;
				CODE_SIGN_STYLE = Automatic;
				CURRENT_PROJECT_VERSION = 1;
				DEVELOPMENT_ASSET_PATHS = "\"macro-challenge/Preview Content\"";
				DEVELOPMENT_TEAM = CL2T9LDG63;
				ENABLE_PREVIEWS = YES;
				GENERATE_INFOPLIST_FILE = YES;
				INFOPLIST_FILE = "macro-challenge/Info.plist";
				INFOPLIST_KEY_UIApplicationSceneManifest_Generation = YES;
				INFOPLIST_KEY_UIApplicationSupportsIndirectInputEvents = YES;
				INFOPLIST_KEY_UILaunchScreen_Generation = YES;
				INFOPLIST_KEY_UISupportedInterfaceOrientations_iPad = "UIInterfaceOrientationPortrait UIInterfaceOrientationPortraitUpsideDown UIInterfaceOrientationLandscapeLeft UIInterfaceOrientationLandscapeRight";
				INFOPLIST_KEY_UISupportedInterfaceOrientations_iPhone = "UIInterfaceOrientationPortrait UIInterfaceOrientationLandscapeLeft UIInterfaceOrientationLandscapeRight";
				LD_RUNPATH_SEARCH_PATHS = (
					"$(inherited)",
					"@executable_path/Frameworks",
				);
				MARKETING_VERSION = 1.0;
				PRODUCT_BUNDLE_IDENTIFIER = "keziaglr.macro-challenge";
				PRODUCT_NAME = "$(TARGET_NAME)";
				SWIFT_EMIT_LOC_STRINGS = YES;
				SWIFT_VERSION = 5.0;
				TARGETED_DEVICE_FAMILY = "1,2";
			};
			name = Debug;
		};
		AC50DC382ACE5CE100B9FE1B /* Release */ = {
			isa = XCBuildConfiguration;
			buildSettings = {
				ASSETCATALOG_COMPILER_APPICON_NAME = AppIcon;
				ASSETCATALOG_COMPILER_GLOBAL_ACCENT_COLOR_NAME = AccentColor;
				CODE_SIGN_STYLE = Automatic;
				CURRENT_PROJECT_VERSION = 1;
				DEVELOPMENT_ASSET_PATHS = "\"macro-challenge/Preview Content\"";
				DEVELOPMENT_TEAM = CL2T9LDG63;
				ENABLE_PREVIEWS = YES;
				GENERATE_INFOPLIST_FILE = YES;
				INFOPLIST_FILE = "macro-challenge/Info.plist";
				INFOPLIST_KEY_UIApplicationSceneManifest_Generation = YES;
				INFOPLIST_KEY_UIApplicationSupportsIndirectInputEvents = YES;
				INFOPLIST_KEY_UILaunchScreen_Generation = YES;
				INFOPLIST_KEY_UISupportedInterfaceOrientations_iPad = "UIInterfaceOrientationPortrait UIInterfaceOrientationPortraitUpsideDown UIInterfaceOrientationLandscapeLeft UIInterfaceOrientationLandscapeRight";
				INFOPLIST_KEY_UISupportedInterfaceOrientations_iPhone = "UIInterfaceOrientationPortrait UIInterfaceOrientationLandscapeLeft UIInterfaceOrientationLandscapeRight";
				LD_RUNPATH_SEARCH_PATHS = (
					"$(inherited)",
					"@executable_path/Frameworks",
				);
				MARKETING_VERSION = 1.0;
				PRODUCT_BUNDLE_IDENTIFIER = "keziaglr.macro-challenge";
				PRODUCT_NAME = "$(TARGET_NAME)";
				SWIFT_EMIT_LOC_STRINGS = YES;
				SWIFT_VERSION = 5.0;
				TARGETED_DEVICE_FAMILY = "1,2";
			};
			name = Release;
		};
/* End XCBuildConfiguration section */

/* Begin XCConfigurationList section */
		AC50DC232ACE5CDF00B9FE1B /* Build configuration list for PBXProject "macro-challenge" */ = {
			isa = XCConfigurationList;
			buildConfigurations = (
				AC50DC342ACE5CE100B9FE1B /* Debug */,
				AC50DC352ACE5CE100B9FE1B /* Release */,
			);
			defaultConfigurationIsVisible = 0;
			defaultConfigurationName = Release;
		};
		AC50DC362ACE5CE100B9FE1B /* Build configuration list for PBXNativeTarget "macro-challenge" */ = {
			isa = XCConfigurationList;
			buildConfigurations = (
				AC50DC372ACE5CE100B9FE1B /* Debug */,
				AC50DC382ACE5CE100B9FE1B /* Release */,
			);
			defaultConfigurationIsVisible = 0;
			defaultConfigurationName = Release;
		};
/* End XCConfigurationList section */
	};
	rootObject = AC50DC202ACE5CDF00B9FE1B /* Project object */;
}
