// !$*UTF8*$!
{
	archiveVersion = 1;
	classes = {
	};
	objectVersion = 56;
	objects = {

/* Begin PBXBuildFile section */
		2F75E5692B01D8B4003982C5 /* Probability.swift in Sources */ = {isa = PBXBuildFile; fileRef = 2F75E5682B01D8B4003982C5 /* Probability.swift */; };
		2F99061D2AEE5EDD005AB1CC /* AudioRecord.swift in Sources */ = {isa = PBXBuildFile; fileRef = 2F99061C2AEE5EDD005AB1CC /* AudioRecord.swift */; };
		2F99061F2AEE687A005AB1CC /* AudioManager.swift in Sources */ = {isa = PBXBuildFile; fileRef = 2F99061E2AEE687A005AB1CC /* AudioManager.swift */; };
		2FAFBA112B00DFAE00176336 /* SoundClassifier.swift in Sources */ = {isa = PBXBuildFile; fileRef = 2FAFBA102B00DFAE00176336 /* SoundClassifier.swift */; };
		2FD5B2082B05D9BE00F8373A /* PreviewCardView.swift in Sources */ = {isa = PBXBuildFile; fileRef = 2FD5B2072B05D9BE00F8373A /* PreviewCardView.swift */; };
		2FE992332B0726530073B3BC /* sound_classification.tflite in Resources */ = {isa = PBXBuildFile; fileRef = 2FE992312B0726520073B3BC /* sound_classification.tflite */; };
		2FE992342B0726530073B3BC /* labels.txt in Resources */ = {isa = PBXBuildFile; fileRef = 2FE992322B0726520073B3BC /* labels.txt */; };
		2FF694A12AE8B4740085393F /* RecordingManager.swift in Sources */ = {isa = PBXBuildFile; fileRef = 2FF694A02AE8B4740085393F /* RecordingManager.swift */; };
		2FF694A72AE8C65D0085393F /* Date+Extension.swift in Sources */ = {isa = PBXBuildFile; fileRef = 2FF694A62AE8C65D0085393F /* Date+Extension.swift */; };
		3808ED002AFAE41F008FE81A /* words.json in Resources */ = {isa = PBXBuildFile; fileRef = 3808ECFF2AFA1BED008FE81A /* words.json */; };
		381C33DC2B03D97000BAFE69 /* AppNavigation.swift in Sources */ = {isa = PBXBuildFile; fileRef = 381C33DB2B03D97000BAFE69 /* AppNavigation.swift */; };
		381C33DE2B03E84D00BAFE69 /* VoiceResources.swift in Sources */ = {isa = PBXBuildFile; fileRef = 381C33DD2B03E84D00BAFE69 /* VoiceResources.swift */; };
		381C33E82B041A1700BAFE69 /* CombineSyllableActivityView.swift in Sources */ = {isa = PBXBuildFile; fileRef = 381C33E72B041A1700BAFE69 /* CombineSyllableActivityView.swift */; };
		381C33EA2B041A2400BAFE69 /* CombineSyllableActivityViewModel.swift in Sources */ = {isa = PBXBuildFile; fileRef = 381C33E92B041A2400BAFE69 /* CombineSyllableActivityViewModel.swift */; };
		381C33EC2B041A3700BAFE69 /* CardActivityView.swift in Sources */ = {isa = PBXBuildFile; fileRef = 381C33EB2B041A3700BAFE69 /* CardActivityView.swift */; };
		381C33EE2B041A4200BAFE69 /* CardActivityViewModel.swift in Sources */ = {isa = PBXBuildFile; fileRef = 381C33ED2B041A4200BAFE69 /* CardActivityViewModel.swift */; };
		381C33F22B041A7A00BAFE69 /* BreakWordActivityView.swift in Sources */ = {isa = PBXBuildFile; fileRef = 381C33F12B041A7A00BAFE69 /* BreakWordActivityView.swift */; };
		381C33F42B041A8200BAFE69 /* BreakWordActivityViewModel.swift in Sources */ = {isa = PBXBuildFile; fileRef = 381C33F32B041A8200BAFE69 /* BreakWordActivityViewModel.swift */; };
		381C33F82B041A9900BAFE69 /* PronunciationActivityViewModel.swift in Sources */ = {isa = PBXBuildFile; fileRef = 381C33F72B041A9900BAFE69 /* PronunciationActivityViewModel.swift */; };
		381C33FD2B041AED00BAFE69 /* LearningFlowScreenView.swift in Sources */ = {isa = PBXBuildFile; fileRef = 381C33FC2B041AED00BAFE69 /* LearningFlowScreenView.swift */; };
		381C33FF2B041AF400BAFE69 /* LearningFlowScreenViewModel.swift in Sources */ = {isa = PBXBuildFile; fileRef = 381C33FE2B041AF400BAFE69 /* LearningFlowScreenViewModel.swift */; };
		381C34012B045FA200BAFE69 /* PreviewDataResources.swift in Sources */ = {isa = PBXBuildFile; fileRef = 381C34002B045FA200BAFE69 /* PreviewDataResources.swift */; };
		3868C1592AE61C8E00E832B0 /* Quicksand-Bold.ttf in Resources */ = {isa = PBXBuildFile; fileRef = 3868C1542AE61C8E00E832B0 /* Quicksand-Bold.ttf */; };
		3868C15A2AE61C8E00E832B0 /* Quicksand-Medium.ttf in Resources */ = {isa = PBXBuildFile; fileRef = 3868C1552AE61C8E00E832B0 /* Quicksand-Medium.ttf */; };
		3868C15B2AE61C8E00E832B0 /* Quicksand-Regular.ttf in Resources */ = {isa = PBXBuildFile; fileRef = 3868C1562AE61C8E00E832B0 /* Quicksand-Regular.ttf */; };
		3868C15C2AE61C8E00E832B0 /* Quicksand-SemiBold.ttf in Resources */ = {isa = PBXBuildFile; fileRef = 3868C1572AE61C8E00E832B0 /* Quicksand-SemiBold.ttf */; };
		3868C15D2AE61C8E00E832B0 /* Quicksand-Light.ttf in Resources */ = {isa = PBXBuildFile; fileRef = 3868C1582AE61C8E00E832B0 /* Quicksand-Light.ttf */; };
		3868C15F2AE61ED100E832B0 /* ColorString.swift in Sources */ = {isa = PBXBuildFile; fileRef = 3868C15E2AE61ED100E832B0 /* ColorString.swift */; };
		3868C1612AE61FEF00E832B0 /* Color+Colors.swift in Sources */ = {isa = PBXBuildFile; fileRef = 3868C1602AE61FEF00E832B0 /* Color+Colors.swift */; };
		3868C1642AE621C900E832B0 /* CGFloat+Spacings.swift in Sources */ = {isa = PBXBuildFile; fileRef = 3868C1632AE621C900E832B0 /* CGFloat+Spacings.swift */; };
		3868C1662AE622B800E832B0 /* Typography.swift in Sources */ = {isa = PBXBuildFile; fileRef = 3868C1652AE622B800E832B0 /* Typography.swift */; };
		3868C1682AE6256900E832B0 /* View+Typography.swift in Sources */ = {isa = PBXBuildFile; fileRef = 3868C1672AE6256900E832B0 /* View+Typography.swift */; };
		3868C16C2AE6C5F900E832B0 /* Collection+Extension.swift in Sources */ = {isa = PBXBuildFile; fileRef = 3868C16B2AE6C5F900E832B0 /* Collection+Extension.swift */; };
		3868C1722AE777D900E832B0 /* StringResources.swift in Sources */ = {isa = PBXBuildFile; fileRef = 3868C1712AE777D900E832B0 /* StringResources.swift */; };
		3868C1772AE77AF700E832B0 /* OnboardingScreenView.swift in Sources */ = {isa = PBXBuildFile; fileRef = 3868C1762AE77AF700E832B0 /* OnboardingScreenView.swift */; };
		3868C17C2AE77B2000E832B0 /* HomeScreenView.swift in Sources */ = {isa = PBXBuildFile; fileRef = 3868C17B2AE77B2000E832B0 /* HomeScreenView.swift */; };
		389F02DB2B0463E600422671 /* PronunciationActivityView.swift in Sources */ = {isa = PBXBuildFile; fileRef = 389F02DA2B0463E600422671 /* PronunciationActivityView.swift */; };
		389F02DE2B0494AB00422671 /* PlayPronunciationRecordView.swift in Sources */ = {isa = PBXBuildFile; fileRef = 389F02DD2B0494AB00422671 /* PlayPronunciationRecordView.swift */; };
		389F02E02B049A7500422671 /* VoiceRecognitionManager.swift in Sources */ = {isa = PBXBuildFile; fileRef = 389F02DF2B049A7500422671 /* VoiceRecognitionManager.swift */; };
		7429B7642AEEED7100BF7F93 /* String+Extension.swift in Sources */ = {isa = PBXBuildFile; fileRef = 7429B7632AEEED7100BF7F93 /* String+Extension.swift */; };
		7429B7662AEF33BE00BF7F93 /* CustomShape.swift in Sources */ = {isa = PBXBuildFile; fileRef = 7429B7652AEF33BE00BF7F93 /* CustomShape.swift */; };
		743C087F2B055BC3008CAB95 /* ActivityRepository.swift in Sources */ = {isa = PBXBuildFile; fileRef = 743C087E2B055BC3008CAB95 /* ActivityRepository.swift */; };
		743C08812B055BD2008CAB95 /* ActivityRepositoryImpl.swift in Sources */ = {isa = PBXBuildFile; fileRef = 743C08802B055BD2008CAB95 /* ActivityRepositoryImpl.swift */; };
		743C08832B055C81008CAB95 /* WordRepository.swift in Sources */ = {isa = PBXBuildFile; fileRef = 743C08822B055C81008CAB95 /* WordRepository.swift */; };
		743C08852B055C8B008CAB95 /* WordRepositoryImpl.swift in Sources */ = {isa = PBXBuildFile; fileRef = 743C08842B055C8B008CAB95 /* WordRepositoryImpl.swift */; };
		743C08872B055CA0008CAB95 /* SyllableRepository.swift in Sources */ = {isa = PBXBuildFile; fileRef = 743C08862B055CA0008CAB95 /* SyllableRepository.swift */; };
		743C08892B055CB3008CAB95 /* SyllableRepositoryImpl.swift in Sources */ = {isa = PBXBuildFile; fileRef = 743C08882B055CB3008CAB95 /* SyllableRepositoryImpl.swift */; };
		743C088B2B057B46008CAB95 /* CoreDataViewModel.swift in Sources */ = {isa = PBXBuildFile; fileRef = 743C088A2B057B46008CAB95 /* CoreDataViewModel.swift */; };
		744373932B046B09005D62DD /* CoreDataModel.xcdatamodeld in Sources */ = {isa = PBXBuildFile; fileRef = 744373912B046B09005D62DD /* CoreDataModel.xcdatamodeld */; };
		744373962B046B8A005D62DD /* CoreDataManager.swift in Sources */ = {isa = PBXBuildFile; fileRef = 744373952B046B8A005D62DD /* CoreDataManager.swift */; };
		744373982B046C2F005D62DD /* CoreDataConst.swift in Sources */ = {isa = PBXBuildFile; fileRef = 744373972B046C2F005D62DD /* CoreDataConst.swift */; };
		7443739A2B046D5E005D62DD /* CoreDataViewModelImpl.swift in Sources */ = {isa = PBXBuildFile; fileRef = 744373992B046D5E005D62DD /* CoreDataViewModelImpl.swift */; };
		74695A7C2AF7E78F00FFBB6F /* BaseSyllableView.swift in Sources */ = {isa = PBXBuildFile; fileRef = 74695A7B2AF7E78F00FFBB6F /* BaseSyllableView.swift */; };
		74695A7E2AF7EA5C00FFBB6F /* MergedSyllableView.swift in Sources */ = {isa = PBXBuildFile; fileRef = 74695A7D2AF7EA5C00FFBB6F /* MergedSyllableView.swift */; };
		74FB08952AE9A1A3003CBE43 /* p.m4a in Resources */ = {isa = PBXBuildFile; fileRef = 74FB088A2AE9A1A3003CBE43 /* p.m4a */; };
		74FB08962AE9A1A3003CBE43 /* e.m4a in Resources */ = {isa = PBXBuildFile; fileRef = 74FB088B2AE9A1A3003CBE43 /* e.m4a */; };
		74FB08972AE9A1A3003CBE43 /* a.m4a in Resources */ = {isa = PBXBuildFile; fileRef = 74FB088C2AE9A1A3003CBE43 /* a.m4a */; };
		74FB08982AE9A1A3003CBE43 /* d.m4a in Resources */ = {isa = PBXBuildFile; fileRef = 74FB088D2AE9A1A3003CBE43 /* d.m4a */; };
		74FB08992AE9A1A3003CBE43 /* u.m4a in Resources */ = {isa = PBXBuildFile; fileRef = 74FB088E2AE9A1A3003CBE43 /* u.m4a */; };
		74FB089A2AE9A1A3003CBE43 /* b.m4a in Resources */ = {isa = PBXBuildFile; fileRef = 74FB088F2AE9A1A3003CBE43 /* b.m4a */; };
		74FB089B2AE9A1A3003CBE43 /* i.m4a in Resources */ = {isa = PBXBuildFile; fileRef = 74FB08902AE9A1A3003CBE43 /* i.m4a */; };
		74FB089C2AE9A1A3003CBE43 /* eh.m4a in Resources */ = {isa = PBXBuildFile; fileRef = 74FB08912AE9A1A3003CBE43 /* eh.m4a */; };
		74FB089D2AE9A1A3003CBE43 /* m.m4a in Resources */ = {isa = PBXBuildFile; fileRef = 74FB08922AE9A1A3003CBE43 /* m.m4a */; };
		74FB089E2AE9A1A3003CBE43 /* n.m4a in Resources */ = {isa = PBXBuildFile; fileRef = 74FB08932AE9A1A3003CBE43 /* n.m4a */; };
		74FB089F2AE9A1A3003CBE43 /* o.m4a in Resources */ = {isa = PBXBuildFile; fileRef = 74FB08942AE9A1A3003CBE43 /* o.m4a */; };
		74FB08D32AE9A377003CBE43 /* QRScannerManager.swift in Sources */ = {isa = PBXBuildFile; fileRef = 74FB08D22AE9A377003CBE43 /* QRScannerManager.swift */; };
		74FB08D62AE9A9C6003CBE43 /* PermissionEnum.swift in Sources */ = {isa = PBXBuildFile; fileRef = 74FB08D52AE9A9C6003CBE43 /* PermissionEnum.swift */; };
		74FB08D82AE9AA50003CBE43 /* QRCameraView.swift in Sources */ = {isa = PBXBuildFile; fileRef = 74FB08D72AE9AA50003CBE43 /* QRCameraView.swift */; };
		74FB08DA2AE9AB04003CBE43 /* ScannerView.swift in Sources */ = {isa = PBXBuildFile; fileRef = 74FB08D92AE9AB04003CBE43 /* ScannerView.swift */; };
		74FB08DC2AE9AB8F003CBE43 /* ScannerViewModel.swift in Sources */ = {isa = PBXBuildFile; fileRef = 74FB08DB2AE9AB8F003CBE43 /* ScannerViewModel.swift */; };
		74FB08DF2AE9D2DA003CBE43 /* CardVowelStyleEnum.swift in Sources */ = {isa = PBXBuildFile; fileRef = 74FB08DE2AE9D2DA003CBE43 /* CardVowelStyleEnum.swift */; };
		74FB08E12AE9D351003CBE43 /* FrontCardView.swift in Sources */ = {isa = PBXBuildFile; fileRef = 74FB08E02AE9D351003CBE43 /* FrontCardView.swift */; };
		74FB08E32AE9D67B003CBE43 /* Color+Extension.swift in Sources */ = {isa = PBXBuildFile; fileRef = 74FB08E22AE9D67B003CBE43 /* Color+Extension.swift */; };
		74FB08E72AE9E26B003CBE43 /* ImageConst.swift in Sources */ = {isa = PBXBuildFile; fileRef = 74FB08E62AE9E26B003CBE43 /* ImageConst.swift */; };
		74FB08E92AE9E94E003CBE43 /* BackCardView.swift in Sources */ = {isa = PBXBuildFile; fileRef = 74FB08E82AE9E94E003CBE43 /* BackCardView.swift */; };
		74FB08EB2AE9EC33003CBE43 /* FontConst.swift in Sources */ = {isa = PBXBuildFile; fileRef = 74FB08EA2AE9EC33003CBE43 /* FontConst.swift */; };
		AC099C6F2AFB381D00BE2597 /* ActivityCharacter.swift in Sources */ = {isa = PBXBuildFile; fileRef = AC099C6E2AFB381D00BE2597 /* ActivityCharacter.swift */; };
		AC099C712AFCB10000BE2597 /* HomeScreenViewModel.swift in Sources */ = {isa = PBXBuildFile; fileRef = AC099C702AFCB10000BE2597 /* HomeScreenViewModel.swift */; };
		AC0BAE652AF53E31009256A2 /* after_pronunciation(2).m4a in Resources */ = {isa = PBXBuildFile; fileRef = AC0BAE602AF53E31009256A2 /* after_pronunciation(2).m4a */; };
		AC0BAE662AF53E31009256A2 /* before_pronunciation.m4a in Resources */ = {isa = PBXBuildFile; fileRef = AC0BAE612AF53E31009256A2 /* before_pronunciation.m4a */; };
		AC0BAE692AF53E31009256A2 /* after_pronunciation(1).m4a in Resources */ = {isa = PBXBuildFile; fileRef = AC0BAE642AF53E31009256A2 /* after_pronunciation(1).m4a */; };
		AC0BAE702AF53EB3009256A2 /* before_break-word(1).m4a in Resources */ = {isa = PBXBuildFile; fileRef = AC0BAE6B2AF53EB3009256A2 /* before_break-word(1).m4a */; };
		AC0BAE712AF53EB3009256A2 /* before_break-word(2).m4a in Resources */ = {isa = PBXBuildFile; fileRef = AC0BAE6C2AF53EB3009256A2 /* before_break-word(2).m4a */; };
		AC0BAE722AF53EB3009256A2 /* after_break-word(3).m4a in Resources */ = {isa = PBXBuildFile; fileRef = AC0BAE6D2AF53EB3009256A2 /* after_break-word(3).m4a */; };
		AC0BAE732AF53EB3009256A2 /* after_break-word(2).m4a in Resources */ = {isa = PBXBuildFile; fileRef = AC0BAE6E2AF53EB3009256A2 /* after_break-word(2).m4a */; };
		AC0BAE742AF53EB3009256A2 /* after_break-word(1).m4a in Resources */ = {isa = PBXBuildFile; fileRef = AC0BAE6F2AF53EB3009256A2 /* after_break-word(1).m4a */; };
		AC0BAE7C2AF53EDE009256A2 /* after_card(1).m4a in Resources */ = {isa = PBXBuildFile; fileRef = AC0BAE772AF53EDE009256A2 /* after_card(1).m4a */; };
		AC0BAE7D2AF53EDE009256A2 /* before_card(1).m4a in Resources */ = {isa = PBXBuildFile; fileRef = AC0BAE782AF53EDE009256A2 /* before_card(1).m4a */; };
		AC0BAE7E2AF53EDE009256A2 /* before_card(2).m4a in Resources */ = {isa = PBXBuildFile; fileRef = AC0BAE792AF53EDE009256A2 /* before_card(2).m4a */; };
		AC0BAE7F2AF53EDE009256A2 /* after_card(2-correct).m4a in Resources */ = {isa = PBXBuildFile; fileRef = AC0BAE7A2AF53EDE009256A2 /* after_card(2-correct).m4a */; };
		AC0BAE802AF53EDE009256A2 /* after_card(2-wrong).m4a in Resources */ = {isa = PBXBuildFile; fileRef = AC0BAE7B2AF53EDE009256A2 /* after_card(2-wrong).m4a */; };
		AC0BAE832AF53EE9009256A2 /* after_blend-word.m4a in Resources */ = {isa = PBXBuildFile; fileRef = AC0BAE812AF53EE9009256A2 /* after_blend-word.m4a */; };
		AC0BAE842AF53EE9009256A2 /* before_blend-word.m4a in Resources */ = {isa = PBXBuildFile; fileRef = AC0BAE822AF53EE9009256A2 /* before_blend-word.m4a */; };
		AC0BAE932AF53F16009256A2 /* ne.m4a in Resources */ = {isa = PBXBuildFile; fileRef = AC0BAE862AF53F15009256A2 /* ne.m4a */; };
		AC0BAE942AF53F16009256A2 /* mi.m4a in Resources */ = {isa = PBXBuildFile; fileRef = AC0BAE872AF53F15009256A2 /* mi.m4a */; };
		AC0BAE952AF53F16009256A2 /* ni.m4a in Resources */ = {isa = PBXBuildFile; fileRef = AC0BAE882AF53F15009256A2 /* ni.m4a */; };
		AC0BAE962AF53F16009256A2 /* mo.m4a in Resources */ = {isa = PBXBuildFile; fileRef = AC0BAE892AF53F15009256A2 /* mo.m4a */; };
		AC0BAE972AF53F16009256A2 /* pa.m4a in Resources */ = {isa = PBXBuildFile; fileRef = AC0BAE8A2AF53F15009256A2 /* pa.m4a */; };
		AC0BAE982AF53F16009256A2 /* no.m4a in Resources */ = {isa = PBXBuildFile; fileRef = AC0BAE8B2AF53F15009256A2 /* no.m4a */; };
		AC0BAE992AF53F16009256A2 /* pu.m4a in Resources */ = {isa = PBXBuildFile; fileRef = AC0BAE8C2AF53F15009256A2 /* pu.m4a */; };
		AC0BAE9A2AF53F16009256A2 /* pi.m4a in Resources */ = {isa = PBXBuildFile; fileRef = AC0BAE8D2AF53F15009256A2 /* pi.m4a */; };
		AC0BAE9B2AF53F16009256A2 /* na.m4a in Resources */ = {isa = PBXBuildFile; fileRef = AC0BAE8E2AF53F16009256A2 /* na.m4a */; };
		AC0BAE9C2AF53F16009256A2 /* pe.m4a in Resources */ = {isa = PBXBuildFile; fileRef = AC0BAE8F2AF53F16009256A2 /* pe.m4a */; };
		AC0BAE9D2AF53F16009256A2 /* po.m4a in Resources */ = {isa = PBXBuildFile; fileRef = AC0BAE902AF53F16009256A2 /* po.m4a */; };
		AC0BAE9E2AF53F16009256A2 /* mu.m4a in Resources */ = {isa = PBXBuildFile; fileRef = AC0BAE912AF53F16009256A2 /* mu.m4a */; };
		AC0BAE9F2AF53F16009256A2 /* nu.m4a in Resources */ = {isa = PBXBuildFile; fileRef = AC0BAE922AF53F16009256A2 /* nu.m4a */; };
		AC0BAEC32AF5409C009256A2 /* me.m4a in Resources */ = {isa = PBXBuildFile; fileRef = AC0BAEB82AF5409B009256A2 /* me.m4a */; };
		AC0BAEC42AF5409C009256A2 /* do.m4a in Resources */ = {isa = PBXBuildFile; fileRef = AC0BAEB92AF5409B009256A2 /* do.m4a */; };
		AC0BAEC52AF5409C009256A2 /* be.m4a in Resources */ = {isa = PBXBuildFile; fileRef = AC0BAEBA2AF5409B009256A2 /* be.m4a */; };
		AC0BAEC62AF5409C009256A2 /* de.m4a in Resources */ = {isa = PBXBuildFile; fileRef = AC0BAEBB2AF5409B009256A2 /* de.m4a */; };
		AC0BAEC72AF5409C009256A2 /* bu.m4a in Resources */ = {isa = PBXBuildFile; fileRef = AC0BAEBC2AF5409B009256A2 /* bu.m4a */; };
		AC0BAEC82AF5409C009256A2 /* bi.m4a in Resources */ = {isa = PBXBuildFile; fileRef = AC0BAEBD2AF5409B009256A2 /* bi.m4a */; };
		AC0BAEC92AF5409C009256A2 /* du.m4a in Resources */ = {isa = PBXBuildFile; fileRef = AC0BAEBE2AF5409B009256A2 /* du.m4a */; };
		AC0BAECA2AF5409C009256A2 /* da.m4a in Resources */ = {isa = PBXBuildFile; fileRef = AC0BAEBF2AF5409B009256A2 /* da.m4a */; };
		AC0BAECB2AF5409C009256A2 /* ma.m4a in Resources */ = {isa = PBXBuildFile; fileRef = AC0BAEC02AF5409B009256A2 /* ma.m4a */; };
		AC0BAECC2AF5409C009256A2 /* di.m4a in Resources */ = {isa = PBXBuildFile; fileRef = AC0BAEC12AF5409C009256A2 /* di.m4a */; };
		AC0BAECD2AF5409C009256A2 /* bo.m4a in Resources */ = {isa = PBXBuildFile; fileRef = AC0BAEC22AF5409C009256A2 /* bo.m4a */; };
		AC0BAECF2AF8EA6E009256A2 /* Level.swift in Sources */ = {isa = PBXBuildFile; fileRef = AC0BAECE2AF8EA6E009256A2 /* Level.swift */; };
		AC1B58702AEEB63300661474 /* LearningActivity.swift in Sources */ = {isa = PBXBuildFile; fileRef = AC1B586F2AEEB63300661474 /* LearningActivity.swift */; };
		AC1FC1D22AE64C300078015B /* syllables.json in Resources */ = {isa = PBXBuildFile; fileRef = AC1FC1D12AE64C300078015B /* syllables.json */; };
		AC1FC1D82AE667C20078015B /* ContentManager.swift in Sources */ = {isa = PBXBuildFile; fileRef = AC1FC1D72AE667C20078015B /* ContentManager.swift */; };
		AC1FC1DC2AE668570078015B /* Syllable.swift in Sources */ = {isa = PBXBuildFile; fileRef = AC1FC1DB2AE668570078015B /* Syllable.swift */; };
		AC1FC1E02AE66D9C0078015B /* SyllableLabelView.swift in Sources */ = {isa = PBXBuildFile; fileRef = AC1FC1DF2AE66D9C0078015B /* SyllableLabelView.swift */; };
		AC1FC1E62AE67A810078015B /* Word.swift in Sources */ = {isa = PBXBuildFile; fileRef = AC1FC1E52AE67A810078015B /* Word.swift */; };
		AC427D762AEB70D00012E00C /* ProgressBarView.swift in Sources */ = {isa = PBXBuildFile; fileRef = AC427D752AEB70D00012E00C /* ProgressBarView.swift */; };
		AC427D782AEBC4AE0012E00C /* InstructionView.swift in Sources */ = {isa = PBXBuildFile; fileRef = AC427D772AEBC4AE0012E00C /* InstructionView.swift */; };
		AC427D7C2AEBCF4E0012E00C /* PonoButtonStyle.swift in Sources */ = {isa = PBXBuildFile; fileRef = AC427D7B2AEBCF4E0012E00C /* PonoButtonStyle.swift */; };
		AC50DC2C2ACE5CDF00B9FE1B /* macro_challengeApp.swift in Sources */ = {isa = PBXBuildFile; fileRef = AC50DC2B2ACE5CDF00B9FE1B /* macro_challengeApp.swift */; };
		AC50DC2E2ACE5CDF00B9FE1B /* ContentView.swift in Sources */ = {isa = PBXBuildFile; fileRef = AC50DC2D2ACE5CDF00B9FE1B /* ContentView.swift */; };
		AC50DC302ACE5CE100B9FE1B /* Assets.xcassets in Resources */ = {isa = PBXBuildFile; fileRef = AC50DC2F2ACE5CE100B9FE1B /* Assets.xcassets */; };
		AC50DC332ACE5CE100B9FE1B /* Preview Assets.xcassets in Resources */ = {isa = PBXBuildFile; fileRef = AC50DC322ACE5CE100B9FE1B /* Preview Assets.xcassets */; };
		ACA0FB7A2B07A48B0011624C /* SpeechRecognitionManager.swift in Sources */ = {isa = PBXBuildFile; fileRef = ACA0FB792B07A48B0011624C /* SpeechRecognitionManager.swift */; };
		ACA0FB7C2B07A4AD0011624C /* SpeechText.swift in Sources */ = {isa = PBXBuildFile; fileRef = ACA0FB7B2B07A4AD0011624C /* SpeechText.swift */; };
		ACA0FB7F2B07CA8F0011624C /* Blink.mp3 in Resources */ = {isa = PBXBuildFile; fileRef = ACA0FB7E2B07CA8F0011624C /* Blink.mp3 */; };
		ACA0FB832B098D510011624C /* BubuAnimation.swift in Sources */ = {isa = PBXBuildFile; fileRef = ACA0FB822B098D510011624C /* BubuAnimation.swift */; };
		ACECDC1E2AEF583400E616D7 /* PronounceInstruction.swift in Sources */ = {isa = PBXBuildFile; fileRef = ACECDC1B2AEF583400E616D7 /* PronounceInstruction.swift */; };
		ACECDC1F2AEF583400E616D7 /* PlayRecord.swift in Sources */ = {isa = PBXBuildFile; fileRef = ACECDC1C2AEF583400E616D7 /* PlayRecord.swift */; };
		ACECDC202AEF583400E616D7 /* NextButton.swift in Sources */ = {isa = PBXBuildFile; fileRef = ACECDC1D2AEF583400E616D7 /* NextButton.swift */; };
		ACECDC262AEF7CBE00E616D7 /* RecordingAudioView.swift in Sources */ = {isa = PBXBuildFile; fileRef = ACECDC252AEF7CBE00E616D7 /* RecordingAudioView.swift */; };
		F9C16B852AF7C2190099DE09 /* RecordProgressBarView.swift in Sources */ = {isa = PBXBuildFile; fileRef = F9C16B842AF7C2190099DE09 /* RecordProgressBarView.swift */; };
		F9E66B772AF939E000381AFF /* RecordingButtonStyle.swift in Sources */ = {isa = PBXBuildFile; fileRef = F9E66B762AF939E000381AFF /* RecordingButtonStyle.swift */; };
		FD74F016CAD575B3D1418DA4 /* Pods_macro_challenge.framework in Frameworks */ = {isa = PBXBuildFile; fileRef = 8C71128A5A3BCCCEED84C487 /* Pods_macro_challenge.framework */; };
/* End PBXBuildFile section */

/* Begin PBXFileReference section */
		2B69F975344575E3C4C957EE /* Pods-macro-challenge.debug.xcconfig */ = {isa = PBXFileReference; includeInIndex = 1; lastKnownFileType = text.xcconfig; name = "Pods-macro-challenge.debug.xcconfig"; path = "Target Support Files/Pods-macro-challenge/Pods-macro-challenge.debug.xcconfig"; sourceTree = "<group>"; };
		2F75E5682B01D8B4003982C5 /* Probability.swift */ = {isa = PBXFileReference; lastKnownFileType = sourcecode.swift; path = Probability.swift; sourceTree = "<group>"; };
		2F99061C2AEE5EDD005AB1CC /* AudioRecord.swift */ = {isa = PBXFileReference; lastKnownFileType = sourcecode.swift; path = AudioRecord.swift; sourceTree = "<group>"; };
		2F99061E2AEE687A005AB1CC /* AudioManager.swift */ = {isa = PBXFileReference; lastKnownFileType = sourcecode.swift; path = AudioManager.swift; sourceTree = "<group>"; };
		2FAFBA102B00DFAE00176336 /* SoundClassifier.swift */ = {isa = PBXFileReference; lastKnownFileType = sourcecode.swift; path = SoundClassifier.swift; sourceTree = "<group>"; };
		2FD5B2072B05D9BE00F8373A /* PreviewCardView.swift */ = {isa = PBXFileReference; lastKnownFileType = sourcecode.swift; path = PreviewCardView.swift; sourceTree = "<group>"; };
		2FE992312B0726520073B3BC /* sound_classification.tflite */ = {isa = PBXFileReference; lastKnownFileType = file; path = sound_classification.tflite; sourceTree = "<group>"; };
		2FE992322B0726520073B3BC /* labels.txt */ = {isa = PBXFileReference; fileEncoding = 4; lastKnownFileType = text; path = labels.txt; sourceTree = "<group>"; };
		2FF694A02AE8B4740085393F /* RecordingManager.swift */ = {isa = PBXFileReference; lastKnownFileType = sourcecode.swift; path = RecordingManager.swift; sourceTree = "<group>"; };
		2FF694A62AE8C65D0085393F /* Date+Extension.swift */ = {isa = PBXFileReference; lastKnownFileType = sourcecode.swift; path = "Date+Extension.swift"; sourceTree = "<group>"; };
		3808ECFF2AFA1BED008FE81A /* words.json */ = {isa = PBXFileReference; lastKnownFileType = text.json; path = words.json; sourceTree = "<group>"; };
		381C33DB2B03D97000BAFE69 /* AppNavigation.swift */ = {isa = PBXFileReference; lastKnownFileType = sourcecode.swift; path = AppNavigation.swift; sourceTree = "<group>"; };
		381C33DD2B03E84D00BAFE69 /* VoiceResources.swift */ = {isa = PBXFileReference; lastKnownFileType = sourcecode.swift; path = VoiceResources.swift; sourceTree = "<group>"; };
		381C33E72B041A1700BAFE69 /* CombineSyllableActivityView.swift */ = {isa = PBXFileReference; lastKnownFileType = sourcecode.swift; path = CombineSyllableActivityView.swift; sourceTree = "<group>"; };
		381C33E92B041A2400BAFE69 /* CombineSyllableActivityViewModel.swift */ = {isa = PBXFileReference; lastKnownFileType = sourcecode.swift; path = CombineSyllableActivityViewModel.swift; sourceTree = "<group>"; };
		381C33EB2B041A3700BAFE69 /* CardActivityView.swift */ = {isa = PBXFileReference; lastKnownFileType = sourcecode.swift; path = CardActivityView.swift; sourceTree = "<group>"; };
		381C33ED2B041A4200BAFE69 /* CardActivityViewModel.swift */ = {isa = PBXFileReference; lastKnownFileType = sourcecode.swift; path = CardActivityViewModel.swift; sourceTree = "<group>"; };
		381C33F12B041A7A00BAFE69 /* BreakWordActivityView.swift */ = {isa = PBXFileReference; lastKnownFileType = sourcecode.swift; path = BreakWordActivityView.swift; sourceTree = "<group>"; };
		381C33F32B041A8200BAFE69 /* BreakWordActivityViewModel.swift */ = {isa = PBXFileReference; lastKnownFileType = sourcecode.swift; path = BreakWordActivityViewModel.swift; sourceTree = "<group>"; };
		381C33F72B041A9900BAFE69 /* PronunciationActivityViewModel.swift */ = {isa = PBXFileReference; lastKnownFileType = sourcecode.swift; path = PronunciationActivityViewModel.swift; sourceTree = "<group>"; };
		381C33FC2B041AED00BAFE69 /* LearningFlowScreenView.swift */ = {isa = PBXFileReference; lastKnownFileType = sourcecode.swift; path = LearningFlowScreenView.swift; sourceTree = "<group>"; };
		381C33FE2B041AF400BAFE69 /* LearningFlowScreenViewModel.swift */ = {isa = PBXFileReference; lastKnownFileType = sourcecode.swift; path = LearningFlowScreenViewModel.swift; sourceTree = "<group>"; };
		381C34002B045FA200BAFE69 /* PreviewDataResources.swift */ = {isa = PBXFileReference; lastKnownFileType = sourcecode.swift; path = PreviewDataResources.swift; sourceTree = "<group>"; };
		3868C1542AE61C8E00E832B0 /* Quicksand-Bold.ttf */ = {isa = PBXFileReference; lastKnownFileType = file; path = "Quicksand-Bold.ttf"; sourceTree = "<group>"; };
		3868C1552AE61C8E00E832B0 /* Quicksand-Medium.ttf */ = {isa = PBXFileReference; lastKnownFileType = file; path = "Quicksand-Medium.ttf"; sourceTree = "<group>"; };
		3868C1562AE61C8E00E832B0 /* Quicksand-Regular.ttf */ = {isa = PBXFileReference; lastKnownFileType = file; path = "Quicksand-Regular.ttf"; sourceTree = "<group>"; };
		3868C1572AE61C8E00E832B0 /* Quicksand-SemiBold.ttf */ = {isa = PBXFileReference; lastKnownFileType = file; path = "Quicksand-SemiBold.ttf"; sourceTree = "<group>"; };
		3868C1582AE61C8E00E832B0 /* Quicksand-Light.ttf */ = {isa = PBXFileReference; lastKnownFileType = file; path = "Quicksand-Light.ttf"; sourceTree = "<group>"; };
		3868C15E2AE61ED100E832B0 /* ColorString.swift */ = {isa = PBXFileReference; lastKnownFileType = sourcecode.swift; path = ColorString.swift; sourceTree = "<group>"; };
		3868C1602AE61FEF00E832B0 /* Color+Colors.swift */ = {isa = PBXFileReference; lastKnownFileType = sourcecode.swift; path = "Color+Colors.swift"; sourceTree = "<group>"; };
		3868C1632AE621C900E832B0 /* CGFloat+Spacings.swift */ = {isa = PBXFileReference; lastKnownFileType = sourcecode.swift; path = "CGFloat+Spacings.swift"; sourceTree = "<group>"; };
		3868C1652AE622B800E832B0 /* Typography.swift */ = {isa = PBXFileReference; lastKnownFileType = sourcecode.swift; path = Typography.swift; sourceTree = "<group>"; };
		3868C1672AE6256900E832B0 /* View+Typography.swift */ = {isa = PBXFileReference; lastKnownFileType = sourcecode.swift; path = "View+Typography.swift"; sourceTree = "<group>"; };
		3868C16B2AE6C5F900E832B0 /* Collection+Extension.swift */ = {isa = PBXFileReference; lastKnownFileType = sourcecode.swift; path = "Collection+Extension.swift"; sourceTree = "<group>"; };
		3868C1712AE777D900E832B0 /* StringResources.swift */ = {isa = PBXFileReference; lastKnownFileType = sourcecode.swift; path = StringResources.swift; sourceTree = "<group>"; };
		3868C1762AE77AF700E832B0 /* OnboardingScreenView.swift */ = {isa = PBXFileReference; lastKnownFileType = sourcecode.swift; path = OnboardingScreenView.swift; sourceTree = "<group>"; };
		3868C17B2AE77B2000E832B0 /* HomeScreenView.swift */ = {isa = PBXFileReference; lastKnownFileType = sourcecode.swift; path = HomeScreenView.swift; sourceTree = "<group>"; };
		389F02DA2B0463E600422671 /* PronunciationActivityView.swift */ = {isa = PBXFileReference; lastKnownFileType = sourcecode.swift; path = PronunciationActivityView.swift; sourceTree = "<group>"; };
		389F02DD2B0494AB00422671 /* PlayPronunciationRecordView.swift */ = {isa = PBXFileReference; lastKnownFileType = sourcecode.swift; path = PlayPronunciationRecordView.swift; sourceTree = "<group>"; };
		389F02DF2B049A7500422671 /* VoiceRecognitionManager.swift */ = {isa = PBXFileReference; lastKnownFileType = sourcecode.swift; path = VoiceRecognitionManager.swift; sourceTree = "<group>"; };
		7429B7632AEEED7100BF7F93 /* String+Extension.swift */ = {isa = PBXFileReference; lastKnownFileType = sourcecode.swift; path = "String+Extension.swift"; sourceTree = "<group>"; };
		7429B7652AEF33BE00BF7F93 /* CustomShape.swift */ = {isa = PBXFileReference; lastKnownFileType = sourcecode.swift; path = CustomShape.swift; sourceTree = "<group>"; };
		743C087E2B055BC3008CAB95 /* ActivityRepository.swift */ = {isa = PBXFileReference; lastKnownFileType = sourcecode.swift; path = ActivityRepository.swift; sourceTree = "<group>"; };
		743C08802B055BD2008CAB95 /* ActivityRepositoryImpl.swift */ = {isa = PBXFileReference; lastKnownFileType = sourcecode.swift; path = ActivityRepositoryImpl.swift; sourceTree = "<group>"; };
		743C08822B055C81008CAB95 /* WordRepository.swift */ = {isa = PBXFileReference; lastKnownFileType = sourcecode.swift; path = WordRepository.swift; sourceTree = "<group>"; };
		743C08842B055C8B008CAB95 /* WordRepositoryImpl.swift */ = {isa = PBXFileReference; lastKnownFileType = sourcecode.swift; path = WordRepositoryImpl.swift; sourceTree = "<group>"; };
		743C08862B055CA0008CAB95 /* SyllableRepository.swift */ = {isa = PBXFileReference; lastKnownFileType = sourcecode.swift; path = SyllableRepository.swift; sourceTree = "<group>"; };
		743C08882B055CB3008CAB95 /* SyllableRepositoryImpl.swift */ = {isa = PBXFileReference; lastKnownFileType = sourcecode.swift; path = SyllableRepositoryImpl.swift; sourceTree = "<group>"; };
		743C088A2B057B46008CAB95 /* CoreDataViewModel.swift */ = {isa = PBXFileReference; lastKnownFileType = sourcecode.swift; path = CoreDataViewModel.swift; sourceTree = "<group>"; };
		744373922B046B09005D62DD /* CoreDataModel.xcdatamodel */ = {isa = PBXFileReference; lastKnownFileType = wrapper.xcdatamodel; path = CoreDataModel.xcdatamodel; sourceTree = "<group>"; };
		744373952B046B8A005D62DD /* CoreDataManager.swift */ = {isa = PBXFileReference; lastKnownFileType = sourcecode.swift; path = CoreDataManager.swift; sourceTree = "<group>"; };
		744373972B046C2F005D62DD /* CoreDataConst.swift */ = {isa = PBXFileReference; lastKnownFileType = sourcecode.swift; path = CoreDataConst.swift; sourceTree = "<group>"; };
		744373992B046D5E005D62DD /* CoreDataViewModelImpl.swift */ = {isa = PBXFileReference; lastKnownFileType = sourcecode.swift; path = CoreDataViewModelImpl.swift; sourceTree = "<group>"; };
		74695A7B2AF7E78F00FFBB6F /* BaseSyllableView.swift */ = {isa = PBXFileReference; lastKnownFileType = sourcecode.swift; path = BaseSyllableView.swift; sourceTree = "<group>"; };
		74695A7D2AF7EA5C00FFBB6F /* MergedSyllableView.swift */ = {isa = PBXFileReference; lastKnownFileType = sourcecode.swift; path = MergedSyllableView.swift; sourceTree = "<group>"; };
		74FB088A2AE9A1A3003CBE43 /* p.m4a */ = {isa = PBXFileReference; lastKnownFileType = file; path = p.m4a; sourceTree = "<group>"; };
		74FB088B2AE9A1A3003CBE43 /* e.m4a */ = {isa = PBXFileReference; lastKnownFileType = file; path = e.m4a; sourceTree = "<group>"; };
		74FB088C2AE9A1A3003CBE43 /* a.m4a */ = {isa = PBXFileReference; lastKnownFileType = file; path = a.m4a; sourceTree = "<group>"; };
		74FB088D2AE9A1A3003CBE43 /* d.m4a */ = {isa = PBXFileReference; lastKnownFileType = file; path = d.m4a; sourceTree = "<group>"; };
		74FB088E2AE9A1A3003CBE43 /* u.m4a */ = {isa = PBXFileReference; lastKnownFileType = file; path = u.m4a; sourceTree = "<group>"; };
		74FB088F2AE9A1A3003CBE43 /* b.m4a */ = {isa = PBXFileReference; lastKnownFileType = file; path = b.m4a; sourceTree = "<group>"; };
		74FB08902AE9A1A3003CBE43 /* i.m4a */ = {isa = PBXFileReference; lastKnownFileType = file; path = i.m4a; sourceTree = "<group>"; };
		74FB08912AE9A1A3003CBE43 /* eh.m4a */ = {isa = PBXFileReference; lastKnownFileType = file; path = eh.m4a; sourceTree = "<group>"; };
		74FB08922AE9A1A3003CBE43 /* m.m4a */ = {isa = PBXFileReference; lastKnownFileType = file; path = m.m4a; sourceTree = "<group>"; };
		74FB08932AE9A1A3003CBE43 /* n.m4a */ = {isa = PBXFileReference; lastKnownFileType = file; path = n.m4a; sourceTree = "<group>"; };
		74FB08942AE9A1A3003CBE43 /* o.m4a */ = {isa = PBXFileReference; lastKnownFileType = file; path = o.m4a; sourceTree = "<group>"; };
		74FB08D22AE9A377003CBE43 /* QRScannerManager.swift */ = {isa = PBXFileReference; lastKnownFileType = sourcecode.swift; path = QRScannerManager.swift; sourceTree = "<group>"; };
		74FB08D52AE9A9C6003CBE43 /* PermissionEnum.swift */ = {isa = PBXFileReference; lastKnownFileType = sourcecode.swift; path = PermissionEnum.swift; sourceTree = "<group>"; };
		74FB08D72AE9AA50003CBE43 /* QRCameraView.swift */ = {isa = PBXFileReference; lastKnownFileType = sourcecode.swift; path = QRCameraView.swift; sourceTree = "<group>"; };
		74FB08D92AE9AB04003CBE43 /* ScannerView.swift */ = {isa = PBXFileReference; lastKnownFileType = sourcecode.swift; path = ScannerView.swift; sourceTree = "<group>"; };
		74FB08DB2AE9AB8F003CBE43 /* ScannerViewModel.swift */ = {isa = PBXFileReference; lastKnownFileType = sourcecode.swift; path = ScannerViewModel.swift; sourceTree = "<group>"; };
		74FB08DE2AE9D2DA003CBE43 /* CardVowelStyleEnum.swift */ = {isa = PBXFileReference; lastKnownFileType = sourcecode.swift; path = CardVowelStyleEnum.swift; sourceTree = "<group>"; };
		74FB08E02AE9D351003CBE43 /* FrontCardView.swift */ = {isa = PBXFileReference; lastKnownFileType = sourcecode.swift; path = FrontCardView.swift; sourceTree = "<group>"; };
		74FB08E22AE9D67B003CBE43 /* Color+Extension.swift */ = {isa = PBXFileReference; lastKnownFileType = sourcecode.swift; path = "Color+Extension.swift"; sourceTree = "<group>"; };
		74FB08E62AE9E26B003CBE43 /* ImageConst.swift */ = {isa = PBXFileReference; lastKnownFileType = sourcecode.swift; path = ImageConst.swift; sourceTree = "<group>"; };
		74FB08E82AE9E94E003CBE43 /* BackCardView.swift */ = {isa = PBXFileReference; lastKnownFileType = sourcecode.swift; path = BackCardView.swift; sourceTree = "<group>"; };
		74FB08EA2AE9EC33003CBE43 /* FontConst.swift */ = {isa = PBXFileReference; lastKnownFileType = sourcecode.swift; path = FontConst.swift; sourceTree = "<group>"; };
		8C71128A5A3BCCCEED84C487 /* Pods_macro_challenge.framework */ = {isa = PBXFileReference; explicitFileType = wrapper.framework; includeInIndex = 0; path = Pods_macro_challenge.framework; sourceTree = BUILT_PRODUCTS_DIR; };
		90AB5B4698CAA74DBBB2C706 /* Pods-macro-challenge.release.xcconfig */ = {isa = PBXFileReference; includeInIndex = 1; lastKnownFileType = text.xcconfig; name = "Pods-macro-challenge.release.xcconfig"; path = "Target Support Files/Pods-macro-challenge/Pods-macro-challenge.release.xcconfig"; sourceTree = "<group>"; };
		AC099C6E2AFB381D00BE2597 /* ActivityCharacter.swift */ = {isa = PBXFileReference; lastKnownFileType = sourcecode.swift; path = ActivityCharacter.swift; sourceTree = "<group>"; };
		AC099C702AFCB10000BE2597 /* HomeScreenViewModel.swift */ = {isa = PBXFileReference; lastKnownFileType = sourcecode.swift; path = HomeScreenViewModel.swift; sourceTree = "<group>"; };
		AC0BAE602AF53E31009256A2 /* after_pronunciation(2).m4a */ = {isa = PBXFileReference; lastKnownFileType = file; path = "after_pronunciation(2).m4a"; sourceTree = "<group>"; };
		AC0BAE612AF53E31009256A2 /* before_pronunciation.m4a */ = {isa = PBXFileReference; lastKnownFileType = file; path = before_pronunciation.m4a; sourceTree = "<group>"; };
		AC0BAE642AF53E31009256A2 /* after_pronunciation(1).m4a */ = {isa = PBXFileReference; lastKnownFileType = file; path = "after_pronunciation(1).m4a"; sourceTree = "<group>"; };
		AC0BAE6B2AF53EB3009256A2 /* before_break-word(1).m4a */ = {isa = PBXFileReference; lastKnownFileType = file; path = "before_break-word(1).m4a"; sourceTree = "<group>"; };
		AC0BAE6C2AF53EB3009256A2 /* before_break-word(2).m4a */ = {isa = PBXFileReference; lastKnownFileType = file; path = "before_break-word(2).m4a"; sourceTree = "<group>"; };
		AC0BAE6D2AF53EB3009256A2 /* after_break-word(3).m4a */ = {isa = PBXFileReference; lastKnownFileType = file; path = "after_break-word(3).m4a"; sourceTree = "<group>"; };
		AC0BAE6E2AF53EB3009256A2 /* after_break-word(2).m4a */ = {isa = PBXFileReference; lastKnownFileType = file; path = "after_break-word(2).m4a"; sourceTree = "<group>"; };
		AC0BAE6F2AF53EB3009256A2 /* after_break-word(1).m4a */ = {isa = PBXFileReference; lastKnownFileType = file; path = "after_break-word(1).m4a"; sourceTree = "<group>"; };
		AC0BAE772AF53EDE009256A2 /* after_card(1).m4a */ = {isa = PBXFileReference; lastKnownFileType = file; path = "after_card(1).m4a"; sourceTree = "<group>"; };
		AC0BAE782AF53EDE009256A2 /* before_card(1).m4a */ = {isa = PBXFileReference; lastKnownFileType = file; path = "before_card(1).m4a"; sourceTree = "<group>"; };
		AC0BAE792AF53EDE009256A2 /* before_card(2).m4a */ = {isa = PBXFileReference; lastKnownFileType = file; path = "before_card(2).m4a"; sourceTree = "<group>"; };
		AC0BAE7A2AF53EDE009256A2 /* after_card(2-correct).m4a */ = {isa = PBXFileReference; lastKnownFileType = file; path = "after_card(2-correct).m4a"; sourceTree = "<group>"; };
		AC0BAE7B2AF53EDE009256A2 /* after_card(2-wrong).m4a */ = {isa = PBXFileReference; lastKnownFileType = file; path = "after_card(2-wrong).m4a"; sourceTree = "<group>"; };
		AC0BAE812AF53EE9009256A2 /* after_blend-word.m4a */ = {isa = PBXFileReference; lastKnownFileType = file; path = "after_blend-word.m4a"; sourceTree = "<group>"; };
		AC0BAE822AF53EE9009256A2 /* before_blend-word.m4a */ = {isa = PBXFileReference; lastKnownFileType = file; path = "before_blend-word.m4a"; sourceTree = "<group>"; };
		AC0BAE862AF53F15009256A2 /* ne.m4a */ = {isa = PBXFileReference; lastKnownFileType = file; path = ne.m4a; sourceTree = "<group>"; };
		AC0BAE872AF53F15009256A2 /* mi.m4a */ = {isa = PBXFileReference; lastKnownFileType = file; path = mi.m4a; sourceTree = "<group>"; };
		AC0BAE882AF53F15009256A2 /* ni.m4a */ = {isa = PBXFileReference; lastKnownFileType = file; path = ni.m4a; sourceTree = "<group>"; };
		AC0BAE892AF53F15009256A2 /* mo.m4a */ = {isa = PBXFileReference; lastKnownFileType = file; path = mo.m4a; sourceTree = "<group>"; };
		AC0BAE8A2AF53F15009256A2 /* pa.m4a */ = {isa = PBXFileReference; lastKnownFileType = file; path = pa.m4a; sourceTree = "<group>"; };
		AC0BAE8B2AF53F15009256A2 /* no.m4a */ = {isa = PBXFileReference; lastKnownFileType = file; path = no.m4a; sourceTree = "<group>"; };
		AC0BAE8C2AF53F15009256A2 /* pu.m4a */ = {isa = PBXFileReference; lastKnownFileType = file; path = pu.m4a; sourceTree = "<group>"; };
		AC0BAE8D2AF53F15009256A2 /* pi.m4a */ = {isa = PBXFileReference; lastKnownFileType = file; path = pi.m4a; sourceTree = "<group>"; };
		AC0BAE8E2AF53F16009256A2 /* na.m4a */ = {isa = PBXFileReference; lastKnownFileType = file; path = na.m4a; sourceTree = "<group>"; };
		AC0BAE8F2AF53F16009256A2 /* pe.m4a */ = {isa = PBXFileReference; lastKnownFileType = file; path = pe.m4a; sourceTree = "<group>"; };
		AC0BAE902AF53F16009256A2 /* po.m4a */ = {isa = PBXFileReference; lastKnownFileType = file; path = po.m4a; sourceTree = "<group>"; };
		AC0BAE912AF53F16009256A2 /* mu.m4a */ = {isa = PBXFileReference; lastKnownFileType = file; path = mu.m4a; sourceTree = "<group>"; };
		AC0BAE922AF53F16009256A2 /* nu.m4a */ = {isa = PBXFileReference; lastKnownFileType = file; path = nu.m4a; sourceTree = "<group>"; };
		AC0BAEB82AF5409B009256A2 /* me.m4a */ = {isa = PBXFileReference; lastKnownFileType = file; path = me.m4a; sourceTree = "<group>"; };
		AC0BAEB92AF5409B009256A2 /* do.m4a */ = {isa = PBXFileReference; lastKnownFileType = file; path = do.m4a; sourceTree = "<group>"; };
		AC0BAEBA2AF5409B009256A2 /* be.m4a */ = {isa = PBXFileReference; lastKnownFileType = file; path = be.m4a; sourceTree = "<group>"; };
		AC0BAEBB2AF5409B009256A2 /* de.m4a */ = {isa = PBXFileReference; lastKnownFileType = file; path = de.m4a; sourceTree = "<group>"; };
		AC0BAEBC2AF5409B009256A2 /* bu.m4a */ = {isa = PBXFileReference; lastKnownFileType = file; path = bu.m4a; sourceTree = "<group>"; };
		AC0BAEBD2AF5409B009256A2 /* bi.m4a */ = {isa = PBXFileReference; lastKnownFileType = file; path = bi.m4a; sourceTree = "<group>"; };
		AC0BAEBE2AF5409B009256A2 /* du.m4a */ = {isa = PBXFileReference; lastKnownFileType = file; path = du.m4a; sourceTree = "<group>"; };
		AC0BAEBF2AF5409B009256A2 /* da.m4a */ = {isa = PBXFileReference; lastKnownFileType = file; path = da.m4a; sourceTree = "<group>"; };
		AC0BAEC02AF5409B009256A2 /* ma.m4a */ = {isa = PBXFileReference; lastKnownFileType = file; path = ma.m4a; sourceTree = "<group>"; };
		AC0BAEC12AF5409C009256A2 /* di.m4a */ = {isa = PBXFileReference; lastKnownFileType = file; path = di.m4a; sourceTree = "<group>"; };
		AC0BAEC22AF5409C009256A2 /* bo.m4a */ = {isa = PBXFileReference; lastKnownFileType = file; path = bo.m4a; sourceTree = "<group>"; };
		AC0BAECE2AF8EA6E009256A2 /* Level.swift */ = {isa = PBXFileReference; lastKnownFileType = sourcecode.swift; path = Level.swift; sourceTree = "<group>"; };
		AC1B586F2AEEB63300661474 /* LearningActivity.swift */ = {isa = PBXFileReference; lastKnownFileType = sourcecode.swift; path = LearningActivity.swift; sourceTree = "<group>"; };
		AC1FC1D12AE64C300078015B /* syllables.json */ = {isa = PBXFileReference; lastKnownFileType = text.json; path = syllables.json; sourceTree = "<group>"; };
		AC1FC1D72AE667C20078015B /* ContentManager.swift */ = {isa = PBXFileReference; lastKnownFileType = sourcecode.swift; path = ContentManager.swift; sourceTree = "<group>"; };
		AC1FC1DB2AE668570078015B /* Syllable.swift */ = {isa = PBXFileReference; lastKnownFileType = sourcecode.swift; path = Syllable.swift; sourceTree = "<group>"; };
		AC1FC1DF2AE66D9C0078015B /* SyllableLabelView.swift */ = {isa = PBXFileReference; lastKnownFileType = sourcecode.swift; path = SyllableLabelView.swift; sourceTree = "<group>"; };
		AC1FC1E52AE67A810078015B /* Word.swift */ = {isa = PBXFileReference; lastKnownFileType = sourcecode.swift; path = Word.swift; sourceTree = "<group>"; };
		AC427D752AEB70D00012E00C /* ProgressBarView.swift */ = {isa = PBXFileReference; lastKnownFileType = sourcecode.swift; path = ProgressBarView.swift; sourceTree = "<group>"; };
		AC427D772AEBC4AE0012E00C /* InstructionView.swift */ = {isa = PBXFileReference; lastKnownFileType = sourcecode.swift; path = InstructionView.swift; sourceTree = "<group>"; };
		AC427D7B2AEBCF4E0012E00C /* PonoButtonStyle.swift */ = {isa = PBXFileReference; lastKnownFileType = sourcecode.swift; path = PonoButtonStyle.swift; sourceTree = "<group>"; };
		AC50DC282ACE5CDF00B9FE1B /* macro-challenge.app */ = {isa = PBXFileReference; explicitFileType = wrapper.application; includeInIndex = 0; path = "macro-challenge.app"; sourceTree = BUILT_PRODUCTS_DIR; };
		AC50DC2B2ACE5CDF00B9FE1B /* macro_challengeApp.swift */ = {isa = PBXFileReference; lastKnownFileType = sourcecode.swift; path = macro_challengeApp.swift; sourceTree = "<group>"; };
		AC50DC2D2ACE5CDF00B9FE1B /* ContentView.swift */ = {isa = PBXFileReference; lastKnownFileType = sourcecode.swift; path = ContentView.swift; sourceTree = "<group>"; };
		AC50DC2F2ACE5CE100B9FE1B /* Assets.xcassets */ = {isa = PBXFileReference; lastKnownFileType = folder.assetcatalog; path = Assets.xcassets; sourceTree = "<group>"; };
		AC50DC322ACE5CE100B9FE1B /* Preview Assets.xcassets */ = {isa = PBXFileReference; lastKnownFileType = folder.assetcatalog; path = "Preview Assets.xcassets"; sourceTree = "<group>"; };
		ACA0FB792B07A48B0011624C /* SpeechRecognitionManager.swift */ = {isa = PBXFileReference; lastKnownFileType = sourcecode.swift; path = SpeechRecognitionManager.swift; sourceTree = "<group>"; };
		ACA0FB7B2B07A4AD0011624C /* SpeechText.swift */ = {isa = PBXFileReference; lastKnownFileType = sourcecode.swift; path = SpeechText.swift; sourceTree = "<group>"; };
		ACA0FB7E2B07CA8F0011624C /* Blink.mp3 */ = {isa = PBXFileReference; lastKnownFileType = audio.mp3; path = Blink.mp3; sourceTree = "<group>"; };
		ACA0FB822B098D510011624C /* BubuAnimation.swift */ = {isa = PBXFileReference; lastKnownFileType = sourcecode.swift; path = BubuAnimation.swift; sourceTree = "<group>"; };
		ACECDC1B2AEF583400E616D7 /* PronounceInstruction.swift */ = {isa = PBXFileReference; fileEncoding = 4; lastKnownFileType = sourcecode.swift; path = PronounceInstruction.swift; sourceTree = "<group>"; };
		ACECDC1C2AEF583400E616D7 /* PlayRecord.swift */ = {isa = PBXFileReference; fileEncoding = 4; lastKnownFileType = sourcecode.swift; path = PlayRecord.swift; sourceTree = "<group>"; };
		ACECDC1D2AEF583400E616D7 /* NextButton.swift */ = {isa = PBXFileReference; fileEncoding = 4; lastKnownFileType = sourcecode.swift; path = NextButton.swift; sourceTree = "<group>"; };
		ACECDC252AEF7CBE00E616D7 /* RecordingAudioView.swift */ = {isa = PBXFileReference; lastKnownFileType = sourcecode.swift; path = RecordingAudioView.swift; sourceTree = "<group>"; };
		F9C16B842AF7C2190099DE09 /* RecordProgressBarView.swift */ = {isa = PBXFileReference; lastKnownFileType = sourcecode.swift; path = RecordProgressBarView.swift; sourceTree = "<group>"; };
		F9E66B762AF939E000381AFF /* RecordingButtonStyle.swift */ = {isa = PBXFileReference; lastKnownFileType = sourcecode.swift; path = RecordingButtonStyle.swift; sourceTree = "<group>"; };
/* End PBXFileReference section */

/* Begin PBXFrameworksBuildPhase section */
		AC50DC252ACE5CDF00B9FE1B /* Frameworks */ = {
			isa = PBXFrameworksBuildPhase;
			buildActionMask = 2147483647;
			files = (
				FD74F016CAD575B3D1418DA4 /* Pods_macro_challenge.framework in Frameworks */,
			);
			runOnlyForDeploymentPostprocessing = 0;
		};
/* End PBXFrameworksBuildPhase section */

/* Begin PBXGroup section */
		2FD5B2092B05D9D400F8373A /* Views */ = {
			isa = PBXGroup;
			children = (
				2FD5B2072B05D9BE00F8373A /* PreviewCardView.swift */,
			);
			path = Views;
			sourceTree = "<group>";
		};
		2FE992302B0726520073B3BC /* Model */ = {
			isa = PBXGroup;
			children = (
				2FE992312B0726520073B3BC /* sound_classification.tflite */,
				2FE992322B0726520073B3BC /* labels.txt */,
			);
			path = Model;
			sourceTree = "<group>";
		};
		2FE992352B0742C70073B3BC /* JSON */ = {
			isa = PBXGroup;
			children = (
				AC1FC1D12AE64C300078015B /* syllables.json */,
				3808ECFF2AFA1BED008FE81A /* words.json */,
			);
			path = JSON;
			sourceTree = "<group>";
		};
		381C33E32B0419B500BAFE69 /* PronunciationActivity */ = {
			isa = PBXGroup;
			children = (
				389F02DC2B04948A00422671 /* Views */,
				389F02DA2B0463E600422671 /* PronunciationActivityView.swift */,
				381C33F72B041A9900BAFE69 /* PronunciationActivityViewModel.swift */,
			);
			path = PronunciationActivity;
			sourceTree = "<group>";
		};
		381C33E42B0419CA00BAFE69 /* BreakWordActivity */ = {
			isa = PBXGroup;
			children = (
				381C33F12B041A7A00BAFE69 /* BreakWordActivityView.swift */,
				381C33F32B041A8200BAFE69 /* BreakWordActivityViewModel.swift */,
			);
			path = BreakWordActivity;
			sourceTree = "<group>";
		};
		381C33E52B0419D600BAFE69 /* CardActivity */ = {
			isa = PBXGroup;
			children = (
				2FD5B2092B05D9D400F8373A /* Views */,
				381C33EB2B041A3700BAFE69 /* CardActivityView.swift */,
				381C33ED2B041A4200BAFE69 /* CardActivityViewModel.swift */,
			);
			path = CardActivity;
			sourceTree = "<group>";
		};
		381C33E62B0419F400BAFE69 /* CombineSyllableActivity */ = {
			isa = PBXGroup;
			children = (
				381C33E72B041A1700BAFE69 /* CombineSyllableActivityView.swift */,
				381C33E92B041A2400BAFE69 /* CombineSyllableActivityViewModel.swift */,
			);
			path = CombineSyllableActivity;
			sourceTree = "<group>";
		};
		3868C1522AE61C7100E832B0 /* Font */ = {
			isa = PBXGroup;
			children = (
				3868C1532AE61C8E00E832B0 /* Quicksand */,
			);
			path = Font;
			sourceTree = "<group>";
		};
		3868C1532AE61C8E00E832B0 /* Quicksand */ = {
			isa = PBXGroup;
			children = (
				3868C1542AE61C8E00E832B0 /* Quicksand-Bold.ttf */,
				3868C1552AE61C8E00E832B0 /* Quicksand-Medium.ttf */,
				3868C1562AE61C8E00E832B0 /* Quicksand-Regular.ttf */,
				3868C1572AE61C8E00E832B0 /* Quicksand-SemiBold.ttf */,
				3868C1582AE61C8E00E832B0 /* Quicksand-Light.ttf */,
			);
			path = Quicksand;
			sourceTree = "<group>";
		};
		3868C1622AE6216800E832B0 /* Design System */ = {
			isa = PBXGroup;
			children = (
				3868C15E2AE61ED100E832B0 /* ColorString.swift */,
				3868C1672AE6256900E832B0 /* View+Typography.swift */,
				3868C1602AE61FEF00E832B0 /* Color+Colors.swift */,
				3868C1632AE621C900E832B0 /* CGFloat+Spacings.swift */,
				3868C1652AE622B800E832B0 /* Typography.swift */,
			);
			path = "Design System";
			sourceTree = "<group>";
		};
		3868C1692AE625B600E832B0 /* Main */ = {
			isa = PBXGroup;
			children = (
				AC50DC2B2ACE5CDF00B9FE1B /* macro_challengeApp.swift */,
				AC50DC2D2ACE5CDF00B9FE1B /* ContentView.swift */,
				381C33DB2B03D97000BAFE69 /* AppNavigation.swift */,
			);
			path = Main;
			sourceTree = "<group>";
		};
		3868C16A2AE6C59A00E832B0 /* Data Manager */ = {
			isa = PBXGroup;
			children = (
				2FE992302B0726520073B3BC /* Model */,
				744373942B046B28005D62DD /* Core Data */,
				AC1FC1D02AE64C0B0078015B /* Data Resources */,
				2F99061E2AEE687A005AB1CC /* AudioManager.swift */,
				AC1FC1D72AE667C20078015B /* ContentManager.swift */,
				74FB08D22AE9A377003CBE43 /* QRScannerManager.swift */,
				2FF694A02AE8B4740085393F /* RecordingManager.swift */,
				389F02DF2B049A7500422671 /* VoiceRecognitionManager.swift */,
				ACA0FB792B07A48B0011624C /* SpeechRecognitionManager.swift */,
			);
			path = "Data Manager";
			sourceTree = "<group>";
		};
		3868C1702AE7779E00E832B0 /* UI Resources */ = {
			isa = PBXGroup;
			children = (
				3868C1522AE61C7100E832B0 /* Font */,
				3868C1712AE777D900E832B0 /* StringResources.swift */,
				AC50DC2F2ACE5CE100B9FE1B /* Assets.xcassets */,
			);
			path = "UI Resources";
			sourceTree = "<group>";
		};
		3868C1732AE77ACB00E832B0 /* Modules */ = {
			isa = PBXGroup;
			children = (
				381C33E62B0419F400BAFE69 /* CombineSyllableActivity */,
				381C33E52B0419D600BAFE69 /* CardActivity */,
				381C33E42B0419CA00BAFE69 /* BreakWordActivity */,
				381C33E32B0419B500BAFE69 /* PronunciationActivity */,
			);
			path = Modules;
			sourceTree = "<group>";
		};
		3868C1742AE77AD700E832B0 /* Components */ = {
			isa = PBXGroup;
			children = (
				AC099C6D2AFB37CF00BE2597 /* Activity */,
				74FB08DD2AE9D25D003CBE43 /* Card */,
				AC1FC1DE2AE66D250078015B /* Shared */,
			);
			path = Components;
			sourceTree = "<group>";
		};
		3868C1752AE77ADC00E832B0 /* Screens */ = {
			isa = PBXGroup;
			children = (
				3868C1782AE77AFC00E832B0 /* Onboarding */,
				3868C1792AE77B0400E832B0 /* Home */,
				3868C17A2AE77B0800E832B0 /* LearningFlow */,
			);
			path = Screens;
			sourceTree = "<group>";
		};
		3868C1782AE77AFC00E832B0 /* Onboarding */ = {
			isa = PBXGroup;
			children = (
				3868C1762AE77AF700E832B0 /* OnboardingScreenView.swift */,
			);
			path = Onboarding;
			sourceTree = "<group>";
		};
		3868C1792AE77B0400E832B0 /* Home */ = {
			isa = PBXGroup;
			children = (
				3868C17B2AE77B2000E832B0 /* HomeScreenView.swift */,
				AC099C702AFCB10000BE2597 /* HomeScreenViewModel.swift */,
			);
			path = Home;
			sourceTree = "<group>";
		};
		3868C17A2AE77B0800E832B0 /* LearningFlow */ = {
			isa = PBXGroup;
			children = (
				381C33FC2B041AED00BAFE69 /* LearningFlowScreenView.swift */,
				381C33FE2B041AF400BAFE69 /* LearningFlowScreenViewModel.swift */,
			);
			path = LearningFlow;
			sourceTree = "<group>";
		};
		389F02DC2B04948A00422671 /* Views */ = {
			isa = PBXGroup;
			children = (
				389F02DD2B0494AB00422671 /* PlayPronunciationRecordView.swift */,
			);
			path = Views;
			sourceTree = "<group>";
		};
		743C087D2B055A98008CAB95 /* Data */ = {
			isa = PBXGroup;
			children = (
				743C087E2B055BC3008CAB95 /* ActivityRepository.swift */,
				743C08802B055BD2008CAB95 /* ActivityRepositoryImpl.swift */,
				743C08822B055C81008CAB95 /* WordRepository.swift */,
				743C08842B055C8B008CAB95 /* WordRepositoryImpl.swift */,
				743C08862B055CA0008CAB95 /* SyllableRepository.swift */,
				743C08882B055CB3008CAB95 /* SyllableRepositoryImpl.swift */,
			);
			path = Data;
			sourceTree = "<group>";
		};
		744373942B046B28005D62DD /* Core Data */ = {
			isa = PBXGroup;
			children = (
				743C087D2B055A98008CAB95 /* Data */,
				744373912B046B09005D62DD /* CoreDataModel.xcdatamodeld */,
				744373952B046B8A005D62DD /* CoreDataManager.swift */,
				744373992B046D5E005D62DD /* CoreDataViewModelImpl.swift */,
				743C088A2B057B46008CAB95 /* CoreDataViewModel.swift */,
			);
			path = "Core Data";
			sourceTree = "<group>";
		};
		74FB08872AE9A13D003CBE43 /* M4A */ = {
			isa = PBXGroup;
			children = (
				AC0BAE852AF53F02009256A2 /* Syllable */,
				AC0BAE5E2AF53DD2009256A2 /* Activity */,
				74FB08882AE9A17A003CBE43 /* Letter */,
			);
			path = M4A;
			sourceTree = "<group>";
		};
		74FB08882AE9A17A003CBE43 /* Letter */ = {
			isa = PBXGroup;
			children = (
				74FB088C2AE9A1A3003CBE43 /* a.m4a */,
				74FB088F2AE9A1A3003CBE43 /* b.m4a */,
				74FB088D2AE9A1A3003CBE43 /* d.m4a */,
				74FB088B2AE9A1A3003CBE43 /* e.m4a */,
				74FB08912AE9A1A3003CBE43 /* eh.m4a */,
				74FB08902AE9A1A3003CBE43 /* i.m4a */,
				74FB08922AE9A1A3003CBE43 /* m.m4a */,
				74FB08932AE9A1A3003CBE43 /* n.m4a */,
				74FB08942AE9A1A3003CBE43 /* o.m4a */,
				74FB088A2AE9A1A3003CBE43 /* p.m4a */,
				74FB088E2AE9A1A3003CBE43 /* u.m4a */,
			);
			path = Letter;
			sourceTree = "<group>";
		};
		74FB08D42AE9A9B9003CBE43 /* enum */ = {
			isa = PBXGroup;
			children = (
				74FB08D52AE9A9C6003CBE43 /* PermissionEnum.swift */,
				74FB08E62AE9E26B003CBE43 /* ImageConst.swift */,
				74FB08EA2AE9EC33003CBE43 /* FontConst.swift */,
				AC0BAECE2AF8EA6E009256A2 /* Level.swift */,
				744373972B046C2F005D62DD /* CoreDataConst.swift */,
			);
			path = enum;
			sourceTree = "<group>";
		};
		74FB08DD2AE9D25D003CBE43 /* Card */ = {
			isa = PBXGroup;
			children = (
				74FB08D92AE9AB04003CBE43 /* ScannerView.swift */,
				74FB08DB2AE9AB8F003CBE43 /* ScannerViewModel.swift */,
				74FB08DE2AE9D2DA003CBE43 /* CardVowelStyleEnum.swift */,
				74FB08E02AE9D351003CBE43 /* FrontCardView.swift */,
				74FB08E82AE9E94E003CBE43 /* BackCardView.swift */,
			);
			path = Card;
			sourceTree = "<group>";
		};
		84CFD71E8A02F319D504695A /* Frameworks */ = {
			isa = PBXGroup;
			children = (
				8C71128A5A3BCCCEED84C487 /* Pods_macro_challenge.framework */,
			);
			name = Frameworks;
			sourceTree = "<group>";
		};
		AC099C6D2AFB37CF00BE2597 /* Activity */ = {
			isa = PBXGroup;
			children = (
				AC099C6E2AFB381D00BE2597 /* ActivityCharacter.swift */,
			);
			path = Activity;
			sourceTree = "<group>";
		};
		AC0BAE5E2AF53DD2009256A2 /* Activity */ = {
			isa = PBXGroup;
			children = (
				AC0BAE762AF53EC2009256A2 /* Card */,
				AC0BAE752AF53EB9009256A2 /* Blend Word */,
				AC0BAE6A2AF53E99009256A2 /* Break Word */,
				AC0BAE5F2AF53E31009256A2 /* Spelling */,
			);
			path = Activity;
			sourceTree = "<group>";
		};
		AC0BAE5F2AF53E31009256A2 /* Spelling */ = {
			isa = PBXGroup;
			children = (
				AC0BAE602AF53E31009256A2 /* after_pronunciation(2).m4a */,
				AC0BAE612AF53E31009256A2 /* before_pronunciation.m4a */,
				AC0BAE642AF53E31009256A2 /* after_pronunciation(1).m4a */,
			);
			path = Spelling;
			sourceTree = "<group>";
		};
		AC0BAE6A2AF53E99009256A2 /* Break Word */ = {
			isa = PBXGroup;
			children = (
				AC0BAE6F2AF53EB3009256A2 /* after_break-word(1).m4a */,
				AC0BAE6E2AF53EB3009256A2 /* after_break-word(2).m4a */,
				AC0BAE6D2AF53EB3009256A2 /* after_break-word(3).m4a */,
				AC0BAE6B2AF53EB3009256A2 /* before_break-word(1).m4a */,
				AC0BAE6C2AF53EB3009256A2 /* before_break-word(2).m4a */,
			);
			path = "Break Word";
			sourceTree = "<group>";
		};
		AC0BAE752AF53EB9009256A2 /* Blend Word */ = {
			isa = PBXGroup;
			children = (
				AC0BAE812AF53EE9009256A2 /* after_blend-word.m4a */,
				AC0BAE822AF53EE9009256A2 /* before_blend-word.m4a */,
			);
			path = "Blend Word";
			sourceTree = "<group>";
		};
		AC0BAE762AF53EC2009256A2 /* Card */ = {
			isa = PBXGroup;
			children = (
				AC0BAE772AF53EDE009256A2 /* after_card(1).m4a */,
				AC0BAE7A2AF53EDE009256A2 /* after_card(2-correct).m4a */,
				AC0BAE7B2AF53EDE009256A2 /* after_card(2-wrong).m4a */,
				AC0BAE782AF53EDE009256A2 /* before_card(1).m4a */,
				AC0BAE792AF53EDE009256A2 /* before_card(2).m4a */,
			);
			path = Card;
			sourceTree = "<group>";
		};
		AC0BAE852AF53F02009256A2 /* Syllable */ = {
			isa = PBXGroup;
			children = (
				AC0BAEBA2AF5409B009256A2 /* be.m4a */,
				AC0BAEBD2AF5409B009256A2 /* bi.m4a */,
				AC0BAEC22AF5409C009256A2 /* bo.m4a */,
				AC0BAEBC2AF5409B009256A2 /* bu.m4a */,
				AC0BAEBF2AF5409B009256A2 /* da.m4a */,
				AC0BAEBB2AF5409B009256A2 /* de.m4a */,
				AC0BAEC12AF5409C009256A2 /* di.m4a */,
				AC0BAEB92AF5409B009256A2 /* do.m4a */,
				AC0BAEBE2AF5409B009256A2 /* du.m4a */,
				AC0BAEC02AF5409B009256A2 /* ma.m4a */,
				AC0BAEB82AF5409B009256A2 /* me.m4a */,
				AC0BAE872AF53F15009256A2 /* mi.m4a */,
				AC0BAE892AF53F15009256A2 /* mo.m4a */,
				AC0BAE912AF53F16009256A2 /* mu.m4a */,
				AC0BAE8E2AF53F16009256A2 /* na.m4a */,
				AC0BAE862AF53F15009256A2 /* ne.m4a */,
				AC0BAE882AF53F15009256A2 /* ni.m4a */,
				AC0BAE8B2AF53F15009256A2 /* no.m4a */,
				AC0BAE922AF53F16009256A2 /* nu.m4a */,
				AC0BAE8A2AF53F15009256A2 /* pa.m4a */,
				AC0BAE8F2AF53F16009256A2 /* pe.m4a */,
				AC0BAE8D2AF53F15009256A2 /* pi.m4a */,
				AC0BAE902AF53F16009256A2 /* po.m4a */,
				AC0BAE8C2AF53F15009256A2 /* pu.m4a */,
			);
			path = Syllable;
			sourceTree = "<group>";
		};
		AC1FC1D02AE64C0B0078015B /* Data Resources */ = {
			isa = PBXGroup;
			children = (
				ACA0FB7D2B07CA7F0011624C /* MP3 */,
				2FE992352B0742C70073B3BC /* JSON */,
				74FB08872AE9A13D003CBE43 /* M4A */,
				381C33DD2B03E84D00BAFE69 /* VoiceResources.swift */,
				2FAFBA102B00DFAE00176336 /* SoundClassifier.swift */,
			);
			path = "Data Resources";
			sourceTree = "<group>";
		};
		AC1FC1D52AE667A70078015B /* Core */ = {
			isa = PBXGroup;
			children = (
				3868C1622AE6216800E832B0 /* Design System */,
				AC1FC1D62AE667AB0078015B /* Utilities */,
			);
			path = Core;
			sourceTree = "<group>";
		};
		AC1FC1D62AE667AB0078015B /* Utilities */ = {
			isa = PBXGroup;
			children = (
				74FB08D42AE9A9B9003CBE43 /* enum */,
				3868C16B2AE6C5F900E832B0 /* Collection+Extension.swift */,
				2FF694A62AE8C65D0085393F /* Date+Extension.swift */,
				74FB08E22AE9D67B003CBE43 /* Color+Extension.swift */,
				7429B7632AEEED7100BF7F93 /* String+Extension.swift */,
			);
			path = Utilities;
			sourceTree = "<group>";
		};
		AC1FC1D92AE668400078015B /* Presentation */ = {
			isa = PBXGroup;
			children = (
				3868C1702AE7779E00E832B0 /* UI Resources */,
				3868C1742AE77AD700E832B0 /* Components */,
				3868C1732AE77ACB00E832B0 /* Modules */,
				3868C1752AE77ADC00E832B0 /* Screens */,
			);
			path = Presentation;
			sourceTree = "<group>";
		};
		AC1FC1DA2AE668480078015B /* Models */ = {
			isa = PBXGroup;
			children = (
				AC1FC1DB2AE668570078015B /* Syllable.swift */,
				AC1FC1E52AE67A810078015B /* Word.swift */,
				2F99061C2AEE5EDD005AB1CC /* AudioRecord.swift */,
				AC1B586F2AEEB63300661474 /* LearningActivity.swift */,
				2F75E5682B01D8B4003982C5 /* Probability.swift */,
				ACA0FB7B2B07A4AD0011624C /* SpeechText.swift */,
			);
			path = Models;
			sourceTree = "<group>";
		};
		AC1FC1DE2AE66D250078015B /* Shared */ = {
			isa = PBXGroup;
			children = (
				ACECDC1D2AEF583400E616D7 /* NextButton.swift */,
				ACECDC1C2AEF583400E616D7 /* PlayRecord.swift */,
				ACECDC1B2AEF583400E616D7 /* PronounceInstruction.swift */,
				AC1FC1DF2AE66D9C0078015B /* SyllableLabelView.swift */,
				74FB08D72AE9AA50003CBE43 /* QRCameraView.swift */,
				AC427D752AEB70D00012E00C /* ProgressBarView.swift */,
				AC427D772AEBC4AE0012E00C /* InstructionView.swift */,
				AC427D7B2AEBCF4E0012E00C /* PonoButtonStyle.swift */,
				7429B7652AEF33BE00BF7F93 /* CustomShape.swift */,
				ACECDC252AEF7CBE00E616D7 /* RecordingAudioView.swift */,
				F9E66B762AF939E000381AFF /* RecordingButtonStyle.swift */,
				F9C16B842AF7C2190099DE09 /* RecordProgressBarView.swift */,
				74695A7B2AF7E78F00FFBB6F /* BaseSyllableView.swift */,
				74695A7D2AF7EA5C00FFBB6F /* MergedSyllableView.swift */,
				ACA0FB822B098D510011624C /* BubuAnimation.swift */,
			);
			path = Shared;
			sourceTree = "<group>";
		};
		AC50DC1F2ACE5CDF00B9FE1B = {
			isa = PBXGroup;
			children = (
				AC50DC2A2ACE5CDF00B9FE1B /* macro-challenge */,
				AC50DC292ACE5CDF00B9FE1B /* Products */,
				C27D934F4411AB3F99580584 /* Pods */,
				84CFD71E8A02F319D504695A /* Frameworks */,
			);
			sourceTree = "<group>";
		};
		AC50DC292ACE5CDF00B9FE1B /* Products */ = {
			isa = PBXGroup;
			children = (
				AC50DC282ACE5CDF00B9FE1B /* macro-challenge.app */,
			);
			name = Products;
			sourceTree = "<group>";
		};
		AC50DC2A2ACE5CDF00B9FE1B /* macro-challenge */ = {
			isa = PBXGroup;
			children = (
				3868C1692AE625B600E832B0 /* Main */,
				AC1FC1D52AE667A70078015B /* Core */,
				3868C16A2AE6C59A00E832B0 /* Data Manager */,
				AC1FC1DA2AE668480078015B /* Models */,
				AC1FC1D92AE668400078015B /* Presentation */,
				AC50DC312ACE5CE100B9FE1B /* Preview Content */,
			);
			path = "macro-challenge";
			sourceTree = "<group>";
		};
		AC50DC312ACE5CE100B9FE1B /* Preview Content */ = {
			isa = PBXGroup;
			children = (
				AC50DC322ACE5CE100B9FE1B /* Preview Assets.xcassets */,
				381C34002B045FA200BAFE69 /* PreviewDataResources.swift */,
			);
			path = "Preview Content";
			sourceTree = "<group>";
		};
		ACA0FB7D2B07CA7F0011624C /* MP3 */ = {
			isa = PBXGroup;
			children = (
				ACA0FB7E2B07CA8F0011624C /* Blink.mp3 */,
			);
			path = MP3;
			sourceTree = "<group>";
		};
		C27D934F4411AB3F99580584 /* Pods */ = {
			isa = PBXGroup;
			children = (
				2B69F975344575E3C4C957EE /* Pods-macro-challenge.debug.xcconfig */,
				90AB5B4698CAA74DBBB2C706 /* Pods-macro-challenge.release.xcconfig */,
			);
			path = Pods;
			sourceTree = "<group>";
		};
/* End PBXGroup section */

/* Begin PBXNativeTarget section */
		AC50DC272ACE5CDF00B9FE1B /* macro-challenge */ = {
			isa = PBXNativeTarget;
			buildConfigurationList = AC50DC362ACE5CE100B9FE1B /* Build configuration list for PBXNativeTarget "macro-challenge" */;
			buildPhases = (
				1021BEAED5B5AEA96A41CB9A /* [CP] Check Pods Manifest.lock */,
				AC50DC242ACE5CDF00B9FE1B /* Sources */,
				AC50DC252ACE5CDF00B9FE1B /* Frameworks */,
				AC50DC262ACE5CDF00B9FE1B /* Resources */,
			);
			buildRules = (
			);
			dependencies = (
			);
			name = "macro-challenge";
			productName = "macro-challenge";
			productReference = AC50DC282ACE5CDF00B9FE1B /* macro-challenge.app */;
			productType = "com.apple.product-type.application";
		};
/* End PBXNativeTarget section */

/* Begin PBXProject section */
		AC50DC202ACE5CDF00B9FE1B /* Project object */ = {
			isa = PBXProject;
			attributes = {
				BuildIndependentTargetsInParallel = 1;
				LastSwiftUpdateCheck = 1430;
				LastUpgradeCheck = 1500;
				TargetAttributes = {
					AC50DC272ACE5CDF00B9FE1B = {
						CreatedOnToolsVersion = 14.3;
					};
				};
			};
			buildConfigurationList = AC50DC232ACE5CDF00B9FE1B /* Build configuration list for PBXProject "macro-challenge" */;
			compatibilityVersion = "Xcode 14.0";
			developmentRegion = en;
			hasScannedForEncodings = 0;
			knownRegions = (
				en,
				Base,
			);
			mainGroup = AC50DC1F2ACE5CDF00B9FE1B;
			productRefGroup = AC50DC292ACE5CDF00B9FE1B /* Products */;
			projectDirPath = "";
			projectRoot = "";
			targets = (
				AC50DC272ACE5CDF00B9FE1B /* macro-challenge */,
			);
		};
/* End PBXProject section */

/* Begin PBXResourcesBuildPhase section */
		AC50DC262ACE5CDF00B9FE1B /* Resources */ = {
			isa = PBXResourcesBuildPhase;
			buildActionMask = 2147483647;
			files = (
				AC0BAE652AF53E31009256A2 /* after_pronunciation(2).m4a in Resources */,
				74FB089B2AE9A1A3003CBE43 /* i.m4a in Resources */,
				74FB08972AE9A1A3003CBE43 /* a.m4a in Resources */,
				AC0BAE832AF53EE9009256A2 /* after_blend-word.m4a in Resources */,
				AC0BAECB2AF5409C009256A2 /* ma.m4a in Resources */,
				AC50DC332ACE5CE100B9FE1B /* Preview Assets.xcassets in Resources */,
				AC0BAEC52AF5409C009256A2 /* be.m4a in Resources */,
				AC0BAE802AF53EDE009256A2 /* after_card(2-wrong).m4a in Resources */,
				AC0BAE712AF53EB3009256A2 /* before_break-word(2).m4a in Resources */,
				74FB089E2AE9A1A3003CBE43 /* n.m4a in Resources */,
				AC0BAEC32AF5409C009256A2 /* me.m4a in Resources */,
				AC0BAE992AF53F16009256A2 /* pu.m4a in Resources */,
				AC0BAEC82AF5409C009256A2 /* bi.m4a in Resources */,
				AC0BAE702AF53EB3009256A2 /* before_break-word(1).m4a in Resources */,
				AC0BAE9F2AF53F16009256A2 /* nu.m4a in Resources */,
				AC0BAEC72AF5409C009256A2 /* bu.m4a in Resources */,
				AC0BAE722AF53EB3009256A2 /* after_break-word(3).m4a in Resources */,
				AC0BAE952AF53F16009256A2 /* ni.m4a in Resources */,
				AC0BAE842AF53EE9009256A2 /* before_blend-word.m4a in Resources */,
				AC0BAE932AF53F16009256A2 /* ne.m4a in Resources */,
				74FB089C2AE9A1A3003CBE43 /* eh.m4a in Resources */,
				ACA0FB7F2B07CA8F0011624C /* Blink.mp3 in Resources */,
				2FE992332B0726530073B3BC /* sound_classification.tflite in Resources */,
				74FB08992AE9A1A3003CBE43 /* u.m4a in Resources */,
				AC0BAE942AF53F16009256A2 /* mi.m4a in Resources */,
				AC1FC1D22AE64C300078015B /* syllables.json in Resources */,
				AC0BAE7E2AF53EDE009256A2 /* before_card(2).m4a in Resources */,
				AC0BAE9D2AF53F16009256A2 /* po.m4a in Resources */,
				AC0BAECA2AF5409C009256A2 /* da.m4a in Resources */,
				AC0BAE7F2AF53EDE009256A2 /* after_card(2-correct).m4a in Resources */,
				3868C15A2AE61C8E00E832B0 /* Quicksand-Medium.ttf in Resources */,
				3868C1592AE61C8E00E832B0 /* Quicksand-Bold.ttf in Resources */,
				74FB089D2AE9A1A3003CBE43 /* m.m4a in Resources */,
				AC0BAECD2AF5409C009256A2 /* bo.m4a in Resources */,
				3808ED002AFAE41F008FE81A /* words.json in Resources */,
				3868C15D2AE61C8E00E832B0 /* Quicksand-Light.ttf in Resources */,
				3868C15C2AE61C8E00E832B0 /* Quicksand-SemiBold.ttf in Resources */,
				AC0BAE7C2AF53EDE009256A2 /* after_card(1).m4a in Resources */,
				AC0BAE732AF53EB3009256A2 /* after_break-word(2).m4a in Resources */,
				74FB08952AE9A1A3003CBE43 /* p.m4a in Resources */,
				AC0BAE962AF53F16009256A2 /* mo.m4a in Resources */,
				AC0BAE9E2AF53F16009256A2 /* mu.m4a in Resources */,
				74FB089F2AE9A1A3003CBE43 /* o.m4a in Resources */,
				AC0BAEC92AF5409C009256A2 /* du.m4a in Resources */,
				AC50DC302ACE5CE100B9FE1B /* Assets.xcassets in Resources */,
				74FB08982AE9A1A3003CBE43 /* d.m4a in Resources */,
				AC0BAE742AF53EB3009256A2 /* after_break-word(1).m4a in Resources */,
				AC0BAECC2AF5409C009256A2 /* di.m4a in Resources */,
				AC0BAEC62AF5409C009256A2 /* de.m4a in Resources */,
				AC0BAE9A2AF53F16009256A2 /* pi.m4a in Resources */,
				74FB08962AE9A1A3003CBE43 /* e.m4a in Resources */,
				AC0BAE692AF53E31009256A2 /* after_pronunciation(1).m4a in Resources */,
				AC0BAE9C2AF53F16009256A2 /* pe.m4a in Resources */,
				3868C15B2AE61C8E00E832B0 /* Quicksand-Regular.ttf in Resources */,
				2FE992342B0726530073B3BC /* labels.txt in Resources */,
				AC0BAE7D2AF53EDE009256A2 /* before_card(1).m4a in Resources */,
				AC0BAE982AF53F16009256A2 /* no.m4a in Resources */,
				74FB089A2AE9A1A3003CBE43 /* b.m4a in Resources */,
				AC0BAE972AF53F16009256A2 /* pa.m4a in Resources */,
				AC0BAE9B2AF53F16009256A2 /* na.m4a in Resources */,
				AC0BAE662AF53E31009256A2 /* before_pronunciation.m4a in Resources */,
				AC0BAEC42AF5409C009256A2 /* do.m4a in Resources */,
			);
			runOnlyForDeploymentPostprocessing = 0;
		};
/* End PBXResourcesBuildPhase section */

/* Begin PBXShellScriptBuildPhase section */
		1021BEAED5B5AEA96A41CB9A /* [CP] Check Pods Manifest.lock */ = {
			isa = PBXShellScriptBuildPhase;
			buildActionMask = 2147483647;
			files = (
			);
			inputFileListPaths = (
			);
			inputPaths = (
				"${PODS_PODFILE_DIR_PATH}/Podfile.lock",
				"${PODS_ROOT}/Manifest.lock",
			);
			name = "[CP] Check Pods Manifest.lock";
			outputFileListPaths = (
			);
			outputPaths = (
				"$(DERIVED_FILE_DIR)/Pods-macro-challenge-checkManifestLockResult.txt",
			);
			runOnlyForDeploymentPostprocessing = 0;
			shellPath = /bin/sh;
			shellScript = "diff \"${PODS_PODFILE_DIR_PATH}/Podfile.lock\" \"${PODS_ROOT}/Manifest.lock\" > /dev/null\nif [ $? != 0 ] ; then\n    # print error to STDERR\n    echo \"error: The sandbox is not in sync with the Podfile.lock. Run 'pod install' or update your CocoaPods installation.\" >&2\n    exit 1\nfi\n# This output is used by Xcode 'outputs' to avoid re-running this script phase.\necho \"SUCCESS\" > \"${SCRIPT_OUTPUT_FILE_0}\"\n";
			showEnvVarsInLog = 0;
		};
/* End PBXShellScriptBuildPhase section */

/* Begin PBXSourcesBuildPhase section */
		AC50DC242ACE5CDF00B9FE1B /* Sources */ = {
			isa = PBXSourcesBuildPhase;
			buildActionMask = 2147483647;
			files = (
				7443739A2B046D5E005D62DD /* CoreDataViewModelImpl.swift in Sources */,
				AC427D762AEB70D00012E00C /* ProgressBarView.swift in Sources */,
				74695A7C2AF7E78F00FFBB6F /* BaseSyllableView.swift in Sources */,
				381C33DE2B03E84D00BAFE69 /* VoiceResources.swift in Sources */,
				389F02DB2B0463E600422671 /* PronunciationActivityView.swift in Sources */,
				2FF694A72AE8C65D0085393F /* Date+Extension.swift in Sources */,
				AC099C712AFCB10000BE2597 /* HomeScreenViewModel.swift in Sources */,
				AC427D782AEBC4AE0012E00C /* InstructionView.swift in Sources */,
				AC1FC1E62AE67A810078015B /* Word.swift in Sources */,
				381C33F82B041A9900BAFE69 /* PronunciationActivityViewModel.swift in Sources */,
				ACA0FB7A2B07A48B0011624C /* SpeechRecognitionManager.swift in Sources */,
				381C33E82B041A1700BAFE69 /* CombineSyllableActivityView.swift in Sources */,
				2FF694A12AE8B4740085393F /* RecordingManager.swift in Sources */,
				743C087F2B055BC3008CAB95 /* ActivityRepository.swift in Sources */,
				ACECDC202AEF583400E616D7 /* NextButton.swift in Sources */,
				3868C16C2AE6C5F900E832B0 /* Collection+Extension.swift in Sources */,
				3868C15F2AE61ED100E832B0 /* ColorString.swift in Sources */,
				AC099C6F2AFB381D00BE2597 /* ActivityCharacter.swift in Sources */,
				3868C1772AE77AF700E832B0 /* OnboardingScreenView.swift in Sources */,
				381C33DC2B03D97000BAFE69 /* AppNavigation.swift in Sources */,
				2F75E5692B01D8B4003982C5 /* Probability.swift in Sources */,
				ACECDC262AEF7CBE00E616D7 /* RecordingAudioView.swift in Sources */,
				381C34012B045FA200BAFE69 /* PreviewDataResources.swift in Sources */,
				381C33FD2B041AED00BAFE69 /* LearningFlowScreenView.swift in Sources */,
				743C08852B055C8B008CAB95 /* WordRepositoryImpl.swift in Sources */,
				ACECDC1E2AEF583400E616D7 /* PronounceInstruction.swift in Sources */,
				74FB08D62AE9A9C6003CBE43 /* PermissionEnum.swift in Sources */,
				F9E66B772AF939E000381AFF /* RecordingButtonStyle.swift in Sources */,
				743C08872B055CA0008CAB95 /* SyllableRepository.swift in Sources */,
				AC0BAECF2AF8EA6E009256A2 /* Level.swift in Sources */,
				2F99061D2AEE5EDD005AB1CC /* AudioRecord.swift in Sources */,
				381C33FF2B041AF400BAFE69 /* LearningFlowScreenViewModel.swift in Sources */,
				381C33EE2B041A4200BAFE69 /* CardActivityViewModel.swift in Sources */,
				743C088B2B057B46008CAB95 /* CoreDataViewModel.swift in Sources */,
				2F99061F2AEE687A005AB1CC /* AudioManager.swift in Sources */,
				743C08812B055BD2008CAB95 /* ActivityRepositoryImpl.swift in Sources */,
				3868C1722AE777D900E832B0 /* StringResources.swift in Sources */,
				AC1FC1D82AE667C20078015B /* ContentManager.swift in Sources */,
				74FB08EB2AE9EC33003CBE43 /* FontConst.swift in Sources */,
				74FB08DA2AE9AB04003CBE43 /* ScannerView.swift in Sources */,
				AC427D7C2AEBCF4E0012E00C /* PonoButtonStyle.swift in Sources */,
				3868C17C2AE77B2000E832B0 /* HomeScreenView.swift in Sources */,
				74FB08DC2AE9AB8F003CBE43 /* ScannerViewModel.swift in Sources */,
				2FD5B2082B05D9BE00F8373A /* PreviewCardView.swift in Sources */,
				381C33F22B041A7A00BAFE69 /* BreakWordActivityView.swift in Sources */,
				3868C1682AE6256900E832B0 /* View+Typography.swift in Sources */,
				74FB08E72AE9E26B003CBE43 /* ImageConst.swift in Sources */,
				389F02DE2B0494AB00422671 /* PlayPronunciationRecordView.swift in Sources */,
				74FB08D82AE9AA50003CBE43 /* QRCameraView.swift in Sources */,
				743C08832B055C81008CAB95 /* WordRepository.swift in Sources */,
				74FB08E12AE9D351003CBE43 /* FrontCardView.swift in Sources */,
				AC50DC2E2ACE5CDF00B9FE1B /* ContentView.swift in Sources */,
				743C08892B055CB3008CAB95 /* SyllableRepositoryImpl.swift in Sources */,
				AC50DC2C2ACE5CDF00B9FE1B /* macro_challengeApp.swift in Sources */,
				381C33EA2B041A2400BAFE69 /* CombineSyllableActivityViewModel.swift in Sources */,
				744373962B046B8A005D62DD /* CoreDataManager.swift in Sources */,
				74FB08DF2AE9D2DA003CBE43 /* CardVowelStyleEnum.swift in Sources */,
				ACA0FB832B098D510011624C /* BubuAnimation.swift in Sources */,
				AC1FC1DC2AE668570078015B /* Syllable.swift in Sources */,
				74FB08D32AE9A377003CBE43 /* QRScannerManager.swift in Sources */,
				AC1B58702AEEB63300661474 /* LearningActivity.swift in Sources */,
				381C33EC2B041A3700BAFE69 /* CardActivityView.swift in Sources */,
				389F02E02B049A7500422671 /* VoiceRecognitionManager.swift in Sources */,
				744373932B046B09005D62DD /* CoreDataModel.xcdatamodeld in Sources */,
				AC1B58702AEEB63300661474 /* LearningActivity.swift in Sources */,
				7429B7662AEF33BE00BF7F93 /* CustomShape.swift in Sources */,
				74FB08E92AE9E94E003CBE43 /* BackCardView.swift in Sources */,
				AC1FC1E02AE66D9C0078015B /* SyllableLabelView.swift in Sources */,
				3868C1612AE61FEF00E832B0 /* Color+Colors.swift in Sources */,
				ACECDC1F2AEF583400E616D7 /* PlayRecord.swift in Sources */,
				381C33F42B041A8200BAFE69 /* BreakWordActivityViewModel.swift in Sources */,
				2FAFBA112B00DFAE00176336 /* SoundClassifier.swift in Sources */,
				F9C16B852AF7C2190099DE09 /* RecordProgressBarView.swift in Sources */,
				74FB08E32AE9D67B003CBE43 /* Color+Extension.swift in Sources */,
				ACA0FB7C2B07A4AD0011624C /* SpeechText.swift in Sources */,
				3868C1662AE622B800E832B0 /* Typography.swift in Sources */,
				3868C1642AE621C900E832B0 /* CGFloat+Spacings.swift in Sources */,
				74695A7E2AF7EA5C00FFBB6F /* MergedSyllableView.swift in Sources */,
				744373982B046C2F005D62DD /* CoreDataConst.swift in Sources */,
				7429B7642AEEED7100BF7F93 /* String+Extension.swift in Sources */,
			);
			runOnlyForDeploymentPostprocessing = 0;
		};
/* End PBXSourcesBuildPhase section */

/* Begin XCBuildConfiguration section */
		AC50DC342ACE5CE100B9FE1B /* Debug */ = {
			isa = XCBuildConfiguration;
			buildSettings = {
				ALWAYS_SEARCH_USER_PATHS = NO;
				CLANG_ANALYZER_NONNULL = YES;
				CLANG_ANALYZER_NUMBER_OBJECT_CONVERSION = YES_AGGRESSIVE;
				CLANG_CXX_LANGUAGE_STANDARD = "gnu++20";
				CLANG_ENABLE_MODULES = YES;
				CLANG_ENABLE_OBJC_ARC = YES;
				CLANG_ENABLE_OBJC_WEAK = YES;
				CLANG_WARN_BLOCK_CAPTURE_AUTORELEASING = YES;
				CLANG_WARN_BOOL_CONVERSION = YES;
				CLANG_WARN_COMMA = YES;
				CLANG_WARN_CONSTANT_CONVERSION = YES;
				CLANG_WARN_DEPRECATED_OBJC_IMPLEMENTATIONS = YES;
				CLANG_WARN_DIRECT_OBJC_ISA_USAGE = YES_ERROR;
				CLANG_WARN_DOCUMENTATION_COMMENTS = YES;
				CLANG_WARN_EMPTY_BODY = YES;
				CLANG_WARN_ENUM_CONVERSION = YES;
				CLANG_WARN_INFINITE_RECURSION = YES;
				CLANG_WARN_INT_CONVERSION = YES;
				CLANG_WARN_NON_LITERAL_NULL_CONVERSION = YES;
				CLANG_WARN_OBJC_IMPLICIT_RETAIN_SELF = YES;
				CLANG_WARN_OBJC_LITERAL_CONVERSION = YES;
				CLANG_WARN_OBJC_ROOT_CLASS = YES_ERROR;
				CLANG_WARN_QUOTED_INCLUDE_IN_FRAMEWORK_HEADER = YES;
				CLANG_WARN_RANGE_LOOP_ANALYSIS = YES;
				CLANG_WARN_STRICT_PROTOTYPES = YES;
				CLANG_WARN_SUSPICIOUS_MOVE = YES;
				CLANG_WARN_UNGUARDED_AVAILABILITY = YES_AGGRESSIVE;
				CLANG_WARN_UNREACHABLE_CODE = YES;
				CLANG_WARN__DUPLICATE_METHOD_MATCH = YES;
				COPY_PHASE_STRIP = NO;
				DEBUG_INFORMATION_FORMAT = dwarf;
				ENABLE_STRICT_OBJC_MSGSEND = YES;
				ENABLE_TESTABILITY = YES;
				ENABLE_USER_SCRIPT_SANDBOXING = YES;
				EXCLUDED_ARCHS = arm64;
				GCC_C_LANGUAGE_STANDARD = gnu11;
				GCC_DYNAMIC_NO_PIC = NO;
				GCC_NO_COMMON_BLOCKS = YES;
				GCC_OPTIMIZATION_LEVEL = 0;
				GCC_PREPROCESSOR_DEFINITIONS = (
					"DEBUG=1",
					"$(inherited)",
				);
				GCC_WARN_64_TO_32_BIT_CONVERSION = YES;
				GCC_WARN_ABOUT_RETURN_TYPE = YES_ERROR;
				GCC_WARN_UNDECLARED_SELECTOR = YES;
				GCC_WARN_UNINITIALIZED_AUTOS = YES_AGGRESSIVE;
				GCC_WARN_UNUSED_FUNCTION = YES;
				GCC_WARN_UNUSED_VARIABLE = YES;
				IPHONEOS_DEPLOYMENT_TARGET = 16.2;
				MTL_ENABLE_DEBUG_INFO = INCLUDE_SOURCE;
				MTL_FAST_MATH = YES;
				ONLY_ACTIVE_ARCH = YES;
				SDKROOT = iphoneos;
				SWIFT_ACTIVE_COMPILATION_CONDITIONS = DEBUG;
				SWIFT_OPTIMIZATION_LEVEL = "-Onone";
			};
			name = Debug;
		};
		AC50DC352ACE5CE100B9FE1B /* Release */ = {
			isa = XCBuildConfiguration;
			buildSettings = {
				ALWAYS_SEARCH_USER_PATHS = NO;
				CLANG_ANALYZER_NONNULL = YES;
				CLANG_ANALYZER_NUMBER_OBJECT_CONVERSION = YES_AGGRESSIVE;
				CLANG_CXX_LANGUAGE_STANDARD = "gnu++20";
				CLANG_ENABLE_MODULES = YES;
				CLANG_ENABLE_OBJC_ARC = YES;
				CLANG_ENABLE_OBJC_WEAK = YES;
				CLANG_WARN_BLOCK_CAPTURE_AUTORELEASING = YES;
				CLANG_WARN_BOOL_CONVERSION = YES;
				CLANG_WARN_COMMA = YES;
				CLANG_WARN_CONSTANT_CONVERSION = YES;
				CLANG_WARN_DEPRECATED_OBJC_IMPLEMENTATIONS = YES;
				CLANG_WARN_DIRECT_OBJC_ISA_USAGE = YES_ERROR;
				CLANG_WARN_DOCUMENTATION_COMMENTS = YES;
				CLANG_WARN_EMPTY_BODY = YES;
				CLANG_WARN_ENUM_CONVERSION = YES;
				CLANG_WARN_INFINITE_RECURSION = YES;
				CLANG_WARN_INT_CONVERSION = YES;
				CLANG_WARN_NON_LITERAL_NULL_CONVERSION = YES;
				CLANG_WARN_OBJC_IMPLICIT_RETAIN_SELF = YES;
				CLANG_WARN_OBJC_LITERAL_CONVERSION = YES;
				CLANG_WARN_OBJC_ROOT_CLASS = YES_ERROR;
				CLANG_WARN_QUOTED_INCLUDE_IN_FRAMEWORK_HEADER = YES;
				CLANG_WARN_RANGE_LOOP_ANALYSIS = YES;
				CLANG_WARN_STRICT_PROTOTYPES = YES;
				CLANG_WARN_SUSPICIOUS_MOVE = YES;
				CLANG_WARN_UNGUARDED_AVAILABILITY = YES_AGGRESSIVE;
				CLANG_WARN_UNREACHABLE_CODE = YES;
				CLANG_WARN__DUPLICATE_METHOD_MATCH = YES;
				COPY_PHASE_STRIP = NO;
				DEBUG_INFORMATION_FORMAT = "dwarf-with-dsym";
				ENABLE_NS_ASSERTIONS = NO;
				ENABLE_STRICT_OBJC_MSGSEND = YES;
				ENABLE_USER_SCRIPT_SANDBOXING = YES;
				GCC_C_LANGUAGE_STANDARD = gnu11;
				GCC_NO_COMMON_BLOCKS = YES;
				GCC_WARN_64_TO_32_BIT_CONVERSION = YES;
				GCC_WARN_ABOUT_RETURN_TYPE = YES_ERROR;
				GCC_WARN_UNDECLARED_SELECTOR = YES;
				GCC_WARN_UNINITIALIZED_AUTOS = YES_AGGRESSIVE;
				GCC_WARN_UNUSED_FUNCTION = YES;
				GCC_WARN_UNUSED_VARIABLE = YES;
				IPHONEOS_DEPLOYMENT_TARGET = 16.2;
				MTL_ENABLE_DEBUG_INFO = NO;
				MTL_FAST_MATH = YES;
				SDKROOT = iphoneos;
				SWIFT_COMPILATION_MODE = wholemodule;
				SWIFT_OPTIMIZATION_LEVEL = "-O";
				VALIDATE_PRODUCT = YES;
			};
			name = Release;
		};
		AC50DC372ACE5CE100B9FE1B /* Debug */ = {
			isa = XCBuildConfiguration;
			baseConfigurationReference = 2B69F975344575E3C4C957EE /* Pods-macro-challenge.debug.xcconfig */;
			buildSettings = {
				ASSETCATALOG_COMPILER_APPICON_NAME = AppIcon;
				ASSETCATALOG_COMPILER_GLOBAL_ACCENT_COLOR_NAME = AccentColor;
				CODE_SIGN_STYLE = Automatic;
				CURRENT_PROJECT_VERSION = 1;
				DEVELOPMENT_ASSET_PATHS = "\"macro-challenge/Preview Content\"";
				DEVELOPMENT_TEAM = A94C53K2J9;
				ENABLE_ON_DEMAND_RESOURCES = YES;
				ENABLE_PREVIEWS = YES;
				EXCLUDED_ARCHS = "";
				GENERATE_INFOPLIST_FILE = YES;
				INFOPLIST_FILE = "macro-challenge/Info.plist";
				INFOPLIST_KEY_NSCameraUsageDescription = "";
				INFOPLIST_KEY_NSMicrophoneUsageDescription = "";
				INFOPLIST_KEY_NSSpeechRecognitionUsageDescription = "You can view feedback on your pronunciation";
				INFOPLIST_KEY_UIApplicationSceneManifest_Generation = YES;
				INFOPLIST_KEY_UIApplicationSupportsIndirectInputEvents = YES;
				INFOPLIST_KEY_UILaunchScreen_Generation = YES;
				INFOPLIST_KEY_UISupportedInterfaceOrientations = UIInterfaceOrientationLandscapeRight;
				IPHONEOS_DEPLOYMENT_TARGET = 15.5;
				LD_RUNPATH_SEARCH_PATHS = (
					"$(inherited)",
					"@executable_path/Frameworks",
				);
				MARKETING_VERSION = 1.0;
				PRODUCT_BUNDLE_IDENTIFIER = "keziaglr.macro-challenge";
				PRODUCT_NAME = "$(TARGET_NAME)";
				SWIFT_EMIT_LOC_STRINGS = YES;
				SWIFT_VERSION = 5.0;
				TARGETED_DEVICE_FAMILY = "1,2";
			};
			name = Debug;
		};
		AC50DC382ACE5CE100B9FE1B /* Release */ = {
			isa = XCBuildConfiguration;
			baseConfigurationReference = 90AB5B4698CAA74DBBB2C706 /* Pods-macro-challenge.release.xcconfig */;
			buildSettings = {
				ASSETCATALOG_COMPILER_APPICON_NAME = AppIcon;
				ASSETCATALOG_COMPILER_GLOBAL_ACCENT_COLOR_NAME = AccentColor;
				CODE_SIGN_STYLE = Automatic;
				CURRENT_PROJECT_VERSION = 1;
				DEVELOPMENT_ASSET_PATHS = "\"macro-challenge/Preview Content\"";
				DEVELOPMENT_TEAM = A94C53K2J9;
				ENABLE_ON_DEMAND_RESOURCES = YES;
				ENABLE_PREVIEWS = YES;
				GENERATE_INFOPLIST_FILE = YES;
				INFOPLIST_FILE = "macro-challenge/Info.plist";
				INFOPLIST_KEY_NSCameraUsageDescription = "";
				INFOPLIST_KEY_NSMicrophoneUsageDescription = "";
				INFOPLIST_KEY_NSSpeechRecognitionUsageDescription = "You can view feedback on your pronunciation";
				INFOPLIST_KEY_UIApplicationSceneManifest_Generation = YES;
				INFOPLIST_KEY_UIApplicationSupportsIndirectInputEvents = YES;
				INFOPLIST_KEY_UILaunchScreen_Generation = YES;
				INFOPLIST_KEY_UISupportedInterfaceOrientations = UIInterfaceOrientationLandscapeRight;
				IPHONEOS_DEPLOYMENT_TARGET = 15.5;
				LD_RUNPATH_SEARCH_PATHS = (
					"$(inherited)",
					"@executable_path/Frameworks",
				);
				MARKETING_VERSION = 1.0;
				PRODUCT_BUNDLE_IDENTIFIER = "keziaglr.macro-challenge";
				PRODUCT_NAME = "$(TARGET_NAME)";
				SWIFT_EMIT_LOC_STRINGS = YES;
				SWIFT_VERSION = 5.0;
				TARGETED_DEVICE_FAMILY = "1,2";
			};
			name = Release;
		};
/* End XCBuildConfiguration section */

/* Begin XCConfigurationList section */
		AC50DC232ACE5CDF00B9FE1B /* Build configuration list for PBXProject "macro-challenge" */ = {
			isa = XCConfigurationList;
			buildConfigurations = (
				AC50DC342ACE5CE100B9FE1B /* Debug */,
				AC50DC352ACE5CE100B9FE1B /* Release */,
			);
			defaultConfigurationIsVisible = 0;
			defaultConfigurationName = Release;
		};
		AC50DC362ACE5CE100B9FE1B /* Build configuration list for PBXNativeTarget "macro-challenge" */ = {
			isa = XCConfigurationList;
			buildConfigurations = (
				AC50DC372ACE5CE100B9FE1B /* Debug */,
				AC50DC382ACE5CE100B9FE1B /* Release */,
			);
			defaultConfigurationIsVisible = 0;
			defaultConfigurationName = Release;
		};
/* End XCConfigurationList section */

/* Begin XCVersionGroup section */
		744373912B046B09005D62DD /* CoreDataModel.xcdatamodeld */ = {
			isa = XCVersionGroup;
			children = (
				744373922B046B09005D62DD /* CoreDataModel.xcdatamodel */,
			);
			currentVersion = 744373922B046B09005D62DD /* CoreDataModel.xcdatamodel */;
			path = CoreDataModel.xcdatamodeld;
			sourceTree = "<group>";
			versionGroupType = wrapper.xcdatamodel;
		};
/* End XCVersionGroup section */
	};
	rootObject = AC50DC202ACE5CDF00B9FE1B /* Project object */;
}
